
Microsoft Visual Studio Solution File, Format Version 12.00
# Visual Studio Version 18
VisualStudioVersion = 18.0.11205.157 d18.0
MinimumVisualStudioVersion = 10.0.40219.1
Project("{9A19103F-16F7-4668-BE54-9A1E7A4F7556}") = "ttshang.Domain", "src\ttshang.Domain\ttshang.Domain.csproj", "{554AD327-6DBA-4F8F-96F8-81CE7A0C863F}"
EndProject
Project("{9A19103F-16F7-4668-BE54-9A1E7A4F7556}") = "ttshang.Application", "src\ttshang.Application\ttshang.Application.csproj", "{1A94A50E-06DC-43C1-80B5-B662820EC3EB}"
EndProject
Project("{9A19103F-16F7-4668-BE54-9A1E7A4F7556}") = "ttshang.EntityFrameworkCore", "src\ttshang.EntityFrameworkCore\ttshang.EntityFrameworkCore.csproj", "{C956DD76-69C8-4A9C-83EA-D17DF83340FD}"
EndProject
Project("{2150E333-8FDC-42A3-9474-1A3956D46DE8}") = "src", "src", "{CA9AC87F-097E-4F15-8393-4BC07735A5B0}"
EndProject
Project("{9A19103F-16F7-4668-BE54-9A1E7A4F7556}") = "ttshang.Domain.Shared", "src\ttshang.Domain.Shared\ttshang.Domain.Shared.csproj", "{42F719ED-8413-4895-B5B4-5AB56079BC66}"
EndProject
Project("{9A19103F-16F7-4668-BE54-9A1E7A4F7556}") = "ttshang.Application.Contracts", "src\ttshang.Application.Contracts\ttshang.Application.Contracts.csproj", "{520659C8-C734-4298-A3DA-B539DB9DFC0B}"
EndProject
Project("{9A19103F-16F7-4668-BE54-9A1E7A4F7556}") = "ttshang.HttpApi", "src\ttshang.HttpApi\ttshang.HttpApi.csproj", "{4164BDF7-F527-4E85-9CE6-E3C2D7426A27}"
EndProject
Project("{9A19103F-16F7-4668-BE54-9A1E7A4F7556}") = "ttshang.HttpApi.Client", "src\ttshang.HttpApi.Client\ttshang.HttpApi.Client.csproj", "{3B5A0094-670D-4BB1-BFDD-61B88A8773DC}"
EndProject
Project("{9A19103F-16F7-4668-BE54-9A1E7A4F7556}") = "ttshang.DbMigrator", "src\ttshang.DbMigrator\ttshang.DbMigrator.csproj", "{70680696-BB1E-4383-BCB2-42C3767171FB}"
EndProject
Project("{9A19103F-16F7-4668-BE54-9A1E7A4F7556}") = "ttshang.Blazor", "src\ttshang.Blazor\ttshang.Blazor.csproj", "{B260FF0D-EA6D-4853-9967-DD7C999D6A5D}"
EndProject
Project("{2150E333-8FDC-42A3-9474-1A3956D46DE8}") = "modules", "modules", "{CA253913-39DE-BFD0-C9A3-4B7EC6FBDF17}"
EndProject
Project("{2150E333-8FDC-42A3-9474-1A3956D46DE8}") = "Volo.Abp.BasicTheme", "Volo.Abp.BasicTheme", "{DEB92AEC-D759-9AFC-509F-0D05F29DF220}"
EndProject
Project("{FAE04EC0-301F-11D3-BF4B-00C04F79EFBC}") = "Volo.Abp.AspNetCore.Components.Server.BasicTheme", "modules\Volo.Abp.BasicTheme\src\Volo.Abp.AspNetCore.Components.Server.BasicTheme\Volo.Abp.AspNetCore.Components.Server.BasicTheme.csproj", "{1421C7C7-7949-4E6F-BBE0-E9E76DB107E1}"
EndProject
Project("{FAE04EC0-301F-11D3-BF4B-00C04F79EFBC}") = "Volo.Abp.AspNetCore.Components.Web.BasicTheme", "modules\Volo.Abp.BasicTheme\src\Volo.Abp.AspNetCore.Components.Web.BasicTheme\Volo.Abp.AspNetCore.Components.Web.BasicTheme.csproj", "{19DD49E3-E096-4EB1-8A80-590DAC548AF5}"
EndProject
Project("{FAE04EC0-301F-11D3-BF4B-00C04F79EFBC}") = "Volo.Abp.AspNetCore.Components.WebAssembly.BasicTheme", "modules\Volo.Abp.BasicTheme\src\Volo.Abp.AspNetCore.Components.WebAssembly.BasicTheme\Volo.Abp.AspNetCore.Components.WebAssembly.BasicTheme.csproj", "{41E955E3-BF5D-449C-8E72-72C853F23A8F}"
EndProject
Project("{FAE04EC0-301F-11D3-BF4B-00C04F79EFBC}") = "Volo.Abp.AspNetCore.Components.WebAssembly.BasicTheme.Bundling", "modules\Volo.Abp.BasicTheme\src\Volo.Abp.AspNetCore.Components.WebAssembly.BasicTheme.Bundling\Volo.Abp.AspNetCore.Components.WebAssembly.BasicTheme.Bundling.csproj", "{3D63AF92-6327-42CD-85C9-1F154C52185B}"
EndProject
Project("{FAE04EC0-301F-11D3-BF4B-00C04F79EFBC}") = "Volo.Abp.AspNetCore.Mvc.UI.Theme.Basic", "modules\Volo.Abp.BasicTheme\src\Volo.Abp.AspNetCore.Mvc.UI.Theme.Basic\Volo.Abp.AspNetCore.Mvc.UI.Theme.Basic.csproj", "{14E3BB87-EA68-462A-A01F-F5B111790849}"
EndProject
Project("{FAE04EC0-301F-11D3-BF4B-00C04F79EFBC}") = "Volo.Abp.BasicTheme.Installer", "modules\Volo.Abp.BasicTheme\src\Volo.Abp.BasicTheme.Installer\Volo.Abp.BasicTheme.Installer.csproj", "{CD11EE65-B9AB-40EB-90F5-83D8A7BAA6DA}"
EndProject
Project("{2150E333-8FDC-42A3-9474-1A3956D46DE8}") = "Volo.Abp.FeatureManagement", "Volo.Abp.FeatureManagement", "{7C728062-1523-8369-9F85-A3D56A2EEA6B}"
EndProject
Project("{FAE04EC0-301F-11D3-BF4B-00C04F79EFBC}") = "Volo.Abp.FeatureManagement.Application", "modules\Volo.Abp.FeatureManagement\src\Volo.Abp.FeatureManagement.Application\Volo.Abp.FeatureManagement.Application.csproj", "{8CF39C8D-F09F-44E7-AA01-5AF91E0A7ED8}"
EndProject
Project("{FAE04EC0-301F-11D3-BF4B-00C04F79EFBC}") = "Volo.Abp.FeatureManagement.Application.Contracts", "modules\Volo.Abp.FeatureManagement\src\Volo.Abp.FeatureManagement.Application.Contracts\Volo.Abp.FeatureManagement.Application.Contracts.csproj", "{001FB424-64ED-44FF-9F17-80909C1394CA}"
EndProject
Project("{FAE04EC0-301F-11D3-BF4B-00C04F79EFBC}") = "Volo.Abp.FeatureManagement.Domain.Shared", "modules\Volo.Abp.FeatureManagement\src\Volo.Abp.FeatureManagement.Domain.Shared\Volo.Abp.FeatureManagement.Domain.Shared.csproj", "{E174B3B0-92DB-4972-96A2-6C319B2BC7ED}"
EndProject
Project("{FAE04EC0-301F-11D3-BF4B-00C04F79EFBC}") = "Volo.Abp.FeatureManagement.Domain", "modules\Volo.Abp.FeatureManagement\src\Volo.Abp.FeatureManagement.Domain\Volo.Abp.FeatureManagement.Domain.csproj", "{5C647282-7FD6-4E3F-8B15-D7083EB6669D}"
EndProject
Project("{FAE04EC0-301F-11D3-BF4B-00C04F79EFBC}") = "Volo.Abp.FeatureManagement.Blazor", "modules\Volo.Abp.FeatureManagement\src\Volo.Abp.FeatureManagement.Blazor\Volo.Abp.FeatureManagement.Blazor.csproj", "{E93F002A-2367-4509-81C6-053689F860F2}"
EndProject
Project("{FAE04EC0-301F-11D3-BF4B-00C04F79EFBC}") = "Volo.Abp.FeatureManagement.Blazor.Server", "modules\Volo.Abp.FeatureManagement\src\Volo.Abp.FeatureManagement.Blazor.Server\Volo.Abp.FeatureManagement.Blazor.Server.csproj", "{97BF901D-5856-420F-B453-15419F845E11}"
EndProject
Project("{FAE04EC0-301F-11D3-BF4B-00C04F79EFBC}") = "Volo.Abp.FeatureManagement.Blazor.WebAssembly", "modules\Volo.Abp.FeatureManagement\src\Volo.Abp.FeatureManagement.Blazor.WebAssembly\Volo.Abp.FeatureManagement.Blazor.WebAssembly.csproj", "{FA4AE607-530F-4A34-9620-04E217381852}"
EndProject
Project("{FAE04EC0-301F-11D3-BF4B-00C04F79EFBC}") = "Volo.Abp.FeatureManagement.HttpApi.Client", "modules\Volo.Abp.FeatureManagement\src\Volo.Abp.FeatureManagement.HttpApi.Client\Volo.Abp.FeatureManagement.HttpApi.Client.csproj", "{39C98523-68D6-4738-ABAA-182ED9CF35FA}"
EndProject
Project("{FAE04EC0-301F-11D3-BF4B-00C04F79EFBC}") = "Volo.Abp.FeatureManagement.EntityFrameworkCore", "modules\Volo.Abp.FeatureManagement\src\Volo.Abp.FeatureManagement.EntityFrameworkCore\Volo.Abp.FeatureManagement.EntityFrameworkCore.csproj", "{D4D7439B-3C10-47C6-9A8F-0306246DF173}"
EndProject
Project("{FAE04EC0-301F-11D3-BF4B-00C04F79EFBC}") = "Volo.Abp.FeatureManagement.HttpApi", "modules\Volo.Abp.FeatureManagement\src\Volo.Abp.FeatureManagement.HttpApi\Volo.Abp.FeatureManagement.HttpApi.csproj", "{4B13F8DC-F3FB-43CF-8E36-EE373D0A331B}"
EndProject
Project("{FAE04EC0-301F-11D3-BF4B-00C04F79EFBC}") = "Volo.Abp.FeatureManagement.Installer", "modules\Volo.Abp.FeatureManagement\src\Volo.Abp.FeatureManagement.Installer\Volo.Abp.FeatureManagement.Installer.csproj", "{BCCA6FED-D80B-4C44-BCC6-49113639429D}"
EndProject
Project("{FAE04EC0-301F-11D3-BF4B-00C04F79EFBC}") = "Volo.Abp.FeatureManagement.MongoDB", "modules\Volo.Abp.FeatureManagement\src\Volo.Abp.FeatureManagement.MongoDB\Volo.Abp.FeatureManagement.MongoDB.csproj", "{78E64B53-5142-43D0-8218-4F069DC06FED}"
EndProject
Project("{FAE04EC0-301F-11D3-BF4B-00C04F79EFBC}") = "Volo.Abp.FeatureManagement.Web", "modules\Volo.Abp.FeatureManagement\src\Volo.Abp.FeatureManagement.Web\Volo.Abp.FeatureManagement.Web.csproj", "{CF99C40C-257E-4D6F-802F-9F7848BF0490}"
EndProject
Project("{2150E333-8FDC-42A3-9474-1A3956D46DE8}") = "Volo.Abp.Identity", "Volo.Abp.Identity", "{C9F569C6-5586-FF09-8A25-E11B5DB139A7}"
EndProject
Project("{FAE04EC0-301F-11D3-BF4B-00C04F79EFBC}") = "Volo.Abp.Identity.Application", "modules\Volo.Abp.Identity\src\Volo.Abp.Identity.Application\Volo.Abp.Identity.Application.csproj", "{396D7663-5C1E-4CD1-99FE-907BDE89B81C}"
EndProject
Project("{FAE04EC0-301F-11D3-BF4B-00C04F79EFBC}") = "Volo.Abp.Identity.Application.Contracts", "modules\Volo.Abp.Identity\src\Volo.Abp.Identity.Application.Contracts\Volo.Abp.Identity.Application.Contracts.csproj", "{6BFBD34D-A807-4B08-A6B2-37CF7B8F185C}"
EndProject
Project("{FAE04EC0-301F-11D3-BF4B-00C04F79EFBC}") = "Volo.Abp.Identity.Domain.Shared", "modules\Volo.Abp.Identity\src\Volo.Abp.Identity.Domain.Shared\Volo.Abp.Identity.Domain.Shared.csproj", "{A6570647-A9E7-4D94-A074-045141998A05}"
EndProject
Project("{FAE04EC0-301F-11D3-BF4B-00C04F79EFBC}") = "Volo.Abp.Identity.Domain", "modules\Volo.Abp.Identity\src\Volo.Abp.Identity.Domain\Volo.Abp.Identity.Domain.csproj", "{B0414A49-4B78-41EA-8D41-6F85EC4AD0C3}"
EndProject
Project("{FAE04EC0-301F-11D3-BF4B-00C04F79EFBC}") = "Volo.Abp.Identity.AspNetCore", "modules\Volo.Abp.Identity\src\Volo.Abp.Identity.AspNetCore\Volo.Abp.Identity.AspNetCore.csproj", "{22318504-20D0-4626-9D42-E7A69B19DA44}"
EndProject
Project("{FAE04EC0-301F-11D3-BF4B-00C04F79EFBC}") = "Volo.Abp.Identity.Blazor", "modules\Volo.Abp.Identity\src\Volo.Abp.Identity.Blazor\Volo.Abp.Identity.Blazor.csproj", "{72E3C4BB-382E-4B22-A16C-12A2E85683F8}"
EndProject
Project("{FAE04EC0-301F-11D3-BF4B-00C04F79EFBC}") = "Volo.Abp.Identity.Blazor.Server", "modules\Volo.Abp.Identity\src\Volo.Abp.Identity.Blazor.Server\Volo.Abp.Identity.Blazor.Server.csproj", "{7F72989F-9F56-4A56-88B4-EDDDD0B7A2CB}"
EndProject
Project("{FAE04EC0-301F-11D3-BF4B-00C04F79EFBC}") = "Volo.Abp.Identity.Blazor.WebAssembly", "modules\Volo.Abp.Identity\src\Volo.Abp.Identity.Blazor.WebAssembly\Volo.Abp.Identity.Blazor.WebAssembly.csproj", "{3F3DC0C7-038A-4A97-B035-9B2307CFEBE3}"
EndProject
Project("{FAE04EC0-301F-11D3-BF4B-00C04F79EFBC}") = "Volo.Abp.Identity.HttpApi.Client", "modules\Volo.Abp.Identity\src\Volo.Abp.Identity.HttpApi.Client\Volo.Abp.Identity.HttpApi.Client.csproj", "{09059527-3A7F-4F17-8DDE-EB252F0D7595}"
EndProject
Project("{FAE04EC0-301F-11D3-BF4B-00C04F79EFBC}") = "Volo.Abp.Identity.EntityFrameworkCore", "modules\Volo.Abp.Identity\src\Volo.Abp.Identity.EntityFrameworkCore\Volo.Abp.Identity.EntityFrameworkCore.csproj", "{54FC231C-AF59-489A-AD69-E6C1A5360443}"
EndProject
Project("{FAE04EC0-301F-11D3-BF4B-00C04F79EFBC}") = "Volo.Abp.Identity.HttpApi", "modules\Volo.Abp.Identity\src\Volo.Abp.Identity.HttpApi\Volo.Abp.Identity.HttpApi.csproj", "{85193F09-BF97-44CA-B4FD-3B13E2E0B161}"
EndProject
Project("{FAE04EC0-301F-11D3-BF4B-00C04F79EFBC}") = "Volo.Abp.Identity.Installer", "modules\Volo.Abp.Identity\src\Volo.Abp.Identity.Installer\Volo.Abp.Identity.Installer.csproj", "{2D2A6397-E32E-4DA4-932C-D32553EAF337}"
EndProject
Project("{FAE04EC0-301F-11D3-BF4B-00C04F79EFBC}") = "Volo.Abp.Identity.MongoDB", "modules\Volo.Abp.Identity\src\Volo.Abp.Identity.MongoDB\Volo.Abp.Identity.MongoDB.csproj", "{937FE755-0142-4447-9B58-42279D6127F8}"
EndProject
Project("{FAE04EC0-301F-11D3-BF4B-00C04F79EFBC}") = "Volo.Abp.Identity.Web", "modules\Volo.Abp.Identity\src\Volo.Abp.Identity.Web\Volo.Abp.Identity.Web.csproj", "{F31B5EE8-2A16-45D1-979F-ED9434747791}"
EndProject
Project("{FAE04EC0-301F-11D3-BF4B-00C04F79EFBC}") = "Volo.Abp.PermissionManagement.Domain.Identity", "modules\Volo.Abp.Identity\src\Volo.Abp.PermissionManagement.Domain.Identity\Volo.Abp.PermissionManagement.Domain.Identity.csproj", "{95EE2F43-2349-41C6-84C3-01F540105D01}"
EndProject
Project("{2150E333-8FDC-42A3-9474-1A3956D46DE8}") = "Volo.Abp.SettingManagement", "Volo.Abp.SettingManagement", "{3D4A57F3-DECC-0220-00BB-52D409603F0B}"
EndProject
Project("{FAE04EC0-301F-11D3-BF4B-00C04F79EFBC}") = "Volo.Abp.SettingManagement.Application", "modules\Volo.Abp.SettingManagement\src\Volo.Abp.SettingManagement.Application\Volo.Abp.SettingManagement.Application.csproj", "{E36D9D13-8FCE-4DDC-8E9C-0979AB3FA322}"
EndProject
Project("{FAE04EC0-301F-11D3-BF4B-00C04F79EFBC}") = "Volo.Abp.SettingManagement.Application.Contracts", "modules\Volo.Abp.SettingManagement\src\Volo.Abp.SettingManagement.Application.Contracts\Volo.Abp.SettingManagement.Application.Contracts.csproj", "{35642684-0D54-487D-9BB6-180CAB2B75AA}"
EndProject
Project("{FAE04EC0-301F-11D3-BF4B-00C04F79EFBC}") = "Volo.Abp.SettingManagement.Domain.Shared", "modules\Volo.Abp.SettingManagement\src\Volo.Abp.SettingManagement.Domain.Shared\Volo.Abp.SettingManagement.Domain.Shared.csproj", "{A0B59F5D-FE10-4850-A57C-0D45245F4494}"
EndProject
Project("{FAE04EC0-301F-11D3-BF4B-00C04F79EFBC}") = "Volo.Abp.SettingManagement.Domain", "modules\Volo.Abp.SettingManagement\src\Volo.Abp.SettingManagement.Domain\Volo.Abp.SettingManagement.Domain.csproj", "{EE71982A-C0B8-47F4-BCA1-2C6289608FD4}"
EndProject
Project("{FAE04EC0-301F-11D3-BF4B-00C04F79EFBC}") = "Volo.Abp.SettingManagement.Blazor", "modules\Volo.Abp.SettingManagement\src\Volo.Abp.SettingManagement.Blazor\Volo.Abp.SettingManagement.Blazor.csproj", "{A574EABB-97A9-4E5F-AB21-2FB045450739}"
EndProject
Project("{FAE04EC0-301F-11D3-BF4B-00C04F79EFBC}") = "Volo.Abp.SettingManagement.Blazor.Server", "modules\Volo.Abp.SettingManagement\src\Volo.Abp.SettingManagement.Blazor.Server\Volo.Abp.SettingManagement.Blazor.Server.csproj", "{BDFB278C-4996-44E6-9C75-1C2FD1FEFFAC}"
EndProject
Project("{FAE04EC0-301F-11D3-BF4B-00C04F79EFBC}") = "Volo.Abp.SettingManagement.Blazor.WebAssembly", "modules\Volo.Abp.SettingManagement\src\Volo.Abp.SettingManagement.Blazor.WebAssembly\Volo.Abp.SettingManagement.Blazor.WebAssembly.csproj", "{000940EC-8C35-4B40-85C3-99FCB6AFB86F}"
EndProject
Project("{FAE04EC0-301F-11D3-BF4B-00C04F79EFBC}") = "Volo.Abp.SettingManagement.HttpApi.Client", "modules\Volo.Abp.SettingManagement\src\Volo.Abp.SettingManagement.HttpApi.Client\Volo.Abp.SettingManagement.HttpApi.Client.csproj", "{7EDE39C1-15C1-4101-9249-8147B24B196E}"
EndProject
Project("{FAE04EC0-301F-11D3-BF4B-00C04F79EFBC}") = "Volo.Abp.SettingManagement.EntityFrameworkCore", "modules\Volo.Abp.SettingManagement\src\Volo.Abp.SettingManagement.EntityFrameworkCore\Volo.Abp.SettingManagement.EntityFrameworkCore.csproj", "{9C6A7125-6D81-4B8F-8F64-7C5EF4E62877}"
EndProject
Project("{FAE04EC0-301F-11D3-BF4B-00C04F79EFBC}") = "Volo.Abp.SettingManagement.HttpApi", "modules\Volo.Abp.SettingManagement\src\Volo.Abp.SettingManagement.HttpApi\Volo.Abp.SettingManagement.HttpApi.csproj", "{28E1F462-8A99-4B25-9ABF-CF0C2DB0100E}"
EndProject
Project("{FAE04EC0-301F-11D3-BF4B-00C04F79EFBC}") = "Volo.Abp.SettingManagement.Installer", "modules\Volo.Abp.SettingManagement\src\Volo.Abp.SettingManagement.Installer\Volo.Abp.SettingManagement.Installer.csproj", "{7490739D-1628-490C-97E3-ED44E84057E1}"
EndProject
Project("{FAE04EC0-301F-11D3-BF4B-00C04F79EFBC}") = "Volo.Abp.SettingManagement.MongoDB", "modules\Volo.Abp.SettingManagement\src\Volo.Abp.SettingManagement.MongoDB\Volo.Abp.SettingManagement.MongoDB.csproj", "{1C6F1522-2969-45FE-B718-D774910B3962}"
EndProject
Project("{FAE04EC0-301F-11D3-BF4B-00C04F79EFBC}") = "Volo.Abp.SettingManagement.Web", "modules\Volo.Abp.SettingManagement\src\Volo.Abp.SettingManagement.Web\Volo.Abp.SettingManagement.Web.csproj", "{D77C095B-57C2-4EB3-BA8E-3D4F98B26DCA}"
EndProject
Project("{2150E333-8FDC-42A3-9474-1A3956D46DE8}") = "Volo.Abp.TenantManagement", "Volo.Abp.TenantManagement", "{3139CAC8-1E43-37B5-3007-1BC13D97B002}"
EndProject
Project("{FAE04EC0-301F-11D3-BF4B-00C04F79EFBC}") = "Volo.Abp.TenantManagement.Application", "modules\Volo.Abp.TenantManagement\src\Volo.Abp.TenantManagement.Application\Volo.Abp.TenantManagement.Application.csproj", "{ED47E405-21AC-457A-823F-EF6C30D1AF50}"
EndProject
Project("{FAE04EC0-301F-11D3-BF4B-00C04F79EFBC}") = "Volo.Abp.TenantManagement.Application.Contracts", "modules\Volo.Abp.TenantManagement\src\Volo.Abp.TenantManagement.Application.Contracts\Volo.Abp.TenantManagement.Application.Contracts.csproj", "{52231ED7-8838-464F-A9B0-5774C28660E2}"
EndProject
Project("{FAE04EC0-301F-11D3-BF4B-00C04F79EFBC}") = "Volo.Abp.TenantManagement.Domain.Shared", "modules\Volo.Abp.TenantManagement\src\Volo.Abp.TenantManagement.Domain.Shared\Volo.Abp.TenantManagement.Domain.Shared.csproj", "{589D67C9-D00D-4AB7-A2B6-9E5E25203C01}"
EndProject
Project("{FAE04EC0-301F-11D3-BF4B-00C04F79EFBC}") = "Volo.Abp.TenantManagement.Domain", "modules\Volo.Abp.TenantManagement\src\Volo.Abp.TenantManagement.Domain\Volo.Abp.TenantManagement.Domain.csproj", "{7D80321D-A4C6-47E9-A56D-EAF752C6DBE7}"
EndProject
Project("{FAE04EC0-301F-11D3-BF4B-00C04F79EFBC}") = "Volo.Abp.TenantManagement.Blazor", "modules\Volo.Abp.TenantManagement\src\Volo.Abp.TenantManagement.Blazor\Volo.Abp.TenantManagement.Blazor.csproj", "{DB27FA84-4AAD-49E1-9B2E-E9EDBEB666DC}"
EndProject
Project("{FAE04EC0-301F-11D3-BF4B-00C04F79EFBC}") = "Volo.Abp.TenantManagement.Blazor.Server", "modules\Volo.Abp.TenantManagement\src\Volo.Abp.TenantManagement.Blazor.Server\Volo.Abp.TenantManagement.Blazor.Server.csproj", "{C67E33BD-BAD5-427C-9657-DF26843639FD}"
EndProject
Project("{FAE04EC0-301F-11D3-BF4B-00C04F79EFBC}") = "Volo.Abp.TenantManagement.Blazor.WebAssembly", "modules\Volo.Abp.TenantManagement\src\Volo.Abp.TenantManagement.Blazor.WebAssembly\Volo.Abp.TenantManagement.Blazor.WebAssembly.csproj", "{72070E73-1CD9-4773-94FC-361E28F677A0}"
EndProject
Project("{FAE04EC0-301F-11D3-BF4B-00C04F79EFBC}") = "Volo.Abp.TenantManagement.HttpApi.Client", "modules\Volo.Abp.TenantManagement\src\Volo.Abp.TenantManagement.HttpApi.Client\Volo.Abp.TenantManagement.HttpApi.Client.csproj", "{3ECE55AC-31A0-40DB-9469-0CE55E72D0B5}"
EndProject
Project("{FAE04EC0-301F-11D3-BF4B-00C04F79EFBC}") = "Volo.Abp.TenantManagement.EntityFrameworkCore", "modules\Volo.Abp.TenantManagement\src\Volo.Abp.TenantManagement.EntityFrameworkCore\Volo.Abp.TenantManagement.EntityFrameworkCore.csproj", "{AC6D24B1-C25D-4DFC-93FA-FE66207979FD}"
EndProject
Project("{FAE04EC0-301F-11D3-BF4B-00C04F79EFBC}") = "Volo.Abp.TenantManagement.HttpApi", "modules\Volo.Abp.TenantManagement\src\Volo.Abp.TenantManagement.HttpApi\Volo.Abp.TenantManagement.HttpApi.csproj", "{D2AE799B-B8E6-4978-9D53-1628E0A9D4AA}"
EndProject
Project("{FAE04EC0-301F-11D3-BF4B-00C04F79EFBC}") = "Volo.Abp.TenantManagement.Installer", "modules\Volo.Abp.TenantManagement\src\Volo.Abp.TenantManagement.Installer\Volo.Abp.TenantManagement.Installer.csproj", "{EEF6B5E3-2A36-42E8-A0FE-FDB7F482722F}"
EndProject
Project("{FAE04EC0-301F-11D3-BF4B-00C04F79EFBC}") = "Volo.Abp.TenantManagement.MongoDB", "modules\Volo.Abp.TenantManagement\src\Volo.Abp.TenantManagement.MongoDB\Volo.Abp.TenantManagement.MongoDB.csproj", "{FD0AF29A-70FE-4510-81C5-ECD3C7582B13}"
EndProject
Project("{FAE04EC0-301F-11D3-BF4B-00C04F79EFBC}") = "Volo.Abp.TenantManagement.Web", "modules\Volo.Abp.TenantManagement\src\Volo.Abp.TenantManagement.Web\Volo.Abp.TenantManagement.Web.csproj", "{FA6C6ACF-8694-40D6-8A4B-DB52A6658D5B}"
EndProject
Global
	GlobalSection(SolutionConfigurationPlatforms) = preSolution
		Debug|Any CPU = Debug|Any CPU
		Debug|x64 = Debug|x64
		Debug|x86 = Debug|x86
		Release|Any CPU = Release|Any CPU
		Release|x64 = Release|x64
		Release|x86 = Release|x86
	EndGlobalSection
	GlobalSection(ProjectConfigurationPlatforms) = postSolution
		{554AD327-6DBA-4F8F-96F8-81CE7A0C863F}.Debug|Any CPU.ActiveCfg = Debug|Any CPU
		{554AD327-6DBA-4F8F-96F8-81CE7A0C863F}.Debug|Any CPU.Build.0 = Debug|Any CPU
		{554AD327-6DBA-4F8F-96F8-81CE7A0C863F}.Debug|x64.ActiveCfg = Debug|Any CPU
		{554AD327-6DBA-4F8F-96F8-81CE7A0C863F}.Debug|x64.Build.0 = Debug|Any CPU
		{554AD327-6DBA-4F8F-96F8-81CE7A0C863F}.Debug|x86.ActiveCfg = Debug|Any CPU
		{554AD327-6DBA-4F8F-96F8-81CE7A0C863F}.Debug|x86.Build.0 = Debug|Any CPU
		{554AD327-6DBA-4F8F-96F8-81CE7A0C863F}.Release|Any CPU.ActiveCfg = Release|Any CPU
		{554AD327-6DBA-4F8F-96F8-81CE7A0C863F}.Release|Any CPU.Build.0 = Release|Any CPU
		{554AD327-6DBA-4F8F-96F8-81CE7A0C863F}.Release|x64.ActiveCfg = Release|Any CPU
		{554AD327-6DBA-4F8F-96F8-81CE7A0C863F}.Release|x64.Build.0 = Release|Any CPU
		{554AD327-6DBA-4F8F-96F8-81CE7A0C863F}.Release|x86.ActiveCfg = Release|Any CPU
		{554AD327-6DBA-4F8F-96F8-81CE7A0C863F}.Release|x86.Build.0 = Release|Any CPU
		{1A94A50E-06DC-43C1-80B5-B662820EC3EB}.Debug|Any CPU.ActiveCfg = Debug|Any CPU
		{1A94A50E-06DC-43C1-80B5-B662820EC3EB}.Debug|Any CPU.Build.0 = Debug|Any CPU
		{1A94A50E-06DC-43C1-80B5-B662820EC3EB}.Debug|x64.ActiveCfg = Debug|Any CPU
		{1A94A50E-06DC-43C1-80B5-B662820EC3EB}.Debug|x64.Build.0 = Debug|Any CPU
		{1A94A50E-06DC-43C1-80B5-B662820EC3EB}.Debug|x86.ActiveCfg = Debug|Any CPU
		{1A94A50E-06DC-43C1-80B5-B662820EC3EB}.Debug|x86.Build.0 = Debug|Any CPU
		{1A94A50E-06DC-43C1-80B5-B662820EC3EB}.Release|Any CPU.ActiveCfg = Release|Any CPU
		{1A94A50E-06DC-43C1-80B5-B662820EC3EB}.Release|Any CPU.Build.0 = Release|Any CPU
		{1A94A50E-06DC-43C1-80B5-B662820EC3EB}.Release|x64.ActiveCfg = Release|Any CPU
		{1A94A50E-06DC-43C1-80B5-B662820EC3EB}.Release|x64.Build.0 = Release|Any CPU
		{1A94A50E-06DC-43C1-80B5-B662820EC3EB}.Release|x86.ActiveCfg = Release|Any CPU
		{1A94A50E-06DC-43C1-80B5-B662820EC3EB}.Release|x86.Build.0 = Release|Any CPU
		{C956DD76-69C8-4A9C-83EA-D17DF83340FD}.Debug|Any CPU.ActiveCfg = Debug|Any CPU
		{C956DD76-69C8-4A9C-83EA-D17DF83340FD}.Debug|Any CPU.Build.0 = Debug|Any CPU
		{C956DD76-69C8-4A9C-83EA-D17DF83340FD}.Debug|x64.ActiveCfg = Debug|Any CPU
		{C956DD76-69C8-4A9C-83EA-D17DF83340FD}.Debug|x64.Build.0 = Debug|Any CPU
		{C956DD76-69C8-4A9C-83EA-D17DF83340FD}.Debug|x86.ActiveCfg = Debug|Any CPU
		{C956DD76-69C8-4A9C-83EA-D17DF83340FD}.Debug|x86.Build.0 = Debug|Any CPU
		{C956DD76-69C8-4A9C-83EA-D17DF83340FD}.Release|Any CPU.ActiveCfg = Release|Any CPU
		{C956DD76-69C8-4A9C-83EA-D17DF83340FD}.Release|Any CPU.Build.0 = Release|Any CPU
		{C956DD76-69C8-4A9C-83EA-D17DF83340FD}.Release|x64.ActiveCfg = Release|Any CPU
		{C956DD76-69C8-4A9C-83EA-D17DF83340FD}.Release|x64.Build.0 = Release|Any CPU
		{C956DD76-69C8-4A9C-83EA-D17DF83340FD}.Release|x86.ActiveCfg = Release|Any CPU
		{C956DD76-69C8-4A9C-83EA-D17DF83340FD}.Release|x86.Build.0 = Release|Any CPU
		{42F719ED-8413-4895-B5B4-5AB56079BC66}.Debug|Any CPU.ActiveCfg = Debug|Any CPU
		{42F719ED-8413-4895-B5B4-5AB56079BC66}.Debug|Any CPU.Build.0 = Debug|Any CPU
		{42F719ED-8413-4895-B5B4-5AB56079BC66}.Debug|x64.ActiveCfg = Debug|Any CPU
		{42F719ED-8413-4895-B5B4-5AB56079BC66}.Debug|x64.Build.0 = Debug|Any CPU
		{42F719ED-8413-4895-B5B4-5AB56079BC66}.Debug|x86.ActiveCfg = Debug|Any CPU
		{42F719ED-8413-4895-B5B4-5AB56079BC66}.Debug|x86.Build.0 = Debug|Any CPU
		{42F719ED-8413-4895-B5B4-5AB56079BC66}.Release|Any CPU.ActiveCfg = Release|Any CPU
		{42F719ED-8413-4895-B5B4-5AB56079BC66}.Release|Any CPU.Build.0 = Release|Any CPU
		{42F719ED-8413-4895-B5B4-5AB56079BC66}.Release|x64.ActiveCfg = Release|Any CPU
		{42F719ED-8413-4895-B5B4-5AB56079BC66}.Release|x64.Build.0 = Release|Any CPU
		{42F719ED-8413-4895-B5B4-5AB56079BC66}.Release|x86.ActiveCfg = Release|Any CPU
		{42F719ED-8413-4895-B5B4-5AB56079BC66}.Release|x86.Build.0 = Release|Any CPU
		{520659C8-C734-4298-A3DA-B539DB9DFC0B}.Debug|Any CPU.ActiveCfg = Debug|Any CPU
		{520659C8-C734-4298-A3DA-B539DB9DFC0B}.Debug|Any CPU.Build.0 = Debug|Any CPU
		{520659C8-C734-4298-A3DA-B539DB9DFC0B}.Debug|x64.ActiveCfg = Debug|Any CPU
		{520659C8-C734-4298-A3DA-B539DB9DFC0B}.Debug|x64.Build.0 = Debug|Any CPU
		{520659C8-C734-4298-A3DA-B539DB9DFC0B}.Debug|x86.ActiveCfg = Debug|Any CPU
		{520659C8-C734-4298-A3DA-B539DB9DFC0B}.Debug|x86.Build.0 = Debug|Any CPU
		{520659C8-C734-4298-A3DA-B539DB9DFC0B}.Release|Any CPU.ActiveCfg = Release|Any CPU
		{520659C8-C734-4298-A3DA-B539DB9DFC0B}.Release|Any CPU.Build.0 = Release|Any CPU
		{520659C8-C734-4298-A3DA-B539DB9DFC0B}.Release|x64.ActiveCfg = Release|Any CPU
		{520659C8-C734-4298-A3DA-B539DB9DFC0B}.Release|x64.Build.0 = Release|Any CPU
		{520659C8-C734-4298-A3DA-B539DB9DFC0B}.Release|x86.ActiveCfg = Release|Any CPU
		{520659C8-C734-4298-A3DA-B539DB9DFC0B}.Release|x86.Build.0 = Release|Any CPU
		{4164BDF7-F527-4E85-9CE6-E3C2D7426A27}.Debug|Any CPU.ActiveCfg = Debug|Any CPU
		{4164BDF7-F527-4E85-9CE6-E3C2D7426A27}.Debug|Any CPU.Build.0 = Debug|Any CPU
		{4164BDF7-F527-4E85-9CE6-E3C2D7426A27}.Debug|x64.ActiveCfg = Debug|Any CPU
		{4164BDF7-F527-4E85-9CE6-E3C2D7426A27}.Debug|x64.Build.0 = Debug|Any CPU
		{4164BDF7-F527-4E85-9CE6-E3C2D7426A27}.Debug|x86.ActiveCfg = Debug|Any CPU
		{4164BDF7-F527-4E85-9CE6-E3C2D7426A27}.Debug|x86.Build.0 = Debug|Any CPU
		{4164BDF7-F527-4E85-9CE6-E3C2D7426A27}.Release|Any CPU.ActiveCfg = Release|Any CPU
		{4164BDF7-F527-4E85-9CE6-E3C2D7426A27}.Release|Any CPU.Build.0 = Release|Any CPU
		{4164BDF7-F527-4E85-9CE6-E3C2D7426A27}.Release|x64.ActiveCfg = Release|Any CPU
		{4164BDF7-F527-4E85-9CE6-E3C2D7426A27}.Release|x64.Build.0 = Release|Any CPU
		{4164BDF7-F527-4E85-9CE6-E3C2D7426A27}.Release|x86.ActiveCfg = Release|Any CPU
		{4164BDF7-F527-4E85-9CE6-E3C2D7426A27}.Release|x86.Build.0 = Release|Any CPU
		{3B5A0094-670D-4BB1-BFDD-61B88A8773DC}.Debug|Any CPU.ActiveCfg = Debug|Any CPU
		{3B5A0094-670D-4BB1-BFDD-61B88A8773DC}.Debug|Any CPU.Build.0 = Debug|Any CPU
		{3B5A0094-670D-4BB1-BFDD-61B88A8773DC}.Debug|x64.ActiveCfg = Debug|Any CPU
		{3B5A0094-670D-4BB1-BFDD-61B88A8773DC}.Debug|x64.Build.0 = Debug|Any CPU
		{3B5A0094-670D-4BB1-BFDD-61B88A8773DC}.Debug|x86.ActiveCfg = Debug|Any CPU
		{3B5A0094-670D-4BB1-BFDD-61B88A8773DC}.Debug|x86.Build.0 = Debug|Any CPU
		{3B5A0094-670D-4BB1-BFDD-61B88A8773DC}.Release|Any CPU.ActiveCfg = Release|Any CPU
		{3B5A0094-670D-4BB1-BFDD-61B88A8773DC}.Release|Any CPU.Build.0 = Release|Any CPU
		{3B5A0094-670D-4BB1-BFDD-61B88A8773DC}.Release|x64.ActiveCfg = Release|Any CPU
		{3B5A0094-670D-4BB1-BFDD-61B88A8773DC}.Release|x64.Build.0 = Release|Any CPU
		{3B5A0094-670D-4BB1-BFDD-61B88A8773DC}.Release|x86.ActiveCfg = Release|Any CPU
		{3B5A0094-670D-4BB1-BFDD-61B88A8773DC}.Release|x86.Build.0 = Release|Any CPU
		{70680696-BB1E-4383-BCB2-42C3767171FB}.Debug|Any CPU.ActiveCfg = Debug|Any CPU
		{70680696-BB1E-4383-BCB2-42C3767171FB}.Debug|Any CPU.Build.0 = Debug|Any CPU
		{70680696-BB1E-4383-BCB2-42C3767171FB}.Debug|x64.ActiveCfg = Debug|Any CPU
		{70680696-BB1E-4383-BCB2-42C3767171FB}.Debug|x64.Build.0 = Debug|Any CPU
		{70680696-BB1E-4383-BCB2-42C3767171FB}.Debug|x86.ActiveCfg = Debug|Any CPU
		{70680696-BB1E-4383-BCB2-42C3767171FB}.Debug|x86.Build.0 = Debug|Any CPU
		{70680696-BB1E-4383-BCB2-42C3767171FB}.Release|Any CPU.ActiveCfg = Release|Any CPU
		{70680696-BB1E-4383-BCB2-42C3767171FB}.Release|Any CPU.Build.0 = Release|Any CPU
		{70680696-BB1E-4383-BCB2-42C3767171FB}.Release|x64.ActiveCfg = Release|Any CPU
		{70680696-BB1E-4383-BCB2-42C3767171FB}.Release|x64.Build.0 = Release|Any CPU
		{70680696-BB1E-4383-BCB2-42C3767171FB}.Release|x86.ActiveCfg = Release|Any CPU
		{70680696-BB1E-4383-BCB2-42C3767171FB}.Release|x86.Build.0 = Release|Any CPU
		{B260FF0D-EA6D-4853-9967-DD7C999D6A5D}.Debug|Any CPU.ActiveCfg = Debug|Any CPU
		{B260FF0D-EA6D-4853-9967-DD7C999D6A5D}.Debug|Any CPU.Build.0 = Debug|Any CPU
		{B260FF0D-EA6D-4853-9967-DD7C999D6A5D}.Debug|x64.ActiveCfg = Debug|Any CPU
		{B260FF0D-EA6D-4853-9967-DD7C999D6A5D}.Debug|x64.Build.0 = Debug|Any CPU
		{B260FF0D-EA6D-4853-9967-DD7C999D6A5D}.Debug|x86.ActiveCfg = Debug|Any CPU
		{B260FF0D-EA6D-4853-9967-DD7C999D6A5D}.Debug|x86.Build.0 = Debug|Any CPU
		{B260FF0D-EA6D-4853-9967-DD7C999D6A5D}.Release|Any CPU.ActiveCfg = Release|Any CPU
		{B260FF0D-EA6D-4853-9967-DD7C999D6A5D}.Release|Any CPU.Build.0 = Release|Any CPU
		{B260FF0D-EA6D-4853-9967-DD7C999D6A5D}.Release|x64.ActiveCfg = Release|Any CPU
		{B260FF0D-EA6D-4853-9967-DD7C999D6A5D}.Release|x64.Build.0 = Release|Any CPU
		{B260FF0D-EA6D-4853-9967-DD7C999D6A5D}.Release|x86.ActiveCfg = Release|Any CPU
		{B260FF0D-EA6D-4853-9967-DD7C999D6A5D}.Release|x86.Build.0 = Release|Any CPU
		{1421C7C7-7949-4E6F-BBE0-E9E76DB107E1}.Debug|Any CPU.ActiveCfg = Debug|Any CPU
		{1421C7C7-7949-4E6F-BBE0-E9E76DB107E1}.Debug|Any CPU.Build.0 = Debug|Any CPU
		{1421C7C7-7949-4E6F-BBE0-E9E76DB107E1}.Debug|x64.ActiveCfg = Debug|Any CPU
		{1421C7C7-7949-4E6F-BBE0-E9E76DB107E1}.Debug|x64.Build.0 = Debug|Any CPU
		{1421C7C7-7949-4E6F-BBE0-E9E76DB107E1}.Debug|x86.ActiveCfg = Debug|Any CPU
		{1421C7C7-7949-4E6F-BBE0-E9E76DB107E1}.Debug|x86.Build.0 = Debug|Any CPU
		{1421C7C7-7949-4E6F-BBE0-E9E76DB107E1}.Release|Any CPU.ActiveCfg = Release|Any CPU
		{1421C7C7-7949-4E6F-BBE0-E9E76DB107E1}.Release|Any CPU.Build.0 = Release|Any CPU
		{1421C7C7-7949-4E6F-BBE0-E9E76DB107E1}.Release|x64.ActiveCfg = Release|Any CPU
		{1421C7C7-7949-4E6F-BBE0-E9E76DB107E1}.Release|x64.Build.0 = Release|Any CPU
		{1421C7C7-7949-4E6F-BBE0-E9E76DB107E1}.Release|x86.ActiveCfg = Release|Any CPU
		{1421C7C7-7949-4E6F-BBE0-E9E76DB107E1}.Release|x86.Build.0 = Release|Any CPU
		{19DD49E3-E096-4EB1-8A80-590DAC548AF5}.Debug|Any CPU.ActiveCfg = Debug|Any CPU
		{19DD49E3-E096-4EB1-8A80-590DAC548AF5}.Debug|Any CPU.Build.0 = Debug|Any CPU
		{19DD49E3-E096-4EB1-8A80-590DAC548AF5}.Debug|x64.ActiveCfg = Debug|Any CPU
		{19DD49E3-E096-4EB1-8A80-590DAC548AF5}.Debug|x64.Build.0 = Debug|Any CPU
		{19DD49E3-E096-4EB1-8A80-590DAC548AF5}.Debug|x86.ActiveCfg = Debug|Any CPU
		{19DD49E3-E096-4EB1-8A80-590DAC548AF5}.Debug|x86.Build.0 = Debug|Any CPU
		{19DD49E3-E096-4EB1-8A80-590DAC548AF5}.Release|Any CPU.ActiveCfg = Release|Any CPU
		{19DD49E3-E096-4EB1-8A80-590DAC548AF5}.Release|Any CPU.Build.0 = Release|Any CPU
		{19DD49E3-E096-4EB1-8A80-590DAC548AF5}.Release|x64.ActiveCfg = Release|Any CPU
		{19DD49E3-E096-4EB1-8A80-590DAC548AF5}.Release|x64.Build.0 = Release|Any CPU
		{19DD49E3-E096-4EB1-8A80-590DAC548AF5}.Release|x86.ActiveCfg = Release|Any CPU
		{19DD49E3-E096-4EB1-8A80-590DAC548AF5}.Release|x86.Build.0 = Release|Any CPU
		{41E955E3-BF5D-449C-8E72-72C853F23A8F}.Debug|Any CPU.ActiveCfg = Debug|Any CPU
		{41E955E3-BF5D-449C-8E72-72C853F23A8F}.Debug|Any CPU.Build.0 = Debug|Any CPU
		{41E955E3-BF5D-449C-8E72-72C853F23A8F}.Debug|x64.ActiveCfg = Debug|Any CPU
		{41E955E3-BF5D-449C-8E72-72C853F23A8F}.Debug|x64.Build.0 = Debug|Any CPU
		{41E955E3-BF5D-449C-8E72-72C853F23A8F}.Debug|x86.ActiveCfg = Debug|Any CPU
		{41E955E3-BF5D-449C-8E72-72C853F23A8F}.Debug|x86.Build.0 = Debug|Any CPU
		{41E955E3-BF5D-449C-8E72-72C853F23A8F}.Release|Any CPU.ActiveCfg = Release|Any CPU
		{41E955E3-BF5D-449C-8E72-72C853F23A8F}.Release|Any CPU.Build.0 = Release|Any CPU
		{41E955E3-BF5D-449C-8E72-72C853F23A8F}.Release|x64.ActiveCfg = Release|Any CPU
		{41E955E3-BF5D-449C-8E72-72C853F23A8F}.Release|x64.Build.0 = Release|Any CPU
		{41E955E3-BF5D-449C-8E72-72C853F23A8F}.Release|x86.ActiveCfg = Release|Any CPU
		{41E955E3-BF5D-449C-8E72-72C853F23A8F}.Release|x86.Build.0 = Release|Any CPU
		{3D63AF92-6327-42CD-85C9-1F154C52185B}.Debug|Any CPU.ActiveCfg = Debug|Any CPU
		{3D63AF92-6327-42CD-85C9-1F154C52185B}.Debug|Any CPU.Build.0 = Debug|Any CPU
		{3D63AF92-6327-42CD-85C9-1F154C52185B}.Debug|x64.ActiveCfg = Debug|Any CPU
		{3D63AF92-6327-42CD-85C9-1F154C52185B}.Debug|x64.Build.0 = Debug|Any CPU
		{3D63AF92-6327-42CD-85C9-1F154C52185B}.Debug|x86.ActiveCfg = Debug|Any CPU
		{3D63AF92-6327-42CD-85C9-1F154C52185B}.Debug|x86.Build.0 = Debug|Any CPU
		{3D63AF92-6327-42CD-85C9-1F154C52185B}.Release|Any CPU.ActiveCfg = Release|Any CPU
		{3D63AF92-6327-42CD-85C9-1F154C52185B}.Release|Any CPU.Build.0 = Release|Any CPU
		{3D63AF92-6327-42CD-85C9-1F154C52185B}.Release|x64.ActiveCfg = Release|Any CPU
		{3D63AF92-6327-42CD-85C9-1F154C52185B}.Release|x64.Build.0 = Release|Any CPU
		{3D63AF92-6327-42CD-85C9-1F154C52185B}.Release|x86.ActiveCfg = Release|Any CPU
		{3D63AF92-6327-42CD-85C9-1F154C52185B}.Release|x86.Build.0 = Release|Any CPU
		{14E3BB87-EA68-462A-A01F-F5B111790849}.Debug|Any CPU.ActiveCfg = Debug|Any CPU
		{14E3BB87-EA68-462A-A01F-F5B111790849}.Debug|Any CPU.Build.0 = Debug|Any CPU
		{14E3BB87-EA68-462A-A01F-F5B111790849}.Debug|x64.ActiveCfg = Debug|Any CPU
		{14E3BB87-EA68-462A-A01F-F5B111790849}.Debug|x64.Build.0 = Debug|Any CPU
		{14E3BB87-EA68-462A-A01F-F5B111790849}.Debug|x86.ActiveCfg = Debug|Any CPU
		{14E3BB87-EA68-462A-A01F-F5B111790849}.Debug|x86.Build.0 = Debug|Any CPU
		{14E3BB87-EA68-462A-A01F-F5B111790849}.Release|Any CPU.ActiveCfg = Release|Any CPU
		{14E3BB87-EA68-462A-A01F-F5B111790849}.Release|Any CPU.Build.0 = Release|Any CPU
		{14E3BB87-EA68-462A-A01F-F5B111790849}.Release|x64.ActiveCfg = Release|Any CPU
		{14E3BB87-EA68-462A-A01F-F5B111790849}.Release|x64.Build.0 = Release|Any CPU
		{14E3BB87-EA68-462A-A01F-F5B111790849}.Release|x86.ActiveCfg = Release|Any CPU
		{14E3BB87-EA68-462A-A01F-F5B111790849}.Release|x86.Build.0 = Release|Any CPU
		{CD11EE65-B9AB-40EB-90F5-83D8A7BAA6DA}.Debug|Any CPU.ActiveCfg = Debug|Any CPU
		{CD11EE65-B9AB-40EB-90F5-83D8A7BAA6DA}.Debug|Any CPU.Build.0 = Debug|Any CPU
		{CD11EE65-B9AB-40EB-90F5-83D8A7BAA6DA}.Debug|x64.ActiveCfg = Debug|Any CPU
		{CD11EE65-B9AB-40EB-90F5-83D8A7BAA6DA}.Debug|x64.Build.0 = Debug|Any CPU
		{CD11EE65-B9AB-40EB-90F5-83D8A7BAA6DA}.Debug|x86.ActiveCfg = Debug|Any CPU
		{CD11EE65-B9AB-40EB-90F5-83D8A7BAA6DA}.Debug|x86.Build.0 = Debug|Any CPU
		{CD11EE65-B9AB-40EB-90F5-83D8A7BAA6DA}.Release|Any CPU.ActiveCfg = Release|Any CPU
		{CD11EE65-B9AB-40EB-90F5-83D8A7BAA6DA}.Release|Any CPU.Build.0 = Release|Any CPU
		{CD11EE65-B9AB-40EB-90F5-83D8A7BAA6DA}.Release|x64.ActiveCfg = Release|Any CPU
		{CD11EE65-B9AB-40EB-90F5-83D8A7BAA6DA}.Release|x64.Build.0 = Release|Any CPU
		{CD11EE65-B9AB-40EB-90F5-83D8A7BAA6DA}.Release|x86.ActiveCfg = Release|Any CPU
		{CD11EE65-B9AB-40EB-90F5-83D8A7BAA6DA}.Release|x86.Build.0 = Release|Any CPU
		{8CF39C8D-F09F-44E7-AA01-5AF91E0A7ED8}.Debug|Any CPU.ActiveCfg = Debug|Any CPU
		{8CF39C8D-F09F-44E7-AA01-5AF91E0A7ED8}.Debug|Any CPU.Build.0 = Debug|Any CPU
		{8CF39C8D-F09F-44E7-AA01-5AF91E0A7ED8}.Debug|x64.ActiveCfg = Debug|Any CPU
		{8CF39C8D-F09F-44E7-AA01-5AF91E0A7ED8}.Debug|x64.Build.0 = Debug|Any CPU
		{8CF39C8D-F09F-44E7-AA01-5AF91E0A7ED8}.Debug|x86.ActiveCfg = Debug|Any CPU
		{8CF39C8D-F09F-44E7-AA01-5AF91E0A7ED8}.Debug|x86.Build.0 = Debug|Any CPU
		{8CF39C8D-F09F-44E7-AA01-5AF91E0A7ED8}.Release|Any CPU.ActiveCfg = Release|Any CPU
		{8CF39C8D-F09F-44E7-AA01-5AF91E0A7ED8}.Release|Any CPU.Build.0 = Release|Any CPU
		{8CF39C8D-F09F-44E7-AA01-5AF91E0A7ED8}.Release|x64.ActiveCfg = Release|Any CPU
		{8CF39C8D-F09F-44E7-AA01-5AF91E0A7ED8}.Release|x64.Build.0 = Release|Any CPU
		{8CF39C8D-F09F-44E7-AA01-5AF91E0A7ED8}.Release|x86.ActiveCfg = Release|Any CPU
		{8CF39C8D-F09F-44E7-AA01-5AF91E0A7ED8}.Release|x86.Build.0 = Release|Any CPU
		{001FB424-64ED-44FF-9F17-80909C1394CA}.Debug|Any CPU.ActiveCfg = Debug|Any CPU
		{001FB424-64ED-44FF-9F17-80909C1394CA}.Debug|Any CPU.Build.0 = Debug|Any CPU
		{001FB424-64ED-44FF-9F17-80909C1394CA}.Debug|x64.ActiveCfg = Debug|Any CPU
		{001FB424-64ED-44FF-9F17-80909C1394CA}.Debug|x64.Build.0 = Debug|Any CPU
		{001FB424-64ED-44FF-9F17-80909C1394CA}.Debug|x86.ActiveCfg = Debug|Any CPU
		{001FB424-64ED-44FF-9F17-80909C1394CA}.Debug|x86.Build.0 = Debug|Any CPU
		{001FB424-64ED-44FF-9F17-80909C1394CA}.Release|Any CPU.ActiveCfg = Release|Any CPU
		{001FB424-64ED-44FF-9F17-80909C1394CA}.Release|Any CPU.Build.0 = Release|Any CPU
		{001FB424-64ED-44FF-9F17-80909C1394CA}.Release|x64.ActiveCfg = Release|Any CPU
		{001FB424-64ED-44FF-9F17-80909C1394CA}.Release|x64.Build.0 = Release|Any CPU
		{001FB424-64ED-44FF-9F17-80909C1394CA}.Release|x86.ActiveCfg = Release|Any CPU
		{001FB424-64ED-44FF-9F17-80909C1394CA}.Release|x86.Build.0 = Release|Any CPU
		{E174B3B0-92DB-4972-96A2-6C319B2BC7ED}.Debug|Any CPU.ActiveCfg = Debug|Any CPU
		{E174B3B0-92DB-4972-96A2-6C319B2BC7ED}.Debug|Any CPU.Build.0 = Debug|Any CPU
		{E174B3B0-92DB-4972-96A2-6C319B2BC7ED}.Debug|x64.ActiveCfg = Debug|Any CPU
		{E174B3B0-92DB-4972-96A2-6C319B2BC7ED}.Debug|x64.Build.0 = Debug|Any CPU
		{E174B3B0-92DB-4972-96A2-6C319B2BC7ED}.Debug|x86.ActiveCfg = Debug|Any CPU
		{E174B3B0-92DB-4972-96A2-6C319B2BC7ED}.Debug|x86.Build.0 = Debug|Any CPU
		{E174B3B0-92DB-4972-96A2-6C319B2BC7ED}.Release|Any CPU.ActiveCfg = Release|Any CPU
		{E174B3B0-92DB-4972-96A2-6C319B2BC7ED}.Release|Any CPU.Build.0 = Release|Any CPU
		{E174B3B0-92DB-4972-96A2-6C319B2BC7ED}.Release|x64.ActiveCfg = Release|Any CPU
		{E174B3B0-92DB-4972-96A2-6C319B2BC7ED}.Release|x64.Build.0 = Release|Any CPU
		{E174B3B0-92DB-4972-96A2-6C319B2BC7ED}.Release|x86.ActiveCfg = Release|Any CPU
		{E174B3B0-92DB-4972-96A2-6C319B2BC7ED}.Release|x86.Build.0 = Release|Any CPU
		{5C647282-7FD6-4E3F-8B15-D7083EB6669D}.Debug|Any CPU.ActiveCfg = Debug|Any CPU
		{5C647282-7FD6-4E3F-8B15-D7083EB6669D}.Debug|Any CPU.Build.0 = Debug|Any CPU
		{5C647282-7FD6-4E3F-8B15-D7083EB6669D}.Debug|x64.ActiveCfg = Debug|Any CPU
		{5C647282-7FD6-4E3F-8B15-D7083EB6669D}.Debug|x64.Build.0 = Debug|Any CPU
		{5C647282-7FD6-4E3F-8B15-D7083EB6669D}.Debug|x86.ActiveCfg = Debug|Any CPU
		{5C647282-7FD6-4E3F-8B15-D7083EB6669D}.Debug|x86.Build.0 = Debug|Any CPU
		{5C647282-7FD6-4E3F-8B15-D7083EB6669D}.Release|Any CPU.ActiveCfg = Release|Any CPU
		{5C647282-7FD6-4E3F-8B15-D7083EB6669D}.Release|Any CPU.Build.0 = Release|Any CPU
		{5C647282-7FD6-4E3F-8B15-D7083EB6669D}.Release|x64.ActiveCfg = Release|Any CPU
		{5C647282-7FD6-4E3F-8B15-D7083EB6669D}.Release|x64.Build.0 = Release|Any CPU
		{5C647282-7FD6-4E3F-8B15-D7083EB6669D}.Release|x86.ActiveCfg = Release|Any CPU
		{5C647282-7FD6-4E3F-8B15-D7083EB6669D}.Release|x86.Build.0 = Release|Any CPU
		{E93F002A-2367-4509-81C6-053689F860F2}.Debug|Any CPU.ActiveCfg = Debug|Any CPU
		{E93F002A-2367-4509-81C6-053689F860F2}.Debug|Any CPU.Build.0 = Debug|Any CPU
		{E93F002A-2367-4509-81C6-053689F860F2}.Debug|x64.ActiveCfg = Debug|Any CPU
		{E93F002A-2367-4509-81C6-053689F860F2}.Debug|x64.Build.0 = Debug|Any CPU
		{E93F002A-2367-4509-81C6-053689F860F2}.Debug|x86.ActiveCfg = Debug|Any CPU
		{E93F002A-2367-4509-81C6-053689F860F2}.Debug|x86.Build.0 = Debug|Any CPU
		{E93F002A-2367-4509-81C6-053689F860F2}.Release|Any CPU.ActiveCfg = Release|Any CPU
		{E93F002A-2367-4509-81C6-053689F860F2}.Release|Any CPU.Build.0 = Release|Any CPU
		{E93F002A-2367-4509-81C6-053689F860F2}.Release|x64.ActiveCfg = Release|Any CPU
		{E93F002A-2367-4509-81C6-053689F860F2}.Release|x64.Build.0 = Release|Any CPU
		{E93F002A-2367-4509-81C6-053689F860F2}.Release|x86.ActiveCfg = Release|Any CPU
		{E93F002A-2367-4509-81C6-053689F860F2}.Release|x86.Build.0 = Release|Any CPU
		{97BF901D-5856-420F-B453-15419F845E11}.Debug|Any CPU.ActiveCfg = Debug|Any CPU
		{97BF901D-5856-420F-B453-15419F845E11}.Debug|Any CPU.Build.0 = Debug|Any CPU
		{97BF901D-5856-420F-B453-15419F845E11}.Debug|x64.ActiveCfg = Debug|Any CPU
		{97BF901D-5856-420F-B453-15419F845E11}.Debug|x64.Build.0 = Debug|Any CPU
		{97BF901D-5856-420F-B453-15419F845E11}.Debug|x86.ActiveCfg = Debug|Any CPU
		{97BF901D-5856-420F-B453-15419F845E11}.Debug|x86.Build.0 = Debug|Any CPU
		{97BF901D-5856-420F-B453-15419F845E11}.Release|Any CPU.ActiveCfg = Release|Any CPU
		{97BF901D-5856-420F-B453-15419F845E11}.Release|Any CPU.Build.0 = Release|Any CPU
		{97BF901D-5856-420F-B453-15419F845E11}.Release|x64.ActiveCfg = Release|Any CPU
		{97BF901D-5856-420F-B453-15419F845E11}.Release|x64.Build.0 = Release|Any CPU
		{97BF901D-5856-420F-B453-15419F845E11}.Release|x86.ActiveCfg = Release|Any CPU
		{97BF901D-5856-420F-B453-15419F845E11}.Release|x86.Build.0 = Release|Any CPU
		{FA4AE607-530F-4A34-9620-04E217381852}.Debug|Any CPU.ActiveCfg = Debug|Any CPU
		{FA4AE607-530F-4A34-9620-04E217381852}.Debug|Any CPU.Build.0 = Debug|Any CPU
		{FA4AE607-530F-4A34-9620-04E217381852}.Debug|x64.ActiveCfg = Debug|Any CPU
		{FA4AE607-530F-4A34-9620-04E217381852}.Debug|x64.Build.0 = Debug|Any CPU
		{FA4AE607-530F-4A34-9620-04E217381852}.Debug|x86.ActiveCfg = Debug|Any CPU
		{FA4AE607-530F-4A34-9620-04E217381852}.Debug|x86.Build.0 = Debug|Any CPU
		{FA4AE607-530F-4A34-9620-04E217381852}.Release|Any CPU.ActiveCfg = Release|Any CPU
		{FA4AE607-530F-4A34-9620-04E217381852}.Release|Any CPU.Build.0 = Release|Any CPU
		{FA4AE607-530F-4A34-9620-04E217381852}.Release|x64.ActiveCfg = Release|Any CPU
		{FA4AE607-530F-4A34-9620-04E217381852}.Release|x64.Build.0 = Release|Any CPU
		{FA4AE607-530F-4A34-9620-04E217381852}.Release|x86.ActiveCfg = Release|Any CPU
		{FA4AE607-530F-4A34-9620-04E217381852}.Release|x86.Build.0 = Release|Any CPU
		{39C98523-68D6-4738-ABAA-182ED9CF35FA}.Debug|Any CPU.ActiveCfg = Debug|Any CPU
		{39C98523-68D6-4738-ABAA-182ED9CF35FA}.Debug|Any CPU.Build.0 = Debug|Any CPU
		{39C98523-68D6-4738-ABAA-182ED9CF35FA}.Debug|x64.ActiveCfg = Debug|Any CPU
		{39C98523-68D6-4738-ABAA-182ED9CF35FA}.Debug|x64.Build.0 = Debug|Any CPU
		{39C98523-68D6-4738-ABAA-182ED9CF35FA}.Debug|x86.ActiveCfg = Debug|Any CPU
		{39C98523-68D6-4738-ABAA-182ED9CF35FA}.Debug|x86.Build.0 = Debug|Any CPU
		{39C98523-68D6-4738-ABAA-182ED9CF35FA}.Release|Any CPU.ActiveCfg = Release|Any CPU
		{39C98523-68D6-4738-ABAA-182ED9CF35FA}.Release|Any CPU.Build.0 = Release|Any CPU
		{39C98523-68D6-4738-ABAA-182ED9CF35FA}.Release|x64.ActiveCfg = Release|Any CPU
		{39C98523-68D6-4738-ABAA-182ED9CF35FA}.Release|x64.Build.0 = Release|Any CPU
		{39C98523-68D6-4738-ABAA-182ED9CF35FA}.Release|x86.ActiveCfg = Release|Any CPU
		{39C98523-68D6-4738-ABAA-182ED9CF35FA}.Release|x86.Build.0 = Release|Any CPU
		{D4D7439B-3C10-47C6-9A8F-0306246DF173}.Debug|Any CPU.ActiveCfg = Debug|Any CPU
		{D4D7439B-3C10-47C6-9A8F-0306246DF173}.Debug|Any CPU.Build.0 = Debug|Any CPU
		{D4D7439B-3C10-47C6-9A8F-0306246DF173}.Debug|x64.ActiveCfg = Debug|Any CPU
		{D4D7439B-3C10-47C6-9A8F-0306246DF173}.Debug|x64.Build.0 = Debug|Any CPU
		{D4D7439B-3C10-47C6-9A8F-0306246DF173}.Debug|x86.ActiveCfg = Debug|Any CPU
		{D4D7439B-3C10-47C6-9A8F-0306246DF173}.Debug|x86.Build.0 = Debug|Any CPU
		{D4D7439B-3C10-47C6-9A8F-0306246DF173}.Release|Any CPU.ActiveCfg = Release|Any CPU
		{D4D7439B-3C10-47C6-9A8F-0306246DF173}.Release|Any CPU.Build.0 = Release|Any CPU
		{D4D7439B-3C10-47C6-9A8F-0306246DF173}.Release|x64.ActiveCfg = Release|Any CPU
		{D4D7439B-3C10-47C6-9A8F-0306246DF173}.Release|x64.Build.0 = Release|Any CPU
		{D4D7439B-3C10-47C6-9A8F-0306246DF173}.Release|x86.ActiveCfg = Release|Any CPU
		{D4D7439B-3C10-47C6-9A8F-0306246DF173}.Release|x86.Build.0 = Release|Any CPU
		{4B13F8DC-F3FB-43CF-8E36-EE373D0A331B}.Debug|Any CPU.ActiveCfg = Debug|Any CPU
		{4B13F8DC-F3FB-43CF-8E36-EE373D0A331B}.Debug|Any CPU.Build.0 = Debug|Any CPU
		{4B13F8DC-F3FB-43CF-8E36-EE373D0A331B}.Debug|x64.ActiveCfg = Debug|Any CPU
		{4B13F8DC-F3FB-43CF-8E36-EE373D0A331B}.Debug|x64.Build.0 = Debug|Any CPU
		{4B13F8DC-F3FB-43CF-8E36-EE373D0A331B}.Debug|x86.ActiveCfg = Debug|Any CPU
		{4B13F8DC-F3FB-43CF-8E36-EE373D0A331B}.Debug|x86.Build.0 = Debug|Any CPU
		{4B13F8DC-F3FB-43CF-8E36-EE373D0A331B}.Release|Any CPU.ActiveCfg = Release|Any CPU
		{4B13F8DC-F3FB-43CF-8E36-EE373D0A331B}.Release|Any CPU.Build.0 = Release|Any CPU
		{4B13F8DC-F3FB-43CF-8E36-EE373D0A331B}.Release|x64.ActiveCfg = Release|Any CPU
		{4B13F8DC-F3FB-43CF-8E36-EE373D0A331B}.Release|x64.Build.0 = Release|Any CPU
		{4B13F8DC-F3FB-43CF-8E36-EE373D0A331B}.Release|x86.ActiveCfg = Release|Any CPU
		{4B13F8DC-F3FB-43CF-8E36-EE373D0A331B}.Release|x86.Build.0 = Release|Any CPU
		{BCCA6FED-D80B-4C44-BCC6-49113639429D}.Debug|Any CPU.ActiveCfg = Debug|Any CPU
		{BCCA6FED-D80B-4C44-BCC6-49113639429D}.Debug|Any CPU.Build.0 = Debug|Any CPU
		{BCCA6FED-D80B-4C44-BCC6-49113639429D}.Debug|x64.ActiveCfg = Debug|Any CPU
		{BCCA6FED-D80B-4C44-BCC6-49113639429D}.Debug|x64.Build.0 = Debug|Any CPU
		{BCCA6FED-D80B-4C44-BCC6-49113639429D}.Debug|x86.ActiveCfg = Debug|Any CPU
		{BCCA6FED-D80B-4C44-BCC6-49113639429D}.Debug|x86.Build.0 = Debug|Any CPU
		{BCCA6FED-D80B-4C44-BCC6-49113639429D}.Release|Any CPU.ActiveCfg = Release|Any CPU
		{BCCA6FED-D80B-4C44-BCC6-49113639429D}.Release|Any CPU.Build.0 = Release|Any CPU
		{BCCA6FED-D80B-4C44-BCC6-49113639429D}.Release|x64.ActiveCfg = Release|Any CPU
		{BCCA6FED-D80B-4C44-BCC6-49113639429D}.Release|x64.Build.0 = Release|Any CPU
		{BCCA6FED-D80B-4C44-BCC6-49113639429D}.Release|x86.ActiveCfg = Release|Any CPU
		{BCCA6FED-D80B-4C44-BCC6-49113639429D}.Release|x86.Build.0 = Release|Any CPU
		{78E64B53-5142-43D0-8218-4F069DC06FED}.Debug|Any CPU.ActiveCfg = Debug|Any CPU
		{78E64B53-5142-43D0-8218-4F069DC06FED}.Debug|Any CPU.Build.0 = Debug|Any CPU
		{78E64B53-5142-43D0-8218-4F069DC06FED}.Debug|x64.ActiveCfg = Debug|Any CPU
		{78E64B53-5142-43D0-8218-4F069DC06FED}.Debug|x64.Build.0 = Debug|Any CPU
		{78E64B53-5142-43D0-8218-4F069DC06FED}.Debug|x86.ActiveCfg = Debug|Any CPU
		{78E64B53-5142-43D0-8218-4F069DC06FED}.Debug|x86.Build.0 = Debug|Any CPU
		{78E64B53-5142-43D0-8218-4F069DC06FED}.Release|Any CPU.ActiveCfg = Release|Any CPU
		{78E64B53-5142-43D0-8218-4F069DC06FED}.Release|Any CPU.Build.0 = Release|Any CPU
		{78E64B53-5142-43D0-8218-4F069DC06FED}.Release|x64.ActiveCfg = Release|Any CPU
		{78E64B53-5142-43D0-8218-4F069DC06FED}.Release|x64.Build.0 = Release|Any CPU
		{78E64B53-5142-43D0-8218-4F069DC06FED}.Release|x86.ActiveCfg = Release|Any CPU
		{78E64B53-5142-43D0-8218-4F069DC06FED}.Release|x86.Build.0 = Release|Any CPU
		{CF99C40C-257E-4D6F-802F-9F7848BF0490}.Debug|Any CPU.ActiveCfg = Debug|Any CPU
		{CF99C40C-257E-4D6F-802F-9F7848BF0490}.Debug|Any CPU.Build.0 = Debug|Any CPU
		{CF99C40C-257E-4D6F-802F-9F7848BF0490}.Debug|x64.ActiveCfg = Debug|Any CPU
		{CF99C40C-257E-4D6F-802F-9F7848BF0490}.Debug|x64.Build.0 = Debug|Any CPU
		{CF99C40C-257E-4D6F-802F-9F7848BF0490}.Debug|x86.ActiveCfg = Debug|Any CPU
		{CF99C40C-257E-4D6F-802F-9F7848BF0490}.Debug|x86.Build.0 = Debug|Any CPU
		{CF99C40C-257E-4D6F-802F-9F7848BF0490}.Release|Any CPU.ActiveCfg = Release|Any CPU
		{CF99C40C-257E-4D6F-802F-9F7848BF0490}.Release|Any CPU.Build.0 = Release|Any CPU
		{CF99C40C-257E-4D6F-802F-9F7848BF0490}.Release|x64.ActiveCfg = Release|Any CPU
		{CF99C40C-257E-4D6F-802F-9F7848BF0490}.Release|x64.Build.0 = Release|Any CPU
		{CF99C40C-257E-4D6F-802F-9F7848BF0490}.Release|x86.ActiveCfg = Release|Any CPU
		{CF99C40C-257E-4D6F-802F-9F7848BF0490}.Release|x86.Build.0 = Release|Any CPU
		{396D7663-5C1E-4CD1-99FE-907BDE89B81C}.Debug|Any CPU.ActiveCfg = Debug|Any CPU
		{396D7663-5C1E-4CD1-99FE-907BDE89B81C}.Debug|Any CPU.Build.0 = Debug|Any CPU
		{396D7663-5C1E-4CD1-99FE-907BDE89B81C}.Debug|x64.ActiveCfg = Debug|Any CPU
		{396D7663-5C1E-4CD1-99FE-907BDE89B81C}.Debug|x64.Build.0 = Debug|Any CPU
		{396D7663-5C1E-4CD1-99FE-907BDE89B81C}.Debug|x86.ActiveCfg = Debug|Any CPU
		{396D7663-5C1E-4CD1-99FE-907BDE89B81C}.Debug|x86.Build.0 = Debug|Any CPU
		{396D7663-5C1E-4CD1-99FE-907BDE89B81C}.Release|Any CPU.ActiveCfg = Release|Any CPU
		{396D7663-5C1E-4CD1-99FE-907BDE89B81C}.Release|Any CPU.Build.0 = Release|Any CPU
		{396D7663-5C1E-4CD1-99FE-907BDE89B81C}.Release|x64.ActiveCfg = Release|Any CPU
		{396D7663-5C1E-4CD1-99FE-907BDE89B81C}.Release|x64.Build.0 = Release|Any CPU
		{396D7663-5C1E-4CD1-99FE-907BDE89B81C}.Release|x86.ActiveCfg = Release|Any CPU
		{396D7663-5C1E-4CD1-99FE-907BDE89B81C}.Release|x86.Build.0 = Release|Any CPU
		{6BFBD34D-A807-4B08-A6B2-37CF7B8F185C}.Debug|Any CPU.ActiveCfg = Debug|Any CPU
		{6BFBD34D-A807-4B08-A6B2-37CF7B8F185C}.Debug|Any CPU.Build.0 = Debug|Any CPU
		{6BFBD34D-A807-4B08-A6B2-37CF7B8F185C}.Debug|x64.ActiveCfg = Debug|Any CPU
		{6BFBD34D-A807-4B08-A6B2-37CF7B8F185C}.Debug|x64.Build.0 = Debug|Any CPU
		{6BFBD34D-A807-4B08-A6B2-37CF7B8F185C}.Debug|x86.ActiveCfg = Debug|Any CPU
		{6BFBD34D-A807-4B08-A6B2-37CF7B8F185C}.Debug|x86.Build.0 = Debug|Any CPU
		{6BFBD34D-A807-4B08-A6B2-37CF7B8F185C}.Release|Any CPU.ActiveCfg = Release|Any CPU
		{6BFBD34D-A807-4B08-A6B2-37CF7B8F185C}.Release|Any CPU.Build.0 = Release|Any CPU
		{6BFBD34D-A807-4B08-A6B2-37CF7B8F185C}.Release|x64.ActiveCfg = Release|Any CPU
		{6BFBD34D-A807-4B08-A6B2-37CF7B8F185C}.Release|x64.Build.0 = Release|Any CPU
		{6BFBD34D-A807-4B08-A6B2-37CF7B8F185C}.Release|x86.ActiveCfg = Release|Any CPU
		{6BFBD34D-A807-4B08-A6B2-37CF7B8F185C}.Release|x86.Build.0 = Release|Any CPU
		{A6570647-A9E7-4D94-A074-045141998A05}.Debug|Any CPU.ActiveCfg = Debug|Any CPU
		{A6570647-A9E7-4D94-A074-045141998A05}.Debug|Any CPU.Build.0 = Debug|Any CPU
		{A6570647-A9E7-4D94-A074-045141998A05}.Debug|x64.ActiveCfg = Debug|Any CPU
		{A6570647-A9E7-4D94-A074-045141998A05}.Debug|x64.Build.0 = Debug|Any CPU
		{A6570647-A9E7-4D94-A074-045141998A05}.Debug|x86.ActiveCfg = Debug|Any CPU
		{A6570647-A9E7-4D94-A074-045141998A05}.Debug|x86.Build.0 = Debug|Any CPU
		{A6570647-A9E7-4D94-A074-045141998A05}.Release|Any CPU.ActiveCfg = Release|Any CPU
		{A6570647-A9E7-4D94-A074-045141998A05}.Release|Any CPU.Build.0 = Release|Any CPU
		{A6570647-A9E7-4D94-A074-045141998A05}.Release|x64.ActiveCfg = Release|Any CPU
		{A6570647-A9E7-4D94-A074-045141998A05}.Release|x64.Build.0 = Release|Any CPU
		{A6570647-A9E7-4D94-A074-045141998A05}.Release|x86.ActiveCfg = Release|Any CPU
		{A6570647-A9E7-4D94-A074-045141998A05}.Release|x86.Build.0 = Release|Any CPU
		{B0414A49-4B78-41EA-8D41-6F85EC4AD0C3}.Debug|Any CPU.ActiveCfg = Debug|Any CPU
		{B0414A49-4B78-41EA-8D41-6F85EC4AD0C3}.Debug|Any CPU.Build.0 = Debug|Any CPU
		{B0414A49-4B78-41EA-8D41-6F85EC4AD0C3}.Debug|x64.ActiveCfg = Debug|Any CPU
		{B0414A49-4B78-41EA-8D41-6F85EC4AD0C3}.Debug|x64.Build.0 = Debug|Any CPU
		{B0414A49-4B78-41EA-8D41-6F85EC4AD0C3}.Debug|x86.ActiveCfg = Debug|Any CPU
		{B0414A49-4B78-41EA-8D41-6F85EC4AD0C3}.Debug|x86.Build.0 = Debug|Any CPU
		{B0414A49-4B78-41EA-8D41-6F85EC4AD0C3}.Release|Any CPU.ActiveCfg = Release|Any CPU
		{B0414A49-4B78-41EA-8D41-6F85EC4AD0C3}.Release|Any CPU.Build.0 = Release|Any CPU
		{B0414A49-4B78-41EA-8D41-6F85EC4AD0C3}.Release|x64.ActiveCfg = Release|Any CPU
		{B0414A49-4B78-41EA-8D41-6F85EC4AD0C3}.Release|x64.Build.0 = Release|Any CPU
		{B0414A49-4B78-41EA-8D41-6F85EC4AD0C3}.Release|x86.ActiveCfg = Release|Any CPU
		{B0414A49-4B78-41EA-8D41-6F85EC4AD0C3}.Release|x86.Build.0 = Release|Any CPU
		{22318504-20D0-4626-9D42-E7A69B19DA44}.Debug|Any CPU.ActiveCfg = Debug|Any CPU
		{22318504-20D0-4626-9D42-E7A69B19DA44}.Debug|Any CPU.Build.0 = Debug|Any CPU
		{22318504-20D0-4626-9D42-E7A69B19DA44}.Debug|x64.ActiveCfg = Debug|Any CPU
		{22318504-20D0-4626-9D42-E7A69B19DA44}.Debug|x64.Build.0 = Debug|Any CPU
		{22318504-20D0-4626-9D42-E7A69B19DA44}.Debug|x86.ActiveCfg = Debug|Any CPU
		{22318504-20D0-4626-9D42-E7A69B19DA44}.Debug|x86.Build.0 = Debug|Any CPU
		{22318504-20D0-4626-9D42-E7A69B19DA44}.Release|Any CPU.ActiveCfg = Release|Any CPU
		{22318504-20D0-4626-9D42-E7A69B19DA44}.Release|Any CPU.Build.0 = Release|Any CPU
		{22318504-20D0-4626-9D42-E7A69B19DA44}.Release|x64.ActiveCfg = Release|Any CPU
		{22318504-20D0-4626-9D42-E7A69B19DA44}.Release|x64.Build.0 = Release|Any CPU
		{22318504-20D0-4626-9D42-E7A69B19DA44}.Release|x86.ActiveCfg = Release|Any CPU
		{22318504-20D0-4626-9D42-E7A69B19DA44}.Release|x86.Build.0 = Release|Any CPU
		{72E3C4BB-382E-4B22-A16C-12A2E85683F8}.Debug|Any CPU.ActiveCfg = Debug|Any CPU
		{72E3C4BB-382E-4B22-A16C-12A2E85683F8}.Debug|Any CPU.Build.0 = Debug|Any CPU
		{72E3C4BB-382E-4B22-A16C-12A2E85683F8}.Debug|x64.ActiveCfg = Debug|Any CPU
		{72E3C4BB-382E-4B22-A16C-12A2E85683F8}.Debug|x64.Build.0 = Debug|Any CPU
		{72E3C4BB-382E-4B22-A16C-12A2E85683F8}.Debug|x86.ActiveCfg = Debug|Any CPU
		{72E3C4BB-382E-4B22-A16C-12A2E85683F8}.Debug|x86.Build.0 = Debug|Any CPU
		{72E3C4BB-382E-4B22-A16C-12A2E85683F8}.Release|Any CPU.ActiveCfg = Release|Any CPU
		{72E3C4BB-382E-4B22-A16C-12A2E85683F8}.Release|Any CPU.Build.0 = Release|Any CPU
		{72E3C4BB-382E-4B22-A16C-12A2E85683F8}.Release|x64.ActiveCfg = Release|Any CPU
		{72E3C4BB-382E-4B22-A16C-12A2E85683F8}.Release|x64.Build.0 = Release|Any CPU
		{72E3C4BB-382E-4B22-A16C-12A2E85683F8}.Release|x86.ActiveCfg = Release|Any CPU
		{72E3C4BB-382E-4B22-A16C-12A2E85683F8}.Release|x86.Build.0 = Release|Any CPU
		{7F72989F-9F56-4A56-88B4-EDDDD0B7A2CB}.Debug|Any CPU.ActiveCfg = Debug|Any CPU
		{7F72989F-9F56-4A56-88B4-EDDDD0B7A2CB}.Debug|Any CPU.Build.0 = Debug|Any CPU
		{7F72989F-9F56-4A56-88B4-EDDDD0B7A2CB}.Debug|x64.ActiveCfg = Debug|Any CPU
		{7F72989F-9F56-4A56-88B4-EDDDD0B7A2CB}.Debug|x64.Build.0 = Debug|Any CPU
		{7F72989F-9F56-4A56-88B4-EDDDD0B7A2CB}.Debug|x86.ActiveCfg = Debug|Any CPU
		{7F72989F-9F56-4A56-88B4-EDDDD0B7A2CB}.Debug|x86.Build.0 = Debug|Any CPU
		{7F72989F-9F56-4A56-88B4-EDDDD0B7A2CB}.Release|Any CPU.ActiveCfg = Release|Any CPU
		{7F72989F-9F56-4A56-88B4-EDDDD0B7A2CB}.Release|Any CPU.Build.0 = Release|Any CPU
		{7F72989F-9F56-4A56-88B4-EDDDD0B7A2CB}.Release|x64.ActiveCfg = Release|Any CPU
		{7F72989F-9F56-4A56-88B4-EDDDD0B7A2CB}.Release|x64.Build.0 = Release|Any CPU
		{7F72989F-9F56-4A56-88B4-EDDDD0B7A2CB}.Release|x86.ActiveCfg = Release|Any CPU
		{7F72989F-9F56-4A56-88B4-EDDDD0B7A2CB}.Release|x86.Build.0 = Release|Any CPU
		{3F3DC0C7-038A-4A97-B035-9B2307CFEBE3}.Debug|Any CPU.ActiveCfg = Debug|Any CPU
		{3F3DC0C7-038A-4A97-B035-9B2307CFEBE3}.Debug|Any CPU.Build.0 = Debug|Any CPU
		{3F3DC0C7-038A-4A97-B035-9B2307CFEBE3}.Debug|x64.ActiveCfg = Debug|Any CPU
		{3F3DC0C7-038A-4A97-B035-9B2307CFEBE3}.Debug|x64.Build.0 = Debug|Any CPU
		{3F3DC0C7-038A-4A97-B035-9B2307CFEBE3}.Debug|x86.ActiveCfg = Debug|Any CPU
		{3F3DC0C7-038A-4A97-B035-9B2307CFEBE3}.Debug|x86.Build.0 = Debug|Any CPU
		{3F3DC0C7-038A-4A97-B035-9B2307CFEBE3}.Release|Any CPU.ActiveCfg = Release|Any CPU
		{3F3DC0C7-038A-4A97-B035-9B2307CFEBE3}.Release|Any CPU.Build.0 = Release|Any CPU
		{3F3DC0C7-038A-4A97-B035-9B2307CFEBE3}.Release|x64.ActiveCfg = Release|Any CPU
		{3F3DC0C7-038A-4A97-B035-9B2307CFEBE3}.Release|x64.Build.0 = Release|Any CPU
		{3F3DC0C7-038A-4A97-B035-9B2307CFEBE3}.Release|x86.ActiveCfg = Release|Any CPU
		{3F3DC0C7-038A-4A97-B035-9B2307CFEBE3}.Release|x86.Build.0 = Release|Any CPU
		{09059527-3A7F-4F17-8DDE-EB252F0D7595}.Debug|Any CPU.ActiveCfg = Debug|Any CPU
		{09059527-3A7F-4F17-8DDE-EB252F0D7595}.Debug|Any CPU.Build.0 = Debug|Any CPU
		{09059527-3A7F-4F17-8DDE-EB252F0D7595}.Debug|x64.ActiveCfg = Debug|Any CPU
		{09059527-3A7F-4F17-8DDE-EB252F0D7595}.Debug|x64.Build.0 = Debug|Any CPU
		{09059527-3A7F-4F17-8DDE-EB252F0D7595}.Debug|x86.ActiveCfg = Debug|Any CPU
		{09059527-3A7F-4F17-8DDE-EB252F0D7595}.Debug|x86.Build.0 = Debug|Any CPU
		{09059527-3A7F-4F17-8DDE-EB252F0D7595}.Release|Any CPU.ActiveCfg = Release|Any CPU
		{09059527-3A7F-4F17-8DDE-EB252F0D7595}.Release|Any CPU.Build.0 = Release|Any CPU
		{09059527-3A7F-4F17-8DDE-EB252F0D7595}.Release|x64.ActiveCfg = Release|Any CPU
		{09059527-3A7F-4F17-8DDE-EB252F0D7595}.Release|x64.Build.0 = Release|Any CPU
		{09059527-3A7F-4F17-8DDE-EB252F0D7595}.Release|x86.ActiveCfg = Release|Any CPU
		{09059527-3A7F-4F17-8DDE-EB252F0D7595}.Release|x86.Build.0 = Release|Any CPU
		{54FC231C-AF59-489A-AD69-E6C1A5360443}.Debug|Any CPU.ActiveCfg = Debug|Any CPU
		{54FC231C-AF59-489A-AD69-E6C1A5360443}.Debug|Any CPU.Build.0 = Debug|Any CPU
		{54FC231C-AF59-489A-AD69-E6C1A5360443}.Debug|x64.ActiveCfg = Debug|Any CPU
		{54FC231C-AF59-489A-AD69-E6C1A5360443}.Debug|x64.Build.0 = Debug|Any CPU
		{54FC231C-AF59-489A-AD69-E6C1A5360443}.Debug|x86.ActiveCfg = Debug|Any CPU
		{54FC231C-AF59-489A-AD69-E6C1A5360443}.Debug|x86.Build.0 = Debug|Any CPU
		{54FC231C-AF59-489A-AD69-E6C1A5360443}.Release|Any CPU.ActiveCfg = Release|Any CPU
		{54FC231C-AF59-489A-AD69-E6C1A5360443}.Release|Any CPU.Build.0 = Release|Any CPU
		{54FC231C-AF59-489A-AD69-E6C1A5360443}.Release|x64.ActiveCfg = Release|Any CPU
		{54FC231C-AF59-489A-AD69-E6C1A5360443}.Release|x64.Build.0 = Release|Any CPU
		{54FC231C-AF59-489A-AD69-E6C1A5360443}.Release|x86.ActiveCfg = Release|Any CPU
		{54FC231C-AF59-489A-AD69-E6C1A5360443}.Release|x86.Build.0 = Release|Any CPU
		{85193F09-BF97-44CA-B4FD-3B13E2E0B161}.Debug|Any CPU.ActiveCfg = Debug|Any CPU
		{85193F09-BF97-44CA-B4FD-3B13E2E0B161}.Debug|Any CPU.Build.0 = Debug|Any CPU
		{85193F09-BF97-44CA-B4FD-3B13E2E0B161}.Debug|x64.ActiveCfg = Debug|Any CPU
		{85193F09-BF97-44CA-B4FD-3B13E2E0B161}.Debug|x64.Build.0 = Debug|Any CPU
		{85193F09-BF97-44CA-B4FD-3B13E2E0B161}.Debug|x86.ActiveCfg = Debug|Any CPU
		{85193F09-BF97-44CA-B4FD-3B13E2E0B161}.Debug|x86.Build.0 = Debug|Any CPU
		{85193F09-BF97-44CA-B4FD-3B13E2E0B161}.Release|Any CPU.ActiveCfg = Release|Any CPU
		{85193F09-BF97-44CA-B4FD-3B13E2E0B161}.Release|Any CPU.Build.0 = Release|Any CPU
		{85193F09-BF97-44CA-B4FD-3B13E2E0B161}.Release|x64.ActiveCfg = Release|Any CPU
		{85193F09-BF97-44CA-B4FD-3B13E2E0B161}.Release|x64.Build.0 = Release|Any CPU
		{85193F09-BF97-44CA-B4FD-3B13E2E0B161}.Release|x86.ActiveCfg = Release|Any CPU
		{85193F09-BF97-44CA-B4FD-3B13E2E0B161}.Release|x86.Build.0 = Release|Any CPU
		{2D2A6397-E32E-4DA4-932C-D32553EAF337}.Debug|Any CPU.ActiveCfg = Debug|Any CPU
		{2D2A6397-E32E-4DA4-932C-D32553EAF337}.Debug|Any CPU.Build.0 = Debug|Any CPU
		{2D2A6397-E32E-4DA4-932C-D32553EAF337}.Debug|x64.ActiveCfg = Debug|Any CPU
		{2D2A6397-E32E-4DA4-932C-D32553EAF337}.Debug|x64.Build.0 = Debug|Any CPU
		{2D2A6397-E32E-4DA4-932C-D32553EAF337}.Debug|x86.ActiveCfg = Debug|Any CPU
		{2D2A6397-E32E-4DA4-932C-D32553EAF337}.Debug|x86.Build.0 = Debug|Any CPU
		{2D2A6397-E32E-4DA4-932C-D32553EAF337}.Release|Any CPU.ActiveCfg = Release|Any CPU
		{2D2A6397-E32E-4DA4-932C-D32553EAF337}.Release|Any CPU.Build.0 = Release|Any CPU
		{2D2A6397-E32E-4DA4-932C-D32553EAF337}.Release|x64.ActiveCfg = Release|Any CPU
		{2D2A6397-E32E-4DA4-932C-D32553EAF337}.Release|x64.Build.0 = Release|Any CPU
		{2D2A6397-E32E-4DA4-932C-D32553EAF337}.Release|x86.ActiveCfg = Release|Any CPU
		{2D2A6397-E32E-4DA4-932C-D32553EAF337}.Release|x86.Build.0 = Release|Any CPU
		{937FE755-0142-4447-9B58-42279D6127F8}.Debug|Any CPU.ActiveCfg = Debug|Any CPU
		{937FE755-0142-4447-9B58-42279D6127F8}.Debug|Any CPU.Build.0 = Debug|Any CPU
		{937FE755-0142-4447-9B58-42279D6127F8}.Debug|x64.ActiveCfg = Debug|Any CPU
		{937FE755-0142-4447-9B58-42279D6127F8}.Debug|x64.Build.0 = Debug|Any CPU
		{937FE755-0142-4447-9B58-42279D6127F8}.Debug|x86.ActiveCfg = Debug|Any CPU
		{937FE755-0142-4447-9B58-42279D6127F8}.Debug|x86.Build.0 = Debug|Any CPU
		{937FE755-0142-4447-9B58-42279D6127F8}.Release|Any CPU.ActiveCfg = Release|Any CPU
		{937FE755-0142-4447-9B58-42279D6127F8}.Release|Any CPU.Build.0 = Release|Any CPU
		{937FE755-0142-4447-9B58-42279D6127F8}.Release|x64.ActiveCfg = Release|Any CPU
		{937FE755-0142-4447-9B58-42279D6127F8}.Release|x64.Build.0 = Release|Any CPU
		{937FE755-0142-4447-9B58-42279D6127F8}.Release|x86.ActiveCfg = Release|Any CPU
		{937FE755-0142-4447-9B58-42279D6127F8}.Release|x86.Build.0 = Release|Any CPU
		{F31B5EE8-2A16-45D1-979F-ED9434747791}.Debug|Any CPU.ActiveCfg = Debug|Any CPU
		{F31B5EE8-2A16-45D1-979F-ED9434747791}.Debug|Any CPU.Build.0 = Debug|Any CPU
		{F31B5EE8-2A16-45D1-979F-ED9434747791}.Debug|x64.ActiveCfg = Debug|Any CPU
		{F31B5EE8-2A16-45D1-979F-ED9434747791}.Debug|x64.Build.0 = Debug|Any CPU
		{F31B5EE8-2A16-45D1-979F-ED9434747791}.Debug|x86.ActiveCfg = Debug|Any CPU
		{F31B5EE8-2A16-45D1-979F-ED9434747791}.Debug|x86.Build.0 = Debug|Any CPU
		{F31B5EE8-2A16-45D1-979F-ED9434747791}.Release|Any CPU.ActiveCfg = Release|Any CPU
		{F31B5EE8-2A16-45D1-979F-ED9434747791}.Release|Any CPU.Build.0 = Release|Any CPU
		{F31B5EE8-2A16-45D1-979F-ED9434747791}.Release|x64.ActiveCfg = Release|Any CPU
		{F31B5EE8-2A16-45D1-979F-ED9434747791}.Release|x64.Build.0 = Release|Any CPU
		{F31B5EE8-2A16-45D1-979F-ED9434747791}.Release|x86.ActiveCfg = Release|Any CPU
		{F31B5EE8-2A16-45D1-979F-ED9434747791}.Release|x86.Build.0 = Release|Any CPU
		{95EE2F43-2349-41C6-84C3-01F540105D01}.Debug|Any CPU.ActiveCfg = Debug|Any CPU
		{95EE2F43-2349-41C6-84C3-01F540105D01}.Debug|Any CPU.Build.0 = Debug|Any CPU
		{95EE2F43-2349-41C6-84C3-01F540105D01}.Debug|x64.ActiveCfg = Debug|Any CPU
		{95EE2F43-2349-41C6-84C3-01F540105D01}.Debug|x64.Build.0 = Debug|Any CPU
		{95EE2F43-2349-41C6-84C3-01F540105D01}.Debug|x86.ActiveCfg = Debug|Any CPU
		{95EE2F43-2349-41C6-84C3-01F540105D01}.Debug|x86.Build.0 = Debug|Any CPU
		{95EE2F43-2349-41C6-84C3-01F540105D01}.Release|Any CPU.ActiveCfg = Release|Any CPU
		{95EE2F43-2349-41C6-84C3-01F540105D01}.Release|Any CPU.Build.0 = Release|Any CPU
		{95EE2F43-2349-41C6-84C3-01F540105D01}.Release|x64.ActiveCfg = Release|Any CPU
		{95EE2F43-2349-41C6-84C3-01F540105D01}.Release|x64.Build.0 = Release|Any CPU
		{95EE2F43-2349-41C6-84C3-01F540105D01}.Release|x86.ActiveCfg = Release|Any CPU
		{95EE2F43-2349-41C6-84C3-01F540105D01}.Release|x86.Build.0 = Release|Any CPU
		{E36D9D13-8FCE-4DDC-8E9C-0979AB3FA322}.Debug|Any CPU.ActiveCfg = Debug|Any CPU
		{E36D9D13-8FCE-4DDC-8E9C-0979AB3FA322}.Debug|Any CPU.Build.0 = Debug|Any CPU
		{E36D9D13-8FCE-4DDC-8E9C-0979AB3FA322}.Debug|x64.ActiveCfg = Debug|Any CPU
		{E36D9D13-8FCE-4DDC-8E9C-0979AB3FA322}.Debug|x64.Build.0 = Debug|Any CPU
		{E36D9D13-8FCE-4DDC-8E9C-0979AB3FA322}.Debug|x86.ActiveCfg = Debug|Any CPU
		{E36D9D13-8FCE-4DDC-8E9C-0979AB3FA322}.Debug|x86.Build.0 = Debug|Any CPU
		{E36D9D13-8FCE-4DDC-8E9C-0979AB3FA322}.Release|Any CPU.ActiveCfg = Release|Any CPU
		{E36D9D13-8FCE-4DDC-8E9C-0979AB3FA322}.Release|Any CPU.Build.0 = Release|Any CPU
		{E36D9D13-8FCE-4DDC-8E9C-0979AB3FA322}.Release|x64.ActiveCfg = Release|Any CPU
		{E36D9D13-8FCE-4DDC-8E9C-0979AB3FA322}.Release|x64.Build.0 = Release|Any CPU
		{E36D9D13-8FCE-4DDC-8E9C-0979AB3FA322}.Release|x86.ActiveCfg = Release|Any CPU
		{E36D9D13-8FCE-4DDC-8E9C-0979AB3FA322}.Release|x86.Build.0 = Release|Any CPU
		{35642684-0D54-487D-9BB6-180CAB2B75AA}.Debug|Any CPU.ActiveCfg = Debug|Any CPU
		{35642684-0D54-487D-9BB6-180CAB2B75AA}.Debug|Any CPU.Build.0 = Debug|Any CPU
		{35642684-0D54-487D-9BB6-180CAB2B75AA}.Debug|x64.ActiveCfg = Debug|Any CPU
		{35642684-0D54-487D-9BB6-180CAB2B75AA}.Debug|x64.Build.0 = Debug|Any CPU
		{35642684-0D54-487D-9BB6-180CAB2B75AA}.Debug|x86.ActiveCfg = Debug|Any CPU
		{35642684-0D54-487D-9BB6-180CAB2B75AA}.Debug|x86.Build.0 = Debug|Any CPU
		{35642684-0D54-487D-9BB6-180CAB2B75AA}.Release|Any CPU.ActiveCfg = Release|Any CPU
		{35642684-0D54-487D-9BB6-180CAB2B75AA}.Release|Any CPU.Build.0 = Release|Any CPU
		{35642684-0D54-487D-9BB6-180CAB2B75AA}.Release|x64.ActiveCfg = Release|Any CPU
		{35642684-0D54-487D-9BB6-180CAB2B75AA}.Release|x64.Build.0 = Release|Any CPU
		{35642684-0D54-487D-9BB6-180CAB2B75AA}.Release|x86.ActiveCfg = Release|Any CPU
		{35642684-0D54-487D-9BB6-180CAB2B75AA}.Release|x86.Build.0 = Release|Any CPU
		{A0B59F5D-FE10-4850-A57C-0D45245F4494}.Debug|Any CPU.ActiveCfg = Debug|Any CPU
		{A0B59F5D-FE10-4850-A57C-0D45245F4494}.Debug|Any CPU.Build.0 = Debug|Any CPU
		{A0B59F5D-FE10-4850-A57C-0D45245F4494}.Debug|x64.ActiveCfg = Debug|Any CPU
		{A0B59F5D-FE10-4850-A57C-0D45245F4494}.Debug|x64.Build.0 = Debug|Any CPU
		{A0B59F5D-FE10-4850-A57C-0D45245F4494}.Debug|x86.ActiveCfg = Debug|Any CPU
		{A0B59F5D-FE10-4850-A57C-0D45245F4494}.Debug|x86.Build.0 = Debug|Any CPU
		{A0B59F5D-FE10-4850-A57C-0D45245F4494}.Release|Any CPU.ActiveCfg = Release|Any CPU
		{A0B59F5D-FE10-4850-A57C-0D45245F4494}.Release|Any CPU.Build.0 = Release|Any CPU
		{A0B59F5D-FE10-4850-A57C-0D45245F4494}.Release|x64.ActiveCfg = Release|Any CPU
		{A0B59F5D-FE10-4850-A57C-0D45245F4494}.Release|x64.Build.0 = Release|Any CPU
		{A0B59F5D-FE10-4850-A57C-0D45245F4494}.Release|x86.ActiveCfg = Release|Any CPU
		{A0B59F5D-FE10-4850-A57C-0D45245F4494}.Release|x86.Build.0 = Release|Any CPU
		{EE71982A-C0B8-47F4-BCA1-2C6289608FD4}.Debug|Any CPU.ActiveCfg = Debug|Any CPU
		{EE71982A-C0B8-47F4-BCA1-2C6289608FD4}.Debug|Any CPU.Build.0 = Debug|Any CPU
		{EE71982A-C0B8-47F4-BCA1-2C6289608FD4}.Debug|x64.ActiveCfg = Debug|Any CPU
		{EE71982A-C0B8-47F4-BCA1-2C6289608FD4}.Debug|x64.Build.0 = Debug|Any CPU
		{EE71982A-C0B8-47F4-BCA1-2C6289608FD4}.Debug|x86.ActiveCfg = Debug|Any CPU
		{EE71982A-C0B8-47F4-BCA1-2C6289608FD4}.Debug|x86.Build.0 = Debug|Any CPU
		{EE71982A-C0B8-47F4-BCA1-2C6289608FD4}.Release|Any CPU.ActiveCfg = Release|Any CPU
		{EE71982A-C0B8-47F4-BCA1-2C6289608FD4}.Release|Any CPU.Build.0 = Release|Any CPU
		{EE71982A-C0B8-47F4-BCA1-2C6289608FD4}.Release|x64.ActiveCfg = Release|Any CPU
		{EE71982A-C0B8-47F4-BCA1-2C6289608FD4}.Release|x64.Build.0 = Release|Any CPU
		{EE71982A-C0B8-47F4-BCA1-2C6289608FD4}.Release|x86.ActiveCfg = Release|Any CPU
		{EE71982A-C0B8-47F4-BCA1-2C6289608FD4}.Release|x86.Build.0 = Release|Any CPU
		{A574EABB-97A9-4E5F-AB21-2FB045450739}.Debug|Any CPU.ActiveCfg = Debug|Any CPU
		{A574EABB-97A9-4E5F-AB21-2FB045450739}.Debug|Any CPU.Build.0 = Debug|Any CPU
		{A574EABB-97A9-4E5F-AB21-2FB045450739}.Debug|x64.ActiveCfg = Debug|Any CPU
		{A574EABB-97A9-4E5F-AB21-2FB045450739}.Debug|x64.Build.0 = Debug|Any CPU
		{A574EABB-97A9-4E5F-AB21-2FB045450739}.Debug|x86.ActiveCfg = Debug|Any CPU
		{A574EABB-97A9-4E5F-AB21-2FB045450739}.Debug|x86.Build.0 = Debug|Any CPU
		{A574EABB-97A9-4E5F-AB21-2FB045450739}.Release|Any CPU.ActiveCfg = Release|Any CPU
		{A574EABB-97A9-4E5F-AB21-2FB045450739}.Release|Any CPU.Build.0 = Release|Any CPU
		{A574EABB-97A9-4E5F-AB21-2FB045450739}.Release|x64.ActiveCfg = Release|Any CPU
		{A574EABB-97A9-4E5F-AB21-2FB045450739}.Release|x64.Build.0 = Release|Any CPU
		{A574EABB-97A9-4E5F-AB21-2FB045450739}.Release|x86.ActiveCfg = Release|Any CPU
		{A574EABB-97A9-4E5F-AB21-2FB045450739}.Release|x86.Build.0 = Release|Any CPU
		{BDFB278C-4996-44E6-9C75-1C2FD1FEFFAC}.Debug|Any CPU.ActiveCfg = Debug|Any CPU
		{BDFB278C-4996-44E6-9C75-1C2FD1FEFFAC}.Debug|Any CPU.Build.0 = Debug|Any CPU
		{BDFB278C-4996-44E6-9C75-1C2FD1FEFFAC}.Debug|x64.ActiveCfg = Debug|Any CPU
		{BDFB278C-4996-44E6-9C75-1C2FD1FEFFAC}.Debug|x64.Build.0 = Debug|Any CPU
		{BDFB278C-4996-44E6-9C75-1C2FD1FEFFAC}.Debug|x86.ActiveCfg = Debug|Any CPU
		{BDFB278C-4996-44E6-9C75-1C2FD1FEFFAC}.Debug|x86.Build.0 = Debug|Any CPU
		{BDFB278C-4996-44E6-9C75-1C2FD1FEFFAC}.Release|Any CPU.ActiveCfg = Release|Any CPU
		{BDFB278C-4996-44E6-9C75-1C2FD1FEFFAC}.Release|Any CPU.Build.0 = Release|Any CPU
		{BDFB278C-4996-44E6-9C75-1C2FD1FEFFAC}.Release|x64.ActiveCfg = Release|Any CPU
		{BDFB278C-4996-44E6-9C75-1C2FD1FEFFAC}.Release|x64.Build.0 = Release|Any CPU
		{BDFB278C-4996-44E6-9C75-1C2FD1FEFFAC}.Release|x86.ActiveCfg = Release|Any CPU
		{BDFB278C-4996-44E6-9C75-1C2FD1FEFFAC}.Release|x86.Build.0 = Release|Any CPU
		{000940EC-8C35-4B40-85C3-99FCB6AFB86F}.Debug|Any CPU.ActiveCfg = Debug|Any CPU
		{000940EC-8C35-4B40-85C3-99FCB6AFB86F}.Debug|Any CPU.Build.0 = Debug|Any CPU
		{000940EC-8C35-4B40-85C3-99FCB6AFB86F}.Debug|x64.ActiveCfg = Debug|Any CPU
		{000940EC-8C35-4B40-85C3-99FCB6AFB86F}.Debug|x64.Build.0 = Debug|Any CPU
		{000940EC-8C35-4B40-85C3-99FCB6AFB86F}.Debug|x86.ActiveCfg = Debug|Any CPU
		{000940EC-8C35-4B40-85C3-99FCB6AFB86F}.Debug|x86.Build.0 = Debug|Any CPU
		{000940EC-8C35-4B40-85C3-99FCB6AFB86F}.Release|Any CPU.ActiveCfg = Release|Any CPU
		{000940EC-8C35-4B40-85C3-99FCB6AFB86F}.Release|Any CPU.Build.0 = Release|Any CPU
		{000940EC-8C35-4B40-85C3-99FCB6AFB86F}.Release|x64.ActiveCfg = Release|Any CPU
		{000940EC-8C35-4B40-85C3-99FCB6AFB86F}.Release|x64.Build.0 = Release|Any CPU
		{000940EC-8C35-4B40-85C3-99FCB6AFB86F}.Release|x86.ActiveCfg = Release|Any CPU
		{000940EC-8C35-4B40-85C3-99FCB6AFB86F}.Release|x86.Build.0 = Release|Any CPU
		{7EDE39C1-15C1-4101-9249-8147B24B196E}.Debug|Any CPU.ActiveCfg = Debug|Any CPU
		{7EDE39C1-15C1-4101-9249-8147B24B196E}.Debug|Any CPU.Build.0 = Debug|Any CPU
		{7EDE39C1-15C1-4101-9249-8147B24B196E}.Debug|x64.ActiveCfg = Debug|Any CPU
		{7EDE39C1-15C1-4101-9249-8147B24B196E}.Debug|x64.Build.0 = Debug|Any CPU
		{7EDE39C1-15C1-4101-9249-8147B24B196E}.Debug|x86.ActiveCfg = Debug|Any CPU
		{7EDE39C1-15C1-4101-9249-8147B24B196E}.Debug|x86.Build.0 = Debug|Any CPU
		{7EDE39C1-15C1-4101-9249-8147B24B196E}.Release|Any CPU.ActiveCfg = Release|Any CPU
		{7EDE39C1-15C1-4101-9249-8147B24B196E}.Release|Any CPU.Build.0 = Release|Any CPU
		{7EDE39C1-15C1-4101-9249-8147B24B196E}.Release|x64.ActiveCfg = Release|Any CPU
		{7EDE39C1-15C1-4101-9249-8147B24B196E}.Release|x64.Build.0 = Release|Any CPU
		{7EDE39C1-15C1-4101-9249-8147B24B196E}.Release|x86.ActiveCfg = Release|Any CPU
		{7EDE39C1-15C1-4101-9249-8147B24B196E}.Release|x86.Build.0 = Release|Any CPU
		{9C6A7125-6D81-4B8F-8F64-7C5EF4E62877}.Debug|Any CPU.ActiveCfg = Debug|Any CPU
		{9C6A7125-6D81-4B8F-8F64-7C5EF4E62877}.Debug|Any CPU.Build.0 = Debug|Any CPU
		{9C6A7125-6D81-4B8F-8F64-7C5EF4E62877}.Debug|x64.ActiveCfg = Debug|Any CPU
		{9C6A7125-6D81-4B8F-8F64-7C5EF4E62877}.Debug|x64.Build.0 = Debug|Any CPU
		{9C6A7125-6D81-4B8F-8F64-7C5EF4E62877}.Debug|x86.ActiveCfg = Debug|Any CPU
		{9C6A7125-6D81-4B8F-8F64-7C5EF4E62877}.Debug|x86.Build.0 = Debug|Any CPU
		{9C6A7125-6D81-4B8F-8F64-7C5EF4E62877}.Release|Any CPU.ActiveCfg = Release|Any CPU
		{9C6A7125-6D81-4B8F-8F64-7C5EF4E62877}.Release|Any CPU.Build.0 = Release|Any CPU
		{9C6A7125-6D81-4B8F-8F64-7C5EF4E62877}.Release|x64.ActiveCfg = Release|Any CPU
		{9C6A7125-6D81-4B8F-8F64-7C5EF4E62877}.Release|x64.Build.0 = Release|Any CPU
		{9C6A7125-6D81-4B8F-8F64-7C5EF4E62877}.Release|x86.ActiveCfg = Release|Any CPU
		{9C6A7125-6D81-4B8F-8F64-7C5EF4E62877}.Release|x86.Build.0 = Release|Any CPU
		{28E1F462-8A99-4B25-9ABF-CF0C2DB0100E}.Debug|Any CPU.ActiveCfg = Debug|Any CPU
		{28E1F462-8A99-4B25-9ABF-CF0C2DB0100E}.Debug|Any CPU.Build.0 = Debug|Any CPU
		{28E1F462-8A99-4B25-9ABF-CF0C2DB0100E}.Debug|x64.ActiveCfg = Debug|Any CPU
		{28E1F462-8A99-4B25-9ABF-CF0C2DB0100E}.Debug|x64.Build.0 = Debug|Any CPU
		{28E1F462-8A99-4B25-9ABF-CF0C2DB0100E}.Debug|x86.ActiveCfg = Debug|Any CPU
		{28E1F462-8A99-4B25-9ABF-CF0C2DB0100E}.Debug|x86.Build.0 = Debug|Any CPU
		{28E1F462-8A99-4B25-9ABF-CF0C2DB0100E}.Release|Any CPU.ActiveCfg = Release|Any CPU
		{28E1F462-8A99-4B25-9ABF-CF0C2DB0100E}.Release|Any CPU.Build.0 = Release|Any CPU
		{28E1F462-8A99-4B25-9ABF-CF0C2DB0100E}.Release|x64.ActiveCfg = Release|Any CPU
		{28E1F462-8A99-4B25-9ABF-CF0C2DB0100E}.Release|x64.Build.0 = Release|Any CPU
		{28E1F462-8A99-4B25-9ABF-CF0C2DB0100E}.Release|x86.ActiveCfg = Release|Any CPU
		{28E1F462-8A99-4B25-9ABF-CF0C2DB0100E}.Release|x86.Build.0 = Release|Any CPU
		{7490739D-1628-490C-97E3-ED44E84057E1}.Debug|Any CPU.ActiveCfg = Debug|Any CPU
		{7490739D-1628-490C-97E3-ED44E84057E1}.Debug|Any CPU.Build.0 = Debug|Any CPU
		{7490739D-1628-490C-97E3-ED44E84057E1}.Debug|x64.ActiveCfg = Debug|Any CPU
		{7490739D-1628-490C-97E3-ED44E84057E1}.Debug|x64.Build.0 = Debug|Any CPU
		{7490739D-1628-490C-97E3-ED44E84057E1}.Debug|x86.ActiveCfg = Debug|Any CPU
		{7490739D-1628-490C-97E3-ED44E84057E1}.Debug|x86.Build.0 = Debug|Any CPU
		{7490739D-1628-490C-97E3-ED44E84057E1}.Release|Any CPU.ActiveCfg = Release|Any CPU
		{7490739D-1628-490C-97E3-ED44E84057E1}.Release|Any CPU.Build.0 = Release|Any CPU
		{7490739D-1628-490C-97E3-ED44E84057E1}.Release|x64.ActiveCfg = Release|Any CPU
		{7490739D-1628-490C-97E3-ED44E84057E1}.Release|x64.Build.0 = Release|Any CPU
		{7490739D-1628-490C-97E3-ED44E84057E1}.Release|x86.ActiveCfg = Release|Any CPU
		{7490739D-1628-490C-97E3-ED44E84057E1}.Release|x86.Build.0 = Release|Any CPU
		{1C6F1522-2969-45FE-B718-D774910B3962}.Debug|Any CPU.ActiveCfg = Debug|Any CPU
		{1C6F1522-2969-45FE-B718-D774910B3962}.Debug|Any CPU.Build.0 = Debug|Any CPU
		{1C6F1522-2969-45FE-B718-D774910B3962}.Debug|x64.ActiveCfg = Debug|Any CPU
		{1C6F1522-2969-45FE-B718-D774910B3962}.Debug|x64.Build.0 = Debug|Any CPU
		{1C6F1522-2969-45FE-B718-D774910B3962}.Debug|x86.ActiveCfg = Debug|Any CPU
		{1C6F1522-2969-45FE-B718-D774910B3962}.Debug|x86.Build.0 = Debug|Any CPU
		{1C6F1522-2969-45FE-B718-D774910B3962}.Release|Any CPU.ActiveCfg = Release|Any CPU
		{1C6F1522-2969-45FE-B718-D774910B3962}.Release|Any CPU.Build.0 = Release|Any CPU
		{1C6F1522-2969-45FE-B718-D774910B3962}.Release|x64.ActiveCfg = Release|Any CPU
		{1C6F1522-2969-45FE-B718-D774910B3962}.Release|x64.Build.0 = Release|Any CPU
		{1C6F1522-2969-45FE-B718-D774910B3962}.Release|x86.ActiveCfg = Release|Any CPU
		{1C6F1522-2969-45FE-B718-D774910B3962}.Release|x86.Build.0 = Release|Any CPU
		{D77C095B-57C2-4EB3-BA8E-3D4F98B26DCA}.Debug|Any CPU.ActiveCfg = Debug|Any CPU
		{D77C095B-57C2-4EB3-BA8E-3D4F98B26DCA}.Debug|Any CPU.Build.0 = Debug|Any CPU
		{D77C095B-57C2-4EB3-BA8E-3D4F98B26DCA}.Debug|x64.ActiveCfg = Debug|Any CPU
		{D77C095B-57C2-4EB3-BA8E-3D4F98B26DCA}.Debug|x64.Build.0 = Debug|Any CPU
		{D77C095B-57C2-4EB3-BA8E-3D4F98B26DCA}.Debug|x86.ActiveCfg = Debug|Any CPU
		{D77C095B-57C2-4EB3-BA8E-3D4F98B26DCA}.Debug|x86.Build.0 = Debug|Any CPU
		{D77C095B-57C2-4EB3-BA8E-3D4F98B26DCA}.Release|Any CPU.ActiveCfg = Release|Any CPU
		{D77C095B-57C2-4EB3-BA8E-3D4F98B26DCA}.Release|Any CPU.Build.0 = Release|Any CPU
		{D77C095B-57C2-4EB3-BA8E-3D4F98B26DCA}.Release|x64.ActiveCfg = Release|Any CPU
		{D77C095B-57C2-4EB3-BA8E-3D4F98B26DCA}.Release|x64.Build.0 = Release|Any CPU
		{D77C095B-57C2-4EB3-BA8E-3D4F98B26DCA}.Release|x86.ActiveCfg = Release|Any CPU
		{D77C095B-57C2-4EB3-BA8E-3D4F98B26DCA}.Release|x86.Build.0 = Release|Any CPU
		{ED47E405-21AC-457A-823F-EF6C30D1AF50}.Debug|Any CPU.ActiveCfg = Debug|Any CPU
		{ED47E405-21AC-457A-823F-EF6C30D1AF50}.Debug|Any CPU.Build.0 = Debug|Any CPU
		{ED47E405-21AC-457A-823F-EF6C30D1AF50}.Debug|x64.ActiveCfg = Debug|Any CPU
		{ED47E405-21AC-457A-823F-EF6C30D1AF50}.Debug|x64.Build.0 = Debug|Any CPU
		{ED47E405-21AC-457A-823F-EF6C30D1AF50}.Debug|x86.ActiveCfg = Debug|Any CPU
		{ED47E405-21AC-457A-823F-EF6C30D1AF50}.Debug|x86.Build.0 = Debug|Any CPU
		{ED47E405-21AC-457A-823F-EF6C30D1AF50}.Release|Any CPU.ActiveCfg = Release|Any CPU
		{ED47E405-21AC-457A-823F-EF6C30D1AF50}.Release|Any CPU.Build.0 = Release|Any CPU
		{ED47E405-21AC-457A-823F-EF6C30D1AF50}.Release|x64.ActiveCfg = Release|Any CPU
		{ED47E405-21AC-457A-823F-EF6C30D1AF50}.Release|x64.Build.0 = Release|Any CPU
		{ED47E405-21AC-457A-823F-EF6C30D1AF50}.Release|x86.ActiveCfg = Release|Any CPU
		{ED47E405-21AC-457A-823F-EF6C30D1AF50}.Release|x86.Build.0 = Release|Any CPU
		{52231ED7-8838-464F-A9B0-5774C28660E2}.Debug|Any CPU.ActiveCfg = Debug|Any CPU
		{52231ED7-8838-464F-A9B0-5774C28660E2}.Debug|Any CPU.Build.0 = Debug|Any CPU
		{52231ED7-8838-464F-A9B0-5774C28660E2}.Debug|x64.ActiveCfg = Debug|Any CPU
		{52231ED7-8838-464F-A9B0-5774C28660E2}.Debug|x64.Build.0 = Debug|Any CPU
		{52231ED7-8838-464F-A9B0-5774C28660E2}.Debug|x86.ActiveCfg = Debug|Any CPU
		{52231ED7-8838-464F-A9B0-5774C28660E2}.Debug|x86.Build.0 = Debug|Any CPU
		{52231ED7-8838-464F-A9B0-5774C28660E2}.Release|Any CPU.ActiveCfg = Release|Any CPU
		{52231ED7-8838-464F-A9B0-5774C28660E2}.Release|Any CPU.Build.0 = Release|Any CPU
		{52231ED7-8838-464F-A9B0-5774C28660E2}.Release|x64.ActiveCfg = Release|Any CPU
		{52231ED7-8838-464F-A9B0-5774C28660E2}.Release|x64.Build.0 = Release|Any CPU
		{52231ED7-8838-464F-A9B0-5774C28660E2}.Release|x86.ActiveCfg = Release|Any CPU
		{52231ED7-8838-464F-A9B0-5774C28660E2}.Release|x86.Build.0 = Release|Any CPU
		{589D67C9-D00D-4AB7-A2B6-9E5E25203C01}.Debug|Any CPU.ActiveCfg = Debug|Any CPU
		{589D67C9-D00D-4AB7-A2B6-9E5E25203C01}.Debug|Any CPU.Build.0 = Debug|Any CPU
		{589D67C9-D00D-4AB7-A2B6-9E5E25203C01}.Debug|x64.ActiveCfg = Debug|Any CPU
		{589D67C9-D00D-4AB7-A2B6-9E5E25203C01}.Debug|x64.Build.0 = Debug|Any CPU
		{589D67C9-D00D-4AB7-A2B6-9E5E25203C01}.Debug|x86.ActiveCfg = Debug|Any CPU
		{589D67C9-D00D-4AB7-A2B6-9E5E25203C01}.Debug|x86.Build.0 = Debug|Any CPU
		{589D67C9-D00D-4AB7-A2B6-9E5E25203C01}.Release|Any CPU.ActiveCfg = Release|Any CPU
		{589D67C9-D00D-4AB7-A2B6-9E5E25203C01}.Release|Any CPU.Build.0 = Release|Any CPU
		{589D67C9-D00D-4AB7-A2B6-9E5E25203C01}.Release|x64.ActiveCfg = Release|Any CPU
		{589D67C9-D00D-4AB7-A2B6-9E5E25203C01}.Release|x64.Build.0 = Release|Any CPU
		{589D67C9-D00D-4AB7-A2B6-9E5E25203C01}.Release|x86.ActiveCfg = Release|Any CPU
		{589D67C9-D00D-4AB7-A2B6-9E5E25203C01}.Release|x86.Build.0 = Release|Any CPU
		{7D80321D-A4C6-47E9-A56D-EAF752C6DBE7}.Debug|Any CPU.ActiveCfg = Debug|Any CPU
		{7D80321D-A4C6-47E9-A56D-EAF752C6DBE7}.Debug|Any CPU.Build.0 = Debug|Any CPU
		{7D80321D-A4C6-47E9-A56D-EAF752C6DBE7}.Debug|x64.ActiveCfg = Debug|Any CPU
		{7D80321D-A4C6-47E9-A56D-EAF752C6DBE7}.Debug|x64.Build.0 = Debug|Any CPU
		{7D80321D-A4C6-47E9-A56D-EAF752C6DBE7}.Debug|x86.ActiveCfg = Debug|Any CPU
		{7D80321D-A4C6-47E9-A56D-EAF752C6DBE7}.Debug|x86.Build.0 = Debug|Any CPU
		{7D80321D-A4C6-47E9-A56D-EAF752C6DBE7}.Release|Any CPU.ActiveCfg = Release|Any CPU
		{7D80321D-A4C6-47E9-A56D-EAF752C6DBE7}.Release|Any CPU.Build.0 = Release|Any CPU
		{7D80321D-A4C6-47E9-A56D-EAF752C6DBE7}.Release|x64.ActiveCfg = Release|Any CPU
		{7D80321D-A4C6-47E9-A56D-EAF752C6DBE7}.Release|x64.Build.0 = Release|Any CPU
		{7D80321D-A4C6-47E9-A56D-EAF752C6DBE7}.Release|x86.ActiveCfg = Release|Any CPU
		{7D80321D-A4C6-47E9-A56D-EAF752C6DBE7}.Release|x86.Build.0 = Release|Any CPU
		{DB27FA84-4AAD-49E1-9B2E-E9EDBEB666DC}.Debug|Any CPU.ActiveCfg = Debug|Any CPU
		{DB27FA84-4AAD-49E1-9B2E-E9EDBEB666DC}.Debug|Any CPU.Build.0 = Debug|Any CPU
		{DB27FA84-4AAD-49E1-9B2E-E9EDBEB666DC}.Debug|x64.ActiveCfg = Debug|Any CPU
		{DB27FA84-4AAD-49E1-9B2E-E9EDBEB666DC}.Debug|x64.Build.0 = Debug|Any CPU
		{DB27FA84-4AAD-49E1-9B2E-E9EDBEB666DC}.Debug|x86.ActiveCfg = Debug|Any CPU
		{DB27FA84-4AAD-49E1-9B2E-E9EDBEB666DC}.Debug|x86.Build.0 = Debug|Any CPU
		{DB27FA84-4AAD-49E1-9B2E-E9EDBEB666DC}.Release|Any CPU.ActiveCfg = Release|Any CPU
		{DB27FA84-4AAD-49E1-9B2E-E9EDBEB666DC}.Release|Any CPU.Build.0 = Release|Any CPU
		{DB27FA84-4AAD-49E1-9B2E-E9EDBEB666DC}.Release|x64.ActiveCfg = Release|Any CPU
		{DB27FA84-4AAD-49E1-9B2E-E9EDBEB666DC}.Release|x64.Build.0 = Release|Any CPU
		{DB27FA84-4AAD-49E1-9B2E-E9EDBEB666DC}.Release|x86.ActiveCfg = Release|Any CPU
		{DB27FA84-4AAD-49E1-9B2E-E9EDBEB666DC}.Release|x86.Build.0 = Release|Any CPU
		{C67E33BD-BAD5-427C-9657-DF26843639FD}.Debug|Any CPU.ActiveCfg = Debug|Any CPU
		{C67E33BD-BAD5-427C-9657-DF26843639FD}.Debug|Any CPU.Build.0 = Debug|Any CPU
		{C67E33BD-BAD5-427C-9657-DF26843639FD}.Debug|x64.ActiveCfg = Debug|Any CPU
		{C67E33BD-BAD5-427C-9657-DF26843639FD}.Debug|x64.Build.0 = Debug|Any CPU
		{C67E33BD-BAD5-427C-9657-DF26843639FD}.Debug|x86.ActiveCfg = Debug|Any CPU
		{C67E33BD-BAD5-427C-9657-DF26843639FD}.Debug|x86.Build.0 = Debug|Any CPU
		{C67E33BD-BAD5-427C-9657-DF26843639FD}.Release|Any CPU.ActiveCfg = Release|Any CPU
		{C67E33BD-BAD5-427C-9657-DF26843639FD}.Release|Any CPU.Build.0 = Release|Any CPU
		{C67E33BD-BAD5-427C-9657-DF26843639FD}.Release|x64.ActiveCfg = Release|Any CPU
		{C67E33BD-BAD5-427C-9657-DF26843639FD}.Release|x64.Build.0 = Release|Any CPU
		{C67E33BD-BAD5-427C-9657-DF26843639FD}.Release|x86.ActiveCfg = Release|Any CPU
		{C67E33BD-BAD5-427C-9657-DF26843639FD}.Release|x86.Build.0 = Release|Any CPU
		{72070E73-1CD9-4773-94FC-361E28F677A0}.Debug|Any CPU.ActiveCfg = Debug|Any CPU
		{72070E73-1CD9-4773-94FC-361E28F677A0}.Debug|Any CPU.Build.0 = Debug|Any CPU
		{72070E73-1CD9-4773-94FC-361E28F677A0}.Debug|x64.ActiveCfg = Debug|Any CPU
		{72070E73-1CD9-4773-94FC-361E28F677A0}.Debug|x64.Build.0 = Debug|Any CPU
		{72070E73-1CD9-4773-94FC-361E28F677A0}.Debug|x86.ActiveCfg = Debug|Any CPU
		{72070E73-1CD9-4773-94FC-361E28F677A0}.Debug|x86.Build.0 = Debug|Any CPU
		{72070E73-1CD9-4773-94FC-361E28F677A0}.Release|Any CPU.ActiveCfg = Release|Any CPU
		{72070E73-1CD9-4773-94FC-361E28F677A0}.Release|Any CPU.Build.0 = Release|Any CPU
		{72070E73-1CD9-4773-94FC-361E28F677A0}.Release|x64.ActiveCfg = Release|Any CPU
		{72070E73-1CD9-4773-94FC-361E28F677A0}.Release|x64.Build.0 = Release|Any CPU
		{72070E73-1CD9-4773-94FC-361E28F677A0}.Release|x86.ActiveCfg = Release|Any CPU
		{72070E73-1CD9-4773-94FC-361E28F677A0}.Release|x86.Build.0 = Release|Any CPU
		{3ECE55AC-31A0-40DB-9469-0CE55E72D0B5}.Debug|Any CPU.ActiveCfg = Debug|Any CPU
		{3ECE55AC-31A0-40DB-9469-0CE55E72D0B5}.Debug|Any CPU.Build.0 = Debug|Any CPU
		{3ECE55AC-31A0-40DB-9469-0CE55E72D0B5}.Debug|x64.ActiveCfg = Debug|Any CPU
		{3ECE55AC-31A0-40DB-9469-0CE55E72D0B5}.Debug|x64.Build.0 = Debug|Any CPU
		{3ECE55AC-31A0-40DB-9469-0CE55E72D0B5}.Debug|x86.ActiveCfg = Debug|Any CPU
		{3ECE55AC-31A0-40DB-9469-0CE55E72D0B5}.Debug|x86.Build.0 = Debug|Any CPU
		{3ECE55AC-31A0-40DB-9469-0CE55E72D0B5}.Release|Any CPU.ActiveCfg = Release|Any CPU
		{3ECE55AC-31A0-40DB-9469-0CE55E72D0B5}.Release|Any CPU.Build.0 = Release|Any CPU
		{3ECE55AC-31A0-40DB-9469-0CE55E72D0B5}.Release|x64.ActiveCfg = Release|Any CPU
		{3ECE55AC-31A0-40DB-9469-0CE55E72D0B5}.Release|x64.Build.0 = Release|Any CPU
		{3ECE55AC-31A0-40DB-9469-0CE55E72D0B5}.Release|x86.ActiveCfg = Release|Any CPU
		{3ECE55AC-31A0-40DB-9469-0CE55E72D0B5}.Release|x86.Build.0 = Release|Any CPU
		{AC6D24B1-C25D-4DFC-93FA-FE66207979FD}.Debug|Any CPU.ActiveCfg = Debug|Any CPU
		{AC6D24B1-C25D-4DFC-93FA-FE66207979FD}.Debug|Any CPU.Build.0 = Debug|Any CPU
		{AC6D24B1-C25D-4DFC-93FA-FE66207979FD}.Debug|x64.ActiveCfg = Debug|Any CPU
		{AC6D24B1-C25D-4DFC-93FA-FE66207979FD}.Debug|x64.Build.0 = Debug|Any CPU
		{AC6D24B1-C25D-4DFC-93FA-FE66207979FD}.Debug|x86.ActiveCfg = Debug|Any CPU
		{AC6D24B1-C25D-4DFC-93FA-FE66207979FD}.Debug|x86.Build.0 = Debug|Any CPU
		{AC6D24B1-C25D-4DFC-93FA-FE66207979FD}.Release|Any CPU.ActiveCfg = Release|Any CPU
		{AC6D24B1-C25D-4DFC-93FA-FE66207979FD}.Release|Any CPU.Build.0 = Release|Any CPU
		{AC6D24B1-C25D-4DFC-93FA-FE66207979FD}.Release|x64.ActiveCfg = Release|Any CPU
		{AC6D24B1-C25D-4DFC-93FA-FE66207979FD}.Release|x64.Build.0 = Release|Any CPU
		{AC6D24B1-C25D-4DFC-93FA-FE66207979FD}.Release|x86.ActiveCfg = Release|Any CPU
		{AC6D24B1-C25D-4DFC-93FA-FE66207979FD}.Release|x86.Build.0 = Release|Any CPU
		{D2AE799B-B8E6-4978-9D53-1628E0A9D4AA}.Debug|Any CPU.ActiveCfg = Debug|Any CPU
		{D2AE799B-B8E6-4978-9D53-1628E0A9D4AA}.Debug|Any CPU.Build.0 = Debug|Any CPU
		{D2AE799B-B8E6-4978-9D53-1628E0A9D4AA}.Debug|x64.ActiveCfg = Debug|Any CPU
		{D2AE799B-B8E6-4978-9D53-1628E0A9D4AA}.Debug|x64.Build.0 = Debug|Any CPU
		{D2AE799B-B8E6-4978-9D53-1628E0A9D4AA}.Debug|x86.ActiveCfg = Debug|Any CPU
		{D2AE799B-B8E6-4978-9D53-1628E0A9D4AA}.Debug|x86.Build.0 = Debug|Any CPU
		{D2AE799B-B8E6-4978-9D53-1628E0A9D4AA}.Release|Any CPU.ActiveCfg = Release|Any CPU
		{D2AE799B-B8E6-4978-9D53-1628E0A9D4AA}.Release|Any CPU.Build.0 = Release|Any CPU
		{D2AE799B-B8E6-4978-9D53-1628E0A9D4AA}.Release|x64.ActiveCfg = Release|Any CPU
		{D2AE799B-B8E6-4978-9D53-1628E0A9D4AA}.Release|x64.Build.0 = Release|Any CPU
		{D2AE799B-B8E6-4978-9D53-1628E0A9D4AA}.Release|x86.ActiveCfg = Release|Any CPU
		{D2AE799B-B8E6-4978-9D53-1628E0A9D4AA}.Release|x86.Build.0 = Release|Any CPU
		{EEF6B5E3-2A36-42E8-A0FE-FDB7F482722F}.Debug|Any CPU.ActiveCfg = Debug|Any CPU
		{EEF6B5E3-2A36-42E8-A0FE-FDB7F482722F}.Debug|Any CPU.Build.0 = Debug|Any CPU
		{EEF6B5E3-2A36-42E8-A0FE-FDB7F482722F}.Debug|x64.ActiveCfg = Debug|Any CPU
		{EEF6B5E3-2A36-42E8-A0FE-FDB7F482722F}.Debug|x64.Build.0 = Debug|Any CPU
		{EEF6B5E3-2A36-42E8-A0FE-FDB7F482722F}.Debug|x86.ActiveCfg = Debug|Any CPU
		{EEF6B5E3-2A36-42E8-A0FE-FDB7F482722F}.Debug|x86.Build.0 = Debug|Any CPU
		{EEF6B5E3-2A36-42E8-A0FE-FDB7F482722F}.Release|Any CPU.ActiveCfg = Release|Any CPU
		{EEF6B5E3-2A36-42E8-A0FE-FDB7F482722F}.Release|Any CPU.Build.0 = Release|Any CPU
		{EEF6B5E3-2A36-42E8-A0FE-FDB7F482722F}.Release|x64.ActiveCfg = Release|Any CPU
		{EEF6B5E3-2A36-42E8-A0FE-FDB7F482722F}.Release|x64.Build.0 = Release|Any CPU
		{EEF6B5E3-2A36-42E8-A0FE-FDB7F482722F}.Release|x86.ActiveCfg = Release|Any CPU
		{EEF6B5E3-2A36-42E8-A0FE-FDB7F482722F}.Release|x86.Build.0 = Release|Any CPU
		{FD0AF29A-70FE-4510-81C5-ECD3C7582B13}.Debug|Any CPU.ActiveCfg = Debug|Any CPU
		{FD0AF29A-70FE-4510-81C5-ECD3C7582B13}.Debug|Any CPU.Build.0 = Debug|Any CPU
		{FD0AF29A-70FE-4510-81C5-ECD3C7582B13}.Debug|x64.ActiveCfg = Debug|Any CPU
		{FD0AF29A-70FE-4510-81C5-ECD3C7582B13}.Debug|x64.Build.0 = Debug|Any CPU
		{FD0AF29A-70FE-4510-81C5-ECD3C7582B13}.Debug|x86.ActiveCfg = Debug|Any CPU
		{FD0AF29A-70FE-4510-81C5-ECD3C7582B13}.Debug|x86.Build.0 = Debug|Any CPU
		{FD0AF29A-70FE-4510-81C5-ECD3C7582B13}.Release|Any CPU.ActiveCfg = Release|Any CPU
		{FD0AF29A-70FE-4510-81C5-ECD3C7582B13}.Release|Any CPU.Build.0 = Release|Any CPU
		{FD0AF29A-70FE-4510-81C5-ECD3C7582B13}.Release|x64.ActiveCfg = Release|Any CPU
		{FD0AF29A-70FE-4510-81C5-ECD3C7582B13}.Release|x64.Build.0 = Release|Any CPU
		{FD0AF29A-70FE-4510-81C5-ECD3C7582B13}.Release|x86.ActiveCfg = Release|Any CPU
		{FD0AF29A-70FE-4510-81C5-ECD3C7582B13}.Release|x86.Build.0 = Release|Any CPU
		{FA6C6ACF-8694-40D6-8A4B-DB52A6658D5B}.Debug|Any CPU.ActiveCfg = Debug|Any CPU
		{FA6C6ACF-8694-40D6-8A4B-DB52A6658D5B}.Debug|Any CPU.Build.0 = Debug|Any CPU
		{FA6C6ACF-8694-40D6-8A4B-DB52A6658D5B}.Debug|x64.ActiveCfg = Debug|Any CPU
		{FA6C6ACF-8694-40D6-8A4B-DB52A6658D5B}.Debug|x64.Build.0 = Debug|Any CPU
		{FA6C6ACF-8694-40D6-8A4B-DB52A6658D5B}.Debug|x86.ActiveCfg = Debug|Any CPU
		{FA6C6ACF-8694-40D6-8A4B-DB52A6658D5B}.Debug|x86.Build.0 = Debug|Any CPU
		{FA6C6ACF-8694-40D6-8A4B-DB52A6658D5B}.Release|Any CPU.ActiveCfg = Release|Any CPU
		{FA6C6ACF-8694-40D6-8A4B-DB52A6658D5B}.Release|Any CPU.Build.0 = Release|Any CPU
		{FA6C6ACF-8694-40D6-8A4B-DB52A6658D5B}.Release|x64.ActiveCfg = Release|Any CPU
		{FA6C6ACF-8694-40D6-8A4B-DB52A6658D5B}.Release|x64.Build.0 = Release|Any CPU
		{FA6C6ACF-8694-40D6-8A4B-DB52A6658D5B}.Release|x86.ActiveCfg = Release|Any CPU
		{FA6C6ACF-8694-40D6-8A4B-DB52A6658D5B}.Release|x86.Build.0 = Release|Any CPU
	EndGlobalSection
	GlobalSection(SolutionProperties) = preSolution
		HideSolutionNode = FALSE
	EndGlobalSection
	GlobalSection(NestedProjects) = preSolution
		{554AD327-6DBA-4F8F-96F8-81CE7A0C863F} = {CA9AC87F-097E-4F15-8393-4BC07735A5B0}
		{1A94A50E-06DC-43C1-80B5-B662820EC3EB} = {CA9AC87F-097E-4F15-8393-4BC07735A5B0}
		{C956DD76-69C8-4A9C-83EA-D17DF83340FD} = {CA9AC87F-097E-4F15-8393-4BC07735A5B0}
		{42F719ED-8413-4895-B5B4-5AB56079BC66} = {CA9AC87F-097E-4F15-8393-4BC07735A5B0}
		{520659C8-C734-4298-A3DA-B539DB9DFC0B} = {CA9AC87F-097E-4F15-8393-4BC07735A5B0}
		{4164BDF7-F527-4E85-9CE6-E3C2D7426A27} = {CA9AC87F-097E-4F15-8393-4BC07735A5B0}
		{3B5A0094-670D-4BB1-BFDD-61B88A8773DC} = {CA9AC87F-097E-4F15-8393-4BC07735A5B0}
		{70680696-BB1E-4383-BCB2-42C3767171FB} = {CA9AC87F-097E-4F15-8393-4BC07735A5B0}
		{B260FF0D-EA6D-4853-9967-DD7C999D6A5D} = {CA9AC87F-097E-4F15-8393-4BC07735A5B0}
		{DEB92AEC-D759-9AFC-509F-0D05F29DF220} = {CA253913-39DE-BFD0-C9A3-4B7EC6FBDF17}
		{1421C7C7-7949-4E6F-BBE0-E9E76DB107E1} = {DEB92AEC-D759-9AFC-509F-0D05F29DF220}
		{19DD49E3-E096-4EB1-8A80-590DAC548AF5} = {DEB92AEC-D759-9AFC-509F-0D05F29DF220}
		{41E955E3-BF5D-449C-8E72-72C853F23A8F} = {DEB92AEC-D759-9AFC-509F-0D05F29DF220}
		{3D63AF92-6327-42CD-85C9-1F154C52185B} = {DEB92AEC-D759-9AFC-509F-0D05F29DF220}
		{14E3BB87-EA68-462A-A01F-F5B111790849} = {DEB92AEC-D759-9AFC-509F-0D05F29DF220}
		{CD11EE65-B9AB-40EB-90F5-83D8A7BAA6DA} = {DEB92AEC-D759-9AFC-509F-0D05F29DF220}
		{7C728062-1523-8369-9F85-A3D56A2EEA6B} = {CA253913-39DE-BFD0-C9A3-4B7EC6FBDF17}
		{8CF39C8D-F09F-44E7-AA01-5AF91E0A7ED8} = {7C728062-1523-8369-9F85-A3D56A2EEA6B}
		{001FB424-64ED-44FF-9F17-80909C1394CA} = {7C728062-1523-8369-9F85-A3D56A2EEA6B}
		{E174B3B0-92DB-4972-96A2-6C319B2BC7ED} = {7C728062-1523-8369-9F85-A3D56A2EEA6B}
		{5C647282-7FD6-4E3F-8B15-D7083EB6669D} = {7C728062-1523-8369-9F85-A3D56A2EEA6B}
		{E93F002A-2367-4509-81C6-053689F860F2} = {7C728062-1523-8369-9F85-A3D56A2EEA6B}
		{97BF901D-5856-420F-B453-15419F845E11} = {7C728062-1523-8369-9F85-A3D56A2EEA6B}
		{FA4AE607-530F-4A34-9620-04E217381852} = {7C728062-1523-8369-9F85-A3D56A2EEA6B}
		{39C98523-68D6-4738-ABAA-182ED9CF35FA} = {7C728062-1523-8369-9F85-A3D56A2EEA6B}
		{D4D7439B-3C10-47C6-9A8F-0306246DF173} = {7C728062-1523-8369-9F85-A3D56A2EEA6B}
		{4B13F8DC-F3FB-43CF-8E36-EE373D0A331B} = {7C728062-1523-8369-9F85-A3D56A2EEA6B}
		{BCCA6FED-D80B-4C44-BCC6-49113639429D} = {7C728062-1523-8369-9F85-A3D56A2EEA6B}
		{78E64B53-5142-43D0-8218-4F069DC06FED} = {7C728062-1523-8369-9F85-A3D56A2EEA6B}
		{CF99C40C-257E-4D6F-802F-9F7848BF0490} = {7C728062-1523-8369-9F85-A3D56A2EEA6B}
		{C9F569C6-5586-FF09-8A25-E11B5DB139A7} = {CA253913-39DE-BFD0-C9A3-4B7EC6FBDF17}
		{396D7663-5C1E-4CD1-99FE-907BDE89B81C} = {C9F569C6-5586-FF09-8A25-E11B5DB139A7}
		{6BFBD34D-A807-4B08-A6B2-37CF7B8F185C} = {C9F569C6-5586-FF09-8A25-E11B5DB139A7}
		{A6570647-A9E7-4D94-A074-045141998A05} = {C9F569C6-5586-FF09-8A25-E11B5DB139A7}
		{B0414A49-4B78-41EA-8D41-6F85EC4AD0C3} = {C9F569C6-5586-FF09-8A25-E11B5DB139A7}
		{22318504-20D0-4626-9D42-E7A69B19DA44} = {C9F569C6-5586-FF09-8A25-E11B5DB139A7}
		{72E3C4BB-382E-4B22-A16C-12A2E85683F8} = {C9F569C6-5586-FF09-8A25-E11B5DB139A7}
		{7F72989F-9F56-4A56-88B4-EDDDD0B7A2CB} = {C9F569C6-5586-FF09-8A25-E11B5DB139A7}
		{3F3DC0C7-038A-4A97-B035-9B2307CFEBE3} = {C9F569C6-5586-FF09-8A25-E11B5DB139A7}
		{09059527-3A7F-4F17-8DDE-EB252F0D7595} = {C9F569C6-5586-FF09-8A25-E11B5DB139A7}
		{54FC231C-AF59-489A-AD69-E6C1A5360443} = {C9F569C6-5586-FF09-8A25-E11B5DB139A7}
		{85193F09-BF97-44CA-B4FD-3B13E2E0B161} = {C9F569C6-5586-FF09-8A25-E11B5DB139A7}
		{2D2A6397-E32E-4DA4-932C-D32553EAF337} = {C9F569C6-5586-FF09-8A25-E11B5DB139A7}
		{937FE755-0142-4447-9B58-42279D6127F8} = {C9F569C6-5586-FF09-8A25-E11B5DB139A7}
		{F31B5EE8-2A16-45D1-979F-ED9434747791} = {C9F569C6-5586-FF09-8A25-E11B5DB139A7}
		{95EE2F43-2349-41C6-84C3-01F540105D01} = {C9F569C6-5586-FF09-8A25-E11B5DB139A7}
		{3D4A57F3-DECC-0220-00BB-52D409603F0B} = {CA253913-39DE-BFD0-C9A3-4B7EC6FBDF17}
		{E36D9D13-8FCE-4DDC-8E9C-0979AB3FA322} = {3D4A57F3-DECC-0220-00BB-52D409603F0B}
		{35642684-0D54-487D-9BB6-180CAB2B75AA} = {3D4A57F3-DECC-0220-00BB-52D409603F0B}
		{A0B59F5D-FE10-4850-A57C-0D45245F4494} = {3D4A57F3-DECC-0220-00BB-52D409603F0B}
		{EE71982A-C0B8-47F4-BCA1-2C6289608FD4} = {3D4A57F3-DECC-0220-00BB-52D409603F0B}
		{A574EABB-97A9-4E5F-AB21-2FB045450739} = {3D4A57F3-DECC-0220-00BB-52D409603F0B}
		{BDFB278C-4996-44E6-9C75-1C2FD1FEFFAC} = {3D4A57F3-DECC-0220-00BB-52D409603F0B}
		{000940EC-8C35-4B40-85C3-99FCB6AFB86F} = {3D4A57F3-DECC-0220-00BB-52D409603F0B}
		{7EDE39C1-15C1-4101-9249-8147B24B196E} = {3D4A57F3-DECC-0220-00BB-52D409603F0B}
		{9C6A7125-6D81-4B8F-8F64-7C5EF4E62877} = {3D4A57F3-DECC-0220-00BB-52D409603F0B}
		{28E1F462-8A99-4B25-9ABF-CF0C2DB0100E} = {3D4A57F3-DECC-0220-00BB-52D409603F0B}
		{7490739D-1628-490C-97E3-ED44E84057E1} = {3D4A57F3-DECC-0220-00BB-52D409603F0B}
		{1C6F1522-2969-45FE-B718-D774910B3962} = {3D4A57F3-DECC-0220-00BB-52D409603F0B}
		{D77C095B-57C2-4EB3-BA8E-3D4F98B26DCA} = {3D4A57F3-DECC-0220-00BB-52D409603F0B}
		{3139CAC8-1E43-37B5-3007-1BC13D97B002} = {CA253913-39DE-BFD0-C9A3-4B7EC6FBDF17}
		{ED47E405-21AC-457A-823F-EF6C30D1AF50} = {3139CAC8-1E43-37B5-3007-1BC13D97B002}
		{52231ED7-8838-464F-A9B0-5774C28660E2} = {3139CAC8-1E43-37B5-3007-1BC13D97B002}
		{589D67C9-D00D-4AB7-A2B6-9E5E25203C01} = {3139CAC8-1E43-37B5-3007-1BC13D97B002}
		{7D80321D-A4C6-47E9-A56D-EAF752C6DBE7} = {3139CAC8-1E43-37B5-3007-1BC13D97B002}
		{DB27FA84-4AAD-49E1-9B2E-E9EDBEB666DC} = {3139CAC8-1E43-37B5-3007-1BC13D97B002}
		{C67E33BD-BAD5-427C-9657-DF26843639FD} = {3139CAC8-1E43-37B5-3007-1BC13D97B002}
		{72070E73-1CD9-4773-94FC-361E28F677A0} = {3139CAC8-1E43-37B5-3007-1BC13D97B002}
		{3ECE55AC-31A0-40DB-9469-0CE55E72D0B5} = {3139CAC8-1E43-37B5-3007-1BC13D97B002}
		{AC6D24B1-C25D-4DFC-93FA-FE66207979FD} = {3139CAC8-1E43-37B5-3007-1BC13D97B002}
		{D2AE799B-B8E6-4978-9D53-1628E0A9D4AA} = {3139CAC8-1E43-37B5-3007-1BC13D97B002}
		{EEF6B5E3-2A36-42E8-A0FE-FDB7F482722F} = {3139CAC8-1E43-37B5-3007-1BC13D97B002}
		{FD0AF29A-70FE-4510-81C5-ECD3C7582B13} = {3139CAC8-1E43-37B5-3007-1BC13D97B002}
		{FA6C6ACF-8694-40D6-8A4B-DB52A6658D5B} = {3139CAC8-1E43-37B5-3007-1BC13D97B002}
	EndGlobalSection
	GlobalSection(ExtensibilityGlobals) = postSolution
		SolutionGuid = {28315BFD-90E7-4E14-A2EA-F3D23AF4126F}
	EndGlobalSection
EndGlobal
