
Microsoft Visual Studio Solution File, Format Version 12.00
# Visual Studio Version 18
VisualStudioVersion = 18.0.11205.157
MinimumVisualStudioVersion = 10.0.40219.1
Project("{9A19103F-16F7-4668-BE54-9A1E7A4F7556}") = "ttshang.Domain", "src\ttshang.Domain\ttshang.Domain.csproj", "{554AD327-6DBA-4F8F-96F8-81CE7A0C863F}"
EndProject
Project("{9A19103F-16F7-4668-BE54-9A1E7A4F7556}") = "ttshang.Application", "src\ttshang.Application\ttshang.Application.csproj", "{1A94A50E-06DC-43C1-80B5-B662820EC3EB}"
EndProject
Project("{9A19103F-16F7-4668-BE54-9A1E7A4F7556}") = "ttshang.EntityFrameworkCore", "src\ttshang.EntityFrameworkCore\ttshang.EntityFrameworkCore.csproj", "{C956DD76-69C8-4A9C-83EA-D17DF83340FD}"
EndProject
Project("{2150E333-8FDC-42A3-9474-1A3956D46DE8}") = "src", "src", "{CA9AC87F-097E-4F15-8393-4BC07735A5B0}"
EndProject
Project("{9A19103F-16F7-4668-BE54-9A1E7A4F7556}") = "ttshang.Domain.Shared", "src\ttshang.Domain.Shared\ttshang.Domain.Shared.csproj", "{42F719ED-8413-4895-B5B4-5AB56079BC66}"
EndProject
Project("{9A19103F-16F7-4668-BE54-9A1E7A4F7556}") = "ttshang.Application.Contracts", "src\ttshang.Application.Contracts\ttshang.Application.Contracts.csproj", "{520659C8-C734-4298-A3DA-B539DB9DFC0B}"
EndProject
Project("{9A19103F-16F7-4668-BE54-9A1E7A4F7556}") = "ttshang.HttpApi", "src\ttshang.HttpApi\ttshang.HttpApi.csproj", "{4164BDF7-F527-4E85-9CE6-E3C2D7426A27}"
EndProject
Project("{9A19103F-16F7-4668-BE54-9A1E7A4F7556}") = "ttshang.HttpApi.Client", "src\ttshang.HttpApi.Client\ttshang.HttpApi.Client.csproj", "{3B5A0094-670D-4BB1-BFDD-61B88A8773DC}"
EndProject
Project("{9A19103F-16F7-4668-BE54-9A1E7A4F7556}") = "ttshang.DbMigrator", "src\ttshang.DbMigrator\ttshang.DbMigrator.csproj", "{70680696-BB1E-4383-BCB2-42C3767171FB}"
EndProject
Project("{9A19103F-16F7-4668-BE54-9A1E7A4F7556}") = "ttshang.Blazor", "src\ttshang.Blazor\ttshang.Blazor.csproj", "{B260FF0D-EA6D-4853-9967-DD7C999D6A5D}"
EndProject
Project("{2150E333-8FDC-42A3-9474-1A3956D46DE8}") = "modules", "modules", "{CA253913-39DE-BFD0-C9A3-4B7EC6FBDF17}"
EndProject
Project("{2150E333-8FDC-42A3-9474-1A3956D46DE8}") = "Volo.Abp.BasicTheme", "Volo.Abp.BasicTheme", "{DEB92AEC-D759-9AFC-509F-0D05F29DF220}"
EndProject
Project("{FAE04EC0-301F-11D3-BF4B-00C04F79EFBC}") = "Volo.Abp.AspNetCore.Mvc.UI.Theme.Basic", "modules\Volo.Abp.BasicTheme\src\Volo.Abp.AspNetCore.Mvc.UI.Theme.Basic\Volo.Abp.AspNetCore.Mvc.UI.Theme.Basic.csproj", "{14E3BB87-EA68-462A-A01F-F5B111790849}"
EndProject
Project("{2150E333-8FDC-42A3-9474-1A3956D46DE8}") = "Volo.Abp.FeatureManagement", "Volo.Abp.FeatureManagement", "{7C728062-1523-8369-9F85-A3D56A2EEA6B}"
EndProject
Project("{FAE04EC0-301F-11D3-BF4B-00C04F79EFBC}") = "Volo.Abp.FeatureManagement.Application", "modules\Volo.Abp.FeatureManagement\src\Volo.Abp.FeatureManagement.Application\Volo.Abp.FeatureManagement.Application.csproj", "{8CF39C8D-F09F-44E7-AA01-5AF91E0A7ED8}"
EndProject
Project("{FAE04EC0-301F-11D3-BF4B-00C04F79EFBC}") = "Volo.Abp.FeatureManagement.Application.Contracts", "modules\Volo.Abp.FeatureManagement\src\Volo.Abp.FeatureManagement.Application.Contracts\Volo.Abp.FeatureManagement.Application.Contracts.csproj", "{001FB424-64ED-44FF-9F17-80909C1394CA}"
EndProject
Project("{FAE04EC0-301F-11D3-BF4B-00C04F79EFBC}") = "Volo.Abp.FeatureManagement.Domain.Shared", "modules\Volo.Abp.FeatureManagement\src\Volo.Abp.FeatureManagement.Domain.Shared\Volo.Abp.FeatureManagement.Domain.Shared.csproj", "{E174B3B0-92DB-4972-96A2-6C319B2BC7ED}"
EndProject
Project("{FAE04EC0-301F-11D3-BF4B-00C04F79EFBC}") = "Volo.Abp.FeatureManagement.Domain", "modules\Volo.Abp.FeatureManagement\src\Volo.Abp.FeatureManagement.Domain\Volo.Abp.FeatureManagement.Domain.csproj", "{5C647282-7FD6-4E3F-8B15-D7083EB6669D}"
EndProject
Project("{FAE04EC0-301F-11D3-BF4B-00C04F79EFBC}") = "Volo.Abp.FeatureManagement.EntityFrameworkCore", "modules\Volo.Abp.FeatureManagement\src\Volo.Abp.FeatureManagement.EntityFrameworkCore\Volo.Abp.FeatureManagement.EntityFrameworkCore.csproj", "{D4D7439B-3C10-47C6-9A8F-0306246DF173}"
EndProject
Project("{FAE04EC0-301F-11D3-BF4B-00C04F79EFBC}") = "Volo.Abp.FeatureManagement.HttpApi", "modules\Volo.Abp.FeatureManagement\src\Volo.Abp.FeatureManagement.HttpApi\Volo.Abp.FeatureManagement.HttpApi.csproj", "{4B13F8DC-F3FB-43CF-8E36-EE373D0A331B}"
EndProject
Project("{2150E333-8FDC-42A3-9474-1A3956D46DE8}") = "Volo.Abp.Identity", "Volo.Abp.Identity", "{C9F569C6-5586-FF09-8A25-E11B5DB139A7}"
EndProject
Project("{FAE04EC0-301F-11D3-BF4B-00C04F79EFBC}") = "Volo.Abp.Identity.Application", "modules\Volo.Abp.Identity\src\Volo.Abp.Identity.Application\Volo.Abp.Identity.Application.csproj", "{396D7663-5C1E-4CD1-99FE-907BDE89B81C}"
EndProject
Project("{FAE04EC0-301F-11D3-BF4B-00C04F79EFBC}") = "Volo.Abp.Identity.Application.Contracts", "modules\Volo.Abp.Identity\src\Volo.Abp.Identity.Application.Contracts\Volo.Abp.Identity.Application.Contracts.csproj", "{6BFBD34D-A807-4B08-A6B2-37CF7B8F185C}"
EndProject
Project("{FAE04EC0-301F-11D3-BF4B-00C04F79EFBC}") = "Volo.Abp.Identity.Domain.Shared", "modules\Volo.Abp.Identity\src\Volo.Abp.Identity.Domain.Shared\Volo.Abp.Identity.Domain.Shared.csproj", "{A6570647-A9E7-4D94-A074-045141998A05}"
EndProject
Project("{FAE04EC0-301F-11D3-BF4B-00C04F79EFBC}") = "Volo.Abp.Identity.Domain", "modules\Volo.Abp.Identity\src\Volo.Abp.Identity.Domain\Volo.Abp.Identity.Domain.csproj", "{B0414A49-4B78-41EA-8D41-6F85EC4AD0C3}"
EndProject
Project("{FAE04EC0-301F-11D3-BF4B-00C04F79EFBC}") = "Volo.Abp.Identity.EntityFrameworkCore", "modules\Volo.Abp.Identity\src\Volo.Abp.Identity.EntityFrameworkCore\Volo.Abp.Identity.EntityFrameworkCore.csproj", "{54FC231C-AF59-489A-AD69-E6C1A5360443}"
EndProject
Project("{FAE04EC0-301F-11D3-BF4B-00C04F79EFBC}") = "Volo.Abp.Identity.HttpApi", "modules\Volo.Abp.Identity\src\Volo.Abp.Identity.HttpApi\Volo.Abp.Identity.HttpApi.csproj", "{85193F09-BF97-44CA-B4FD-3B13E2E0B161}"
EndProject
Project("{FAE04EC0-301F-11D3-BF4B-00C04F79EFBC}") = "Volo.Abp.PermissionManagement.Domain.Identity", "modules\Volo.Abp.Identity\src\Volo.Abp.PermissionManagement.Domain.Identity\Volo.Abp.PermissionManagement.Domain.Identity.csproj", "{95EE2F43-2349-41C6-84C3-01F540105D01}"
EndProject
Project("{2150E333-8FDC-42A3-9474-1A3956D46DE8}") = "Volo.Abp.SettingManagement", "Volo.Abp.SettingManagement", "{3D4A57F3-DECC-0220-00BB-52D409603F0B}"
EndProject
Project("{FAE04EC0-301F-11D3-BF4B-00C04F79EFBC}") = "Volo.Abp.SettingManagement.Application", "modules\Volo.Abp.SettingManagement\src\Volo.Abp.SettingManagement.Application\Volo.Abp.SettingManagement.Application.csproj", "{E36D9D13-8FCE-4DDC-8E9C-0979AB3FA322}"
EndProject
Project("{FAE04EC0-301F-11D3-BF4B-00C04F79EFBC}") = "Volo.Abp.SettingManagement.Application.Contracts", "modules\Volo.Abp.SettingManagement\src\Volo.Abp.SettingManagement.Application.Contracts\Volo.Abp.SettingManagement.Application.Contracts.csproj", "{35642684-0D54-487D-9BB6-180CAB2B75AA}"
EndProject
Project("{FAE04EC0-301F-11D3-BF4B-00C04F79EFBC}") = "Volo.Abp.SettingManagement.Domain.Shared", "modules\Volo.Abp.SettingManagement\src\Volo.Abp.SettingManagement.Domain.Shared\Volo.Abp.SettingManagement.Domain.Shared.csproj", "{A0B59F5D-FE10-4850-A57C-0D45245F4494}"
EndProject
Project("{FAE04EC0-301F-11D3-BF4B-00C04F79EFBC}") = "Volo.Abp.SettingManagement.Domain", "modules\Volo.Abp.SettingManagement\src\Volo.Abp.SettingManagement.Domain\Volo.Abp.SettingManagement.Domain.csproj", "{EE71982A-C0B8-47F4-BCA1-2C6289608FD4}"
EndProject
Project("{FAE04EC0-301F-11D3-BF4B-00C04F79EFBC}") = "Volo.Abp.SettingManagement.EntityFrameworkCore", "modules\Volo.Abp.SettingManagement\src\Volo.Abp.SettingManagement.EntityFrameworkCore\Volo.Abp.SettingManagement.EntityFrameworkCore.csproj", "{9C6A7125-6D81-4B8F-8F64-7C5EF4E62877}"
EndProject
Project("{FAE04EC0-301F-11D3-BF4B-00C04F79EFBC}") = "Volo.Abp.SettingManagement.HttpApi", "modules\Volo.Abp.SettingManagement\src\Volo.Abp.SettingManagement.HttpApi\Volo.Abp.SettingManagement.HttpApi.csproj", "{28E1F462-8A99-4B25-9ABF-CF0C2DB0100E}"
EndProject
Project("{2150E333-8FDC-42A3-9474-1A3956D46DE8}") = "Volo.Abp.TenantManagement", "Volo.Abp.TenantManagement", "{3139CAC8-1E43-37B5-3007-1BC13D97B002}"
EndProject
Project("{FAE04EC0-301F-11D3-BF4B-00C04F79EFBC}") = "Volo.Abp.TenantManagement.Application", "modules\Volo.Abp.TenantManagement\src\Volo.Abp.TenantManagement.Application\Volo.Abp.TenantManagement.Application.csproj", "{ED47E405-21AC-457A-823F-EF6C30D1AF50}"
EndProject
Project("{FAE04EC0-301F-11D3-BF4B-00C04F79EFBC}") = "Volo.Abp.TenantManagement.Application.Contracts", "modules\Volo.Abp.TenantManagement\src\Volo.Abp.TenantManagement.Application.Contracts\Volo.Abp.TenantManagement.Application.Contracts.csproj", "{52231ED7-8838-464F-A9B0-5774C28660E2}"
EndProject
Project("{FAE04EC0-301F-11D3-BF4B-00C04F79EFBC}") = "Volo.Abp.TenantManagement.Domain.Shared", "modules\Volo.Abp.TenantManagement\src\Volo.Abp.TenantManagement.Domain.Shared\Volo.Abp.TenantManagement.Domain.Shared.csproj", "{589D67C9-D00D-4AB7-A2B6-9E5E25203C01}"
EndProject
Project("{FAE04EC0-301F-11D3-BF4B-00C04F79EFBC}") = "Volo.Abp.TenantManagement.Domain", "modules\Volo.Abp.TenantManagement\src\Volo.Abp.TenantManagement.Domain\Volo.Abp.TenantManagement.Domain.csproj", "{7D80321D-A4C6-47E9-A56D-EAF752C6DBE7}"
EndProject
Project("{FAE04EC0-301F-11D3-BF4B-00C04F79EFBC}") = "Volo.Abp.TenantManagement.EntityFrameworkCore", "modules\Volo.Abp.TenantManagement\src\Volo.Abp.TenantManagement.EntityFrameworkCore\Volo.Abp.TenantManagement.EntityFrameworkCore.csproj", "{AC6D24B1-C25D-4DFC-93FA-FE66207979FD}"
EndProject
Project("{FAE04EC0-301F-11D3-BF4B-00C04F79EFBC}") = "Volo.Abp.TenantManagement.HttpApi", "modules\Volo.Abp.TenantManagement\src\Volo.Abp.TenantManagement.HttpApi\Volo.Abp.TenantManagement.HttpApi.csproj", "{D2AE799B-B8E6-4978-9D53-1628E0A9D4AA}"
EndProject
Project("{2150E333-8FDC-42A3-9474-1A3956D46DE8}") = "ttshang.antdesignblazor", "ttshang.antdesignblazor", "{736E7DD6-3E68-4BFD-9397-60320C61BEAE}"
EndProject
Project("{FAE04EC0-301F-11D3-BF4B-00C04F79EFBC}") = "Lsw.Abp.AntDesignUI", "modules\ttshang.antdesignblazorui\src\Lsw.Abp.AntDesignUI\Lsw.Abp.AntDesignUI.csproj", "{49B74FDB-3EE4-93EF-1548-BD18F5C0E08C}"
EndProject
Project("{FAE04EC0-301F-11D3-BF4B-00C04F79EFBC}") = "Lsw.Abp.AspnetCore.Components.Server.AntDesignTheme", "modules\ttshang.antdesignblazorui\modules\AntDesignTheme\Lsw.Abp.AspnetCore.Components.Server.AntDesignTheme\Lsw.Abp.AspnetCore.Components.Server.AntDesignTheme.csproj", "{09429D81-C1D7-D716-C40B-12649D436214}"
EndProject
Project("{FAE04EC0-301F-11D3-BF4B-00C04F79EFBC}") = "Lsw.Abp.AspnetCore.Components.Web.AntDesignTheme", "modules\ttshang.antdesignblazorui\modules\AntDesignTheme\Lsw.Abp.AspnetCore.Components.Web.AntDesignTheme\Lsw.Abp.AspnetCore.Components.Web.AntDesignTheme.csproj", "{1653A9DE-96FC-E39C-3184-07D84FFD557E}"
EndProject
Project("{FAE04EC0-301F-11D3-BF4B-00C04F79EFBC}") = "Lsw.Abp.FeatureManagement.Blazor.AntDesignUI", "modules\ttshang.antdesignblazorui\modules\FeatureManagement\Lsw.Abp.FeatureManagement.Blazor.AntDesignUI\Lsw.Abp.FeatureManagement.Blazor.AntDesignUI.csproj", "{644C1706-D3F3-9A8F-BD4D-CDCDFF8AE579}"
EndProject
Project("{FAE04EC0-301F-11D3-BF4B-00C04F79EFBC}") = "Lsw.Abp.FeatureManagement.Blazor.Server.AntDesignUI", "modules\ttshang.antdesignblazorui\modules\FeatureManagement\Lsw.Abp.FeatureManagement.Blazor.Server.AntDesignUI\Lsw.Abp.FeatureManagement.Blazor.Server.AntDesignUI.csproj", "{DCD299BF-7B3D-B32C-630F-349BEBA7FDD6}"
EndProject
Project("{FAE04EC0-301F-11D3-BF4B-00C04F79EFBC}") = "Lsw.Abp.FeatureManagement.Blazor.WebAssembly.AntDesignUI", "modules\ttshang.antdesignblazorui\modules\FeatureManagement\Lsw.Abp.FeatureManagement.Blazor.WebAssembly.AntDesignUI\Lsw.Abp.FeatureManagement.Blazor.WebAssembly.AntDesignUI.csproj", "{C5AAB95E-0151-2DD9-DE15-E844204DB4C6}"
EndProject
Project("{FAE04EC0-301F-11D3-BF4B-00C04F79EFBC}") = "Lsw.Abp.IdentityManagement.Blazor.AntDesignUI", "modules\ttshang.antdesignblazorui\modules\IdentityManagement\Lsw.Abp.IdentityManagement.Blazor.AntDesignUI\Lsw.Abp.IdentityManagement.Blazor.AntDesignUI.csproj", "{00E10829-6F88-9A1D-333F-6BB8F6C8942D}"
EndProject
Project("{FAE04EC0-301F-11D3-BF4B-00C04F79EFBC}") = "Lsw.Abp.IdentityManagement.Blazor.Server.AntDesignUI", "modules\ttshang.antdesignblazorui\modules\IdentityManagement\Lsw.Abp.IdentityManagement.Blazor.Server.AntDesignUI\Lsw.Abp.IdentityManagement.Blazor.Server.AntDesignUI.csproj", "{4DDBFDEC-6BAA-20E6-C831-3EC06157B0FE}"
EndProject
Project("{FAE04EC0-301F-11D3-BF4B-00C04F79EFBC}") = "Lsw.Abp.IdentityManagement.Blazor.WebAssembly.AntDesignUI", "modules\ttshang.antdesignblazorui\modules\IdentityManagement\Lsw.Abp.IdentityManagement.Blazor.WebAssembly.AntDesignUI\Lsw.Abp.IdentityManagement.Blazor.WebAssembly.AntDesignUI.csproj", "{5FA132B8-2E84-5125-79E1-3F4509DDE4B1}"
EndProject
Project("{FAE04EC0-301F-11D3-BF4B-00C04F79EFBC}") = "Lsw.Abp.SettingManagement.Blazor.AntDesignUI", "modules\ttshang.antdesignblazorui\modules\SettingManagement\Lsw.Abp.SettingManagement.Blazor.AntDesignUI\Lsw.Abp.SettingManagement.Blazor.AntDesignUI.csproj", "{CD2E2F48-1ACF-28AE-F9BF-100F0799AF20}"
EndProject
Project("{FAE04EC0-301F-11D3-BF4B-00C04F79EFBC}") = "Lsw.Abp.SettingManagement.Blazor.Server.AntDesignUI", "modules\ttshang.antdesignblazorui\modules\SettingManagement\Lsw.Abp.SettingManagement.Blazor.Server.AntDesignUI\Lsw.Abp.SettingManagement.Blazor.Server.AntDesignUI.csproj", "{E3C240C2-51C3-3EB1-4721-C0E327AEEAF0}"
EndProject
Project("{FAE04EC0-301F-11D3-BF4B-00C04F79EFBC}") = "Lsw.Abp.SettingManagement.Blazor.WebAssembly.AntDesignUI", "modules\ttshang.antdesignblazorui\modules\SettingManagement\Lsw.Abp.SettingManagement.Blazor.WebAssembly.AntDesignUI\Lsw.Abp.SettingManagement.Blazor.WebAssembly.AntDesignUI.csproj", "{0E475992-3BEA-EA81-8CCE-44C9C8D0E856}"
EndProject
Project("{FAE04EC0-301F-11D3-BF4B-00C04F79EFBC}") = "Lsw.Abp.TenantManagement.Blazor.AntDesignUI", "modules\ttshang.antdesignblazorui\modules\TenantManagement\Lsw.Abp.TenantManagement.Blazor.AntDesignUI\Lsw.Abp.TenantManagement.Blazor.AntDesignUI.csproj", "{A93337E6-787A-9375-2BBD-3AB368B23DAD}"
EndProject
Project("{FAE04EC0-301F-11D3-BF4B-00C04F79EFBC}") = "Lsw.Abp.TenantManagement.Blazor.Server.AntDesignUI", "modules\ttshang.antdesignblazorui\modules\TenantManagement\Lsw.Abp.TenantManagement.Blazor.Server.AntDesignUI\Lsw.Abp.TenantManagement.Blazor.Server.AntDesignUI.csproj", "{6D266874-3B42-A5F9-B3D9-04E2848AEBE6}"
EndProject
Project("{FAE04EC0-301F-11D3-BF4B-00C04F79EFBC}") = "Lsw.Abp.TenantManagement.Blazor.WebAssembly.AntDesignUI", "modules\ttshang.antdesignblazorui\modules\TenantManagement\Lsw.Abp.TenantManagement.Blazor.WebAssembly.AntDesignUI\Lsw.Abp.TenantManagement.Blazor.WebAssembly.AntDesignUI.csproj", "{8EE1E82E-8EF3-27B3-C860-632BCE93E395}"
EndProject
Project("{2150E333-8FDC-42A3-9474-1A3956D46DE8}") = "ttshang.PermissionManagement", "ttshang.PermissionManagement", "{EEC4CD9C-4414-49F0-9EA4-8CAA1B21CDC1}"
EndProject
Project("{FAE04EC0-301F-11D3-BF4B-00C04F79EFBC}") = "Lsw.Abp.PermissionManagement.Blazor.AntDesignUI", "modules\ttshang.antdesignblazorui\modules\PermissionManagement\Lsw.Abp.PermissionManagement.Blazor.AntDesignUI\Lsw.Abp.PermissionManagement.Blazor.AntDesignUI.csproj", "{504C1E33-3798-B2BC-5A40-F8B228C626B8}"
EndProject
Global
	GlobalSection(SolutionConfigurationPlatforms) = preSolution
		Debug|Any CPU = Debug|Any CPU
		Debug|x64 = Debug|x64
		Debug|x86 = Debug|x86
		Release|Any CPU = Release|Any CPU
		Release|x64 = Release|x64
		Release|x86 = Release|x86
	EndGlobalSection
	GlobalSection(ProjectConfigurationPlatforms) = postSolution
		{554AD327-6DBA-4F8F-96F8-81CE7A0C863F}.Debug|Any CPU.ActiveCfg = Debug|Any CPU
		{554AD327-6DBA-4F8F-96F8-81CE7A0C863F}.Debug|Any CPU.Build.0 = Debug|Any CPU
		{554AD327-6DBA-4F8F-96F8-81CE7A0C863F}.Debug|x64.ActiveCfg = Debug|Any CPU
		{554AD327-6DBA-4F8F-96F8-81CE7A0C863F}.Debug|x64.Build.0 = Debug|Any CPU
		{554AD327-6DBA-4F8F-96F8-81CE7A0C863F}.Debug|x86.ActiveCfg = Debug|Any CPU
		{554AD327-6DBA-4F8F-96F8-81CE7A0C863F}.Debug|x86.Build.0 = Debug|Any CPU
		{554AD327-6DBA-4F8F-96F8-81CE7A0C863F}.Release|Any CPU.ActiveCfg = Release|Any CPU
		{554AD327-6DBA-4F8F-96F8-81CE7A0C863F}.Release|Any CPU.Build.0 = Release|Any CPU
		{554AD327-6DBA-4F8F-96F8-81CE7A0C863F}.Release|x64.ActiveCfg = Release|Any CPU
		{554AD327-6DBA-4F8F-96F8-81CE7A0C863F}.Release|x64.Build.0 = Release|Any CPU
		{554AD327-6DBA-4F8F-96F8-81CE7A0C863F}.Release|x86.ActiveCfg = Release|Any CPU
		{554AD327-6DBA-4F8F-96F8-81CE7A0C863F}.Release|x86.Build.0 = Release|Any CPU
		{1A94A50E-06DC-43C1-80B5-B662820EC3EB}.Debug|Any CPU.ActiveCfg = Debug|Any CPU
		{1A94A50E-06DC-43C1-80B5-B662820EC3EB}.Debug|Any CPU.Build.0 = Debug|Any CPU
		{1A94A50E-06DC-43C1-80B5-B662820EC3EB}.Debug|x64.ActiveCfg = Debug|Any CPU
		{1A94A50E-06DC-43C1-80B5-B662820EC3EB}.Debug|x64.Build.0 = Debug|Any CPU
		{1A94A50E-06DC-43C1-80B5-B662820EC3EB}.Debug|x86.ActiveCfg = Debug|Any CPU
		{1A94A50E-06DC-43C1-80B5-B662820EC3EB}.Debug|x86.Build.0 = Debug|Any CPU
		{1A94A50E-06DC-43C1-80B5-B662820EC3EB}.Release|Any CPU.ActiveCfg = Release|Any CPU
		{1A94A50E-06DC-43C1-80B5-B662820EC3EB}.Release|Any CPU.Build.0 = Release|Any CPU
		{1A94A50E-06DC-43C1-80B5-B662820EC3EB}.Release|x64.ActiveCfg = Release|Any CPU
		{1A94A50E-06DC-43C1-80B5-B662820EC3EB}.Release|x64.Build.0 = Release|Any CPU
		{1A94A50E-06DC-43C1-80B5-B662820EC3EB}.Release|x86.ActiveCfg = Release|Any CPU
		{1A94A50E-06DC-43C1-80B5-B662820EC3EB}.Release|x86.Build.0 = Release|Any CPU
		{C956DD76-69C8-4A9C-83EA-D17DF83340FD}.Debug|Any CPU.ActiveCfg = Debug|Any CPU
		{C956DD76-69C8-4A9C-83EA-D17DF83340FD}.Debug|Any CPU.Build.0 = Debug|Any CPU
		{C956DD76-69C8-4A9C-83EA-D17DF83340FD}.Debug|x64.ActiveCfg = Debug|Any CPU
		{C956DD76-69C8-4A9C-83EA-D17DF83340FD}.Debug|x64.Build.0 = Debug|Any CPU
		{C956DD76-69C8-4A9C-83EA-D17DF83340FD}.Debug|x86.ActiveCfg = Debug|Any CPU
		{C956DD76-69C8-4A9C-83EA-D17DF83340FD}.Debug|x86.Build.0 = Debug|Any CPU
		{C956DD76-69C8-4A9C-83EA-D17DF83340FD}.Release|Any CPU.ActiveCfg = Release|Any CPU
		{C956DD76-69C8-4A9C-83EA-D17DF83340FD}.Release|Any CPU.Build.0 = Release|Any CPU
		{C956DD76-69C8-4A9C-83EA-D17DF83340FD}.Release|x64.ActiveCfg = Release|Any CPU
		{C956DD76-69C8-4A9C-83EA-D17DF83340FD}.Release|x64.Build.0 = Release|Any CPU
		{C956DD76-69C8-4A9C-83EA-D17DF83340FD}.Release|x86.ActiveCfg = Release|Any CPU
		{C956DD76-69C8-4A9C-83EA-D17DF83340FD}.Release|x86.Build.0 = Release|Any CPU
		{42F719ED-8413-4895-B5B4-5AB56079BC66}.Debug|Any CPU.ActiveCfg = Debug|Any CPU
		{42F719ED-8413-4895-B5B4-5AB56079BC66}.Debug|Any CPU.Build.0 = Debug|Any CPU
		{42F719ED-8413-4895-B5B4-5AB56079BC66}.Debug|x64.ActiveCfg = Debug|Any CPU
		{42F719ED-8413-4895-B5B4-5AB56079BC66}.Debug|x64.Build.0 = Debug|Any CPU
		{42F719ED-8413-4895-B5B4-5AB56079BC66}.Debug|x86.ActiveCfg = Debug|Any CPU
		{42F719ED-8413-4895-B5B4-5AB56079BC66}.Debug|x86.Build.0 = Debug|Any CPU
		{42F719ED-8413-4895-B5B4-5AB56079BC66}.Release|Any CPU.ActiveCfg = Release|Any CPU
		{42F719ED-8413-4895-B5B4-5AB56079BC66}.Release|Any CPU.Build.0 = Release|Any CPU
		{42F719ED-8413-4895-B5B4-5AB56079BC66}.Release|x64.ActiveCfg = Release|Any CPU
		{42F719ED-8413-4895-B5B4-5AB56079BC66}.Release|x64.Build.0 = Release|Any CPU
		{42F719ED-8413-4895-B5B4-5AB56079BC66}.Release|x86.ActiveCfg = Release|Any CPU
		{42F719ED-8413-4895-B5B4-5AB56079BC66}.Release|x86.Build.0 = Release|Any CPU
		{520659C8-C734-4298-A3DA-B539DB9DFC0B}.Debug|Any CPU.ActiveCfg = Debug|Any CPU
		{520659C8-C734-4298-A3DA-B539DB9DFC0B}.Debug|Any CPU.Build.0 = Debug|Any CPU
		{520659C8-C734-4298-A3DA-B539DB9DFC0B}.Debug|x64.ActiveCfg = Debug|Any CPU
		{520659C8-C734-4298-A3DA-B539DB9DFC0B}.Debug|x64.Build.0 = Debug|Any CPU
		{520659C8-C734-4298-A3DA-B539DB9DFC0B}.Debug|x86.ActiveCfg = Debug|Any CPU
		{520659C8-C734-4298-A3DA-B539DB9DFC0B}.Debug|x86.Build.0 = Debug|Any CPU
		{520659C8-C734-4298-A3DA-B539DB9DFC0B}.Release|Any CPU.ActiveCfg = Release|Any CPU
		{520659C8-C734-4298-A3DA-B539DB9DFC0B}.Release|Any CPU.Build.0 = Release|Any CPU
		{520659C8-C734-4298-A3DA-B539DB9DFC0B}.Release|x64.ActiveCfg = Release|Any CPU
		{520659C8-C734-4298-A3DA-B539DB9DFC0B}.Release|x64.Build.0 = Release|Any CPU
		{520659C8-C734-4298-A3DA-B539DB9DFC0B}.Release|x86.ActiveCfg = Release|Any CPU
		{520659C8-C734-4298-A3DA-B539DB9DFC0B}.Release|x86.Build.0 = Release|Any CPU
		{4164BDF7-F527-4E85-9CE6-E3C2D7426A27}.Debug|Any CPU.ActiveCfg = Debug|Any CPU
		{4164BDF7-F527-4E85-9CE6-E3C2D7426A27}.Debug|Any CPU.Build.0 = Debug|Any CPU
		{4164BDF7-F527-4E85-9CE6-E3C2D7426A27}.Debug|x64.ActiveCfg = Debug|Any CPU
		{4164BDF7-F527-4E85-9CE6-E3C2D7426A27}.Debug|x64.Build.0 = Debug|Any CPU
		{4164BDF7-F527-4E85-9CE6-E3C2D7426A27}.Debug|x86.ActiveCfg = Debug|Any CPU
		{4164BDF7-F527-4E85-9CE6-E3C2D7426A27}.Debug|x86.Build.0 = Debug|Any CPU
		{4164BDF7-F527-4E85-9CE6-E3C2D7426A27}.Release|Any CPU.ActiveCfg = Release|Any CPU
		{4164BDF7-F527-4E85-9CE6-E3C2D7426A27}.Release|Any CPU.Build.0 = Release|Any CPU
		{4164BDF7-F527-4E85-9CE6-E3C2D7426A27}.Release|x64.ActiveCfg = Release|Any CPU
		{4164BDF7-F527-4E85-9CE6-E3C2D7426A27}.Release|x64.Build.0 = Release|Any CPU
		{4164BDF7-F527-4E85-9CE6-E3C2D7426A27}.Release|x86.ActiveCfg = Release|Any CPU
		{4164BDF7-F527-4E85-9CE6-E3C2D7426A27}.Release|x86.Build.0 = Release|Any CPU
		{3B5A0094-670D-4BB1-BFDD-61B88A8773DC}.Debug|Any CPU.ActiveCfg = Debug|Any CPU
		{3B5A0094-670D-4BB1-BFDD-61B88A8773DC}.Debug|Any CPU.Build.0 = Debug|Any CPU
		{3B5A0094-670D-4BB1-BFDD-61B88A8773DC}.Debug|x64.ActiveCfg = Debug|Any CPU
		{3B5A0094-670D-4BB1-BFDD-61B88A8773DC}.Debug|x64.Build.0 = Debug|Any CPU
		{3B5A0094-670D-4BB1-BFDD-61B88A8773DC}.Debug|x86.ActiveCfg = Debug|Any CPU
		{3B5A0094-670D-4BB1-BFDD-61B88A8773DC}.Debug|x86.Build.0 = Debug|Any CPU
		{3B5A0094-670D-4BB1-BFDD-61B88A8773DC}.Release|Any CPU.ActiveCfg = Release|Any CPU
		{3B5A0094-670D-4BB1-BFDD-61B88A8773DC}.Release|Any CPU.Build.0 = Release|Any CPU
		{3B5A0094-670D-4BB1-BFDD-61B88A8773DC}.Release|x64.ActiveCfg = Release|Any CPU
		{3B5A0094-670D-4BB1-BFDD-61B88A8773DC}.Release|x64.Build.0 = Release|Any CPU
		{3B5A0094-670D-4BB1-BFDD-61B88A8773DC}.Release|x86.ActiveCfg = Release|Any CPU
		{3B5A0094-670D-4BB1-BFDD-61B88A8773DC}.Release|x86.Build.0 = Release|Any CPU
		{70680696-BB1E-4383-BCB2-42C3767171FB}.Debug|Any CPU.ActiveCfg = Debug|Any CPU
		{70680696-BB1E-4383-BCB2-42C3767171FB}.Debug|Any CPU.Build.0 = Debug|Any CPU
		{70680696-BB1E-4383-BCB2-42C3767171FB}.Debug|x64.ActiveCfg = Debug|Any CPU
		{70680696-BB1E-4383-BCB2-42C3767171FB}.Debug|x64.Build.0 = Debug|Any CPU
		{70680696-BB1E-4383-BCB2-42C3767171FB}.Debug|x86.ActiveCfg = Debug|Any CPU
		{70680696-BB1E-4383-BCB2-42C3767171FB}.Debug|x86.Build.0 = Debug|Any CPU
		{70680696-BB1E-4383-BCB2-42C3767171FB}.Release|Any CPU.ActiveCfg = Release|Any CPU
		{70680696-BB1E-4383-BCB2-42C3767171FB}.Release|Any CPU.Build.0 = Release|Any CPU
		{70680696-BB1E-4383-BCB2-42C3767171FB}.Release|x64.ActiveCfg = Release|Any CPU
		{70680696-BB1E-4383-BCB2-42C3767171FB}.Release|x64.Build.0 = Release|Any CPU
		{70680696-BB1E-4383-BCB2-42C3767171FB}.Release|x86.ActiveCfg = Release|Any CPU
		{70680696-BB1E-4383-BCB2-42C3767171FB}.Release|x86.Build.0 = Release|Any CPU
		{B260FF0D-EA6D-4853-9967-DD7C999D6A5D}.Debug|Any CPU.ActiveCfg = Debug|Any CPU
		{B260FF0D-EA6D-4853-9967-DD7C999D6A5D}.Debug|Any CPU.Build.0 = Debug|Any CPU
		{B260FF0D-EA6D-4853-9967-DD7C999D6A5D}.Debug|x64.ActiveCfg = Debug|Any CPU
		{B260FF0D-EA6D-4853-9967-DD7C999D6A5D}.Debug|x64.Build.0 = Debug|Any CPU
		{B260FF0D-EA6D-4853-9967-DD7C999D6A5D}.Debug|x86.ActiveCfg = Debug|Any CPU
		{B260FF0D-EA6D-4853-9967-DD7C999D6A5D}.Debug|x86.Build.0 = Debug|Any CPU
		{B260FF0D-EA6D-4853-9967-DD7C999D6A5D}.Release|Any CPU.ActiveCfg = Release|Any CPU
		{B260FF0D-EA6D-4853-9967-DD7C999D6A5D}.Release|Any CPU.Build.0 = Release|Any CPU
		{B260FF0D-EA6D-4853-9967-DD7C999D6A5D}.Release|x64.ActiveCfg = Release|Any CPU
		{B260FF0D-EA6D-4853-9967-DD7C999D6A5D}.Release|x64.Build.0 = Release|Any CPU
		{B260FF0D-EA6D-4853-9967-DD7C999D6A5D}.Release|x86.ActiveCfg = Release|Any CPU
		{B260FF0D-EA6D-4853-9967-DD7C999D6A5D}.Release|x86.Build.0 = Release|Any CPU
		{14E3BB87-EA68-462A-A01F-F5B111790849}.Debug|Any CPU.ActiveCfg = Debug|Any CPU
		{14E3BB87-EA68-462A-A01F-F5B111790849}.Debug|Any CPU.Build.0 = Debug|Any CPU
		{14E3BB87-EA68-462A-A01F-F5B111790849}.Debug|x64.ActiveCfg = Debug|Any CPU
		{14E3BB87-EA68-462A-A01F-F5B111790849}.Debug|x64.Build.0 = Debug|Any CPU
		{14E3BB87-EA68-462A-A01F-F5B111790849}.Debug|x86.ActiveCfg = Debug|Any CPU
		{14E3BB87-EA68-462A-A01F-F5B111790849}.Debug|x86.Build.0 = Debug|Any CPU
		{14E3BB87-EA68-462A-A01F-F5B111790849}.Release|Any CPU.ActiveCfg = Release|Any CPU
		{14E3BB87-EA68-462A-A01F-F5B111790849}.Release|Any CPU.Build.0 = Release|Any CPU
		{14E3BB87-EA68-462A-A01F-F5B111790849}.Release|x64.ActiveCfg = Release|Any CPU
		{14E3BB87-EA68-462A-A01F-F5B111790849}.Release|x64.Build.0 = Release|Any CPU
		{14E3BB87-EA68-462A-A01F-F5B111790849}.Release|x86.ActiveCfg = Release|Any CPU
		{14E3BB87-EA68-462A-A01F-F5B111790849}.Release|x86.Build.0 = Release|Any CPU
		{8CF39C8D-F09F-44E7-AA01-5AF91E0A7ED8}.Debug|Any CPU.ActiveCfg = Debug|Any CPU
		{8CF39C8D-F09F-44E7-AA01-5AF91E0A7ED8}.Debug|Any CPU.Build.0 = Debug|Any CPU
		{8CF39C8D-F09F-44E7-AA01-5AF91E0A7ED8}.Debug|x64.ActiveCfg = Debug|Any CPU
		{8CF39C8D-F09F-44E7-AA01-5AF91E0A7ED8}.Debug|x64.Build.0 = Debug|Any CPU
		{8CF39C8D-F09F-44E7-AA01-5AF91E0A7ED8}.Debug|x86.ActiveCfg = Debug|Any CPU
		{8CF39C8D-F09F-44E7-AA01-5AF91E0A7ED8}.Debug|x86.Build.0 = Debug|Any CPU
		{8CF39C8D-F09F-44E7-AA01-5AF91E0A7ED8}.Release|Any CPU.ActiveCfg = Release|Any CPU
		{8CF39C8D-F09F-44E7-AA01-5AF91E0A7ED8}.Release|Any CPU.Build.0 = Release|Any CPU
		{8CF39C8D-F09F-44E7-AA01-5AF91E0A7ED8}.Release|x64.ActiveCfg = Release|Any CPU
		{8CF39C8D-F09F-44E7-AA01-5AF91E0A7ED8}.Release|x64.Build.0 = Release|Any CPU
		{8CF39C8D-F09F-44E7-AA01-5AF91E0A7ED8}.Release|x86.ActiveCfg = Release|Any CPU
		{8CF39C8D-F09F-44E7-AA01-5AF91E0A7ED8}.Release|x86.Build.0 = Release|Any CPU
		{001FB424-64ED-44FF-9F17-80909C1394CA}.Debug|Any CPU.ActiveCfg = Debug|Any CPU
		{001FB424-64ED-44FF-9F17-80909C1394CA}.Debug|Any CPU.Build.0 = Debug|Any CPU
		{001FB424-64ED-44FF-9F17-80909C1394CA}.Debug|x64.ActiveCfg = Debug|Any CPU
		{001FB424-64ED-44FF-9F17-80909C1394CA}.Debug|x64.Build.0 = Debug|Any CPU
		{001FB424-64ED-44FF-9F17-80909C1394CA}.Debug|x86.ActiveCfg = Debug|Any CPU
		{001FB424-64ED-44FF-9F17-80909C1394CA}.Debug|x86.Build.0 = Debug|Any CPU
		{001FB424-64ED-44FF-9F17-80909C1394CA}.Release|Any CPU.ActiveCfg = Release|Any CPU
		{001FB424-64ED-44FF-9F17-80909C1394CA}.Release|Any CPU.Build.0 = Release|Any CPU
		{001FB424-64ED-44FF-9F17-80909C1394CA}.Release|x64.ActiveCfg = Release|Any CPU
		{001FB424-64ED-44FF-9F17-80909C1394CA}.Release|x64.Build.0 = Release|Any CPU
		{001FB424-64ED-44FF-9F17-80909C1394CA}.Release|x86.ActiveCfg = Release|Any CPU
		{001FB424-64ED-44FF-9F17-80909C1394CA}.Release|x86.Build.0 = Release|Any CPU
		{E174B3B0-92DB-4972-96A2-6C319B2BC7ED}.Debug|Any CPU.ActiveCfg = Debug|Any CPU
		{E174B3B0-92DB-4972-96A2-6C319B2BC7ED}.Debug|Any CPU.Build.0 = Debug|Any CPU
		{E174B3B0-92DB-4972-96A2-6C319B2BC7ED}.Debug|x64.ActiveCfg = Debug|Any CPU
		{E174B3B0-92DB-4972-96A2-6C319B2BC7ED}.Debug|x64.Build.0 = Debug|Any CPU
		{E174B3B0-92DB-4972-96A2-6C319B2BC7ED}.Debug|x86.ActiveCfg = Debug|Any CPU
		{E174B3B0-92DB-4972-96A2-6C319B2BC7ED}.Debug|x86.Build.0 = Debug|Any CPU
		{E174B3B0-92DB-4972-96A2-6C319B2BC7ED}.Release|Any CPU.ActiveCfg = Release|Any CPU
		{E174B3B0-92DB-4972-96A2-6C319B2BC7ED}.Release|Any CPU.Build.0 = Release|Any CPU
		{E174B3B0-92DB-4972-96A2-6C319B2BC7ED}.Release|x64.ActiveCfg = Release|Any CPU
		{E174B3B0-92DB-4972-96A2-6C319B2BC7ED}.Release|x64.Build.0 = Release|Any CPU
		{E174B3B0-92DB-4972-96A2-6C319B2BC7ED}.Release|x86.ActiveCfg = Release|Any CPU
		{E174B3B0-92DB-4972-96A2-6C319B2BC7ED}.Release|x86.Build.0 = Release|Any CPU
		{5C647282-7FD6-4E3F-8B15-D7083EB6669D}.Debug|Any CPU.ActiveCfg = Debug|Any CPU
		{5C647282-7FD6-4E3F-8B15-D7083EB6669D}.Debug|Any CPU.Build.0 = Debug|Any CPU
		{5C647282-7FD6-4E3F-8B15-D7083EB6669D}.Debug|x64.ActiveCfg = Debug|Any CPU
		{5C647282-7FD6-4E3F-8B15-D7083EB6669D}.Debug|x64.Build.0 = Debug|Any CPU
		{5C647282-7FD6-4E3F-8B15-D7083EB6669D}.Debug|x86.ActiveCfg = Debug|Any CPU
		{5C647282-7FD6-4E3F-8B15-D7083EB6669D}.Debug|x86.Build.0 = Debug|Any CPU
		{5C647282-7FD6-4E3F-8B15-D7083EB6669D}.Release|Any CPU.ActiveCfg = Release|Any CPU
		{5C647282-7FD6-4E3F-8B15-D7083EB6669D}.Release|Any CPU.Build.0 = Release|Any CPU
		{5C647282-7FD6-4E3F-8B15-D7083EB6669D}.Release|x64.ActiveCfg = Release|Any CPU
		{5C647282-7FD6-4E3F-8B15-D7083EB6669D}.Release|x64.Build.0 = Release|Any CPU
		{5C647282-7FD6-4E3F-8B15-D7083EB6669D}.Release|x86.ActiveCfg = Release|Any CPU
		{5C647282-7FD6-4E3F-8B15-D7083EB6669D}.Release|x86.Build.0 = Release|Any CPU
		{D4D7439B-3C10-47C6-9A8F-0306246DF173}.Debug|Any CPU.ActiveCfg = Debug|Any CPU
		{D4D7439B-3C10-47C6-9A8F-0306246DF173}.Debug|Any CPU.Build.0 = Debug|Any CPU
		{D4D7439B-3C10-47C6-9A8F-0306246DF173}.Debug|x64.ActiveCfg = Debug|Any CPU
		{D4D7439B-3C10-47C6-9A8F-0306246DF173}.Debug|x64.Build.0 = Debug|Any CPU
		{D4D7439B-3C10-47C6-9A8F-0306246DF173}.Debug|x86.ActiveCfg = Debug|Any CPU
		{D4D7439B-3C10-47C6-9A8F-0306246DF173}.Debug|x86.Build.0 = Debug|Any CPU
		{D4D7439B-3C10-47C6-9A8F-0306246DF173}.Release|Any CPU.ActiveCfg = Release|Any CPU
		{D4D7439B-3C10-47C6-9A8F-0306246DF173}.Release|Any CPU.Build.0 = Release|Any CPU
		{D4D7439B-3C10-47C6-9A8F-0306246DF173}.Release|x64.ActiveCfg = Release|Any CPU
		{D4D7439B-3C10-47C6-9A8F-0306246DF173}.Release|x64.Build.0 = Release|Any CPU
		{D4D7439B-3C10-47C6-9A8F-0306246DF173}.Release|x86.ActiveCfg = Release|Any CPU
		{D4D7439B-3C10-47C6-9A8F-0306246DF173}.Release|x86.Build.0 = Release|Any CPU
		{4B13F8DC-F3FB-43CF-8E36-EE373D0A331B}.Debug|Any CPU.ActiveCfg = Debug|Any CPU
		{4B13F8DC-F3FB-43CF-8E36-EE373D0A331B}.Debug|Any CPU.Build.0 = Debug|Any CPU
		{4B13F8DC-F3FB-43CF-8E36-EE373D0A331B}.Debug|x64.ActiveCfg = Debug|Any CPU
		{4B13F8DC-F3FB-43CF-8E36-EE373D0A331B}.Debug|x64.Build.0 = Debug|Any CPU
		{4B13F8DC-F3FB-43CF-8E36-EE373D0A331B}.Debug|x86.ActiveCfg = Debug|Any CPU
		{4B13F8DC-F3FB-43CF-8E36-EE373D0A331B}.Debug|x86.Build.0 = Debug|Any CPU
		{4B13F8DC-F3FB-43CF-8E36-EE373D0A331B}.Release|Any CPU.ActiveCfg = Release|Any CPU
		{4B13F8DC-F3FB-43CF-8E36-EE373D0A331B}.Release|Any CPU.Build.0 = Release|Any CPU
		{4B13F8DC-F3FB-43CF-8E36-EE373D0A331B}.Release|x64.ActiveCfg = Release|Any CPU
		{4B13F8DC-F3FB-43CF-8E36-EE373D0A331B}.Release|x64.Build.0 = Release|Any CPU
		{4B13F8DC-F3FB-43CF-8E36-EE373D0A331B}.Release|x86.ActiveCfg = Release|Any CPU
		{4B13F8DC-F3FB-43CF-8E36-EE373D0A331B}.Release|x86.Build.0 = Release|Any CPU
		{396D7663-5C1E-4CD1-99FE-907BDE89B81C}.Debug|Any CPU.ActiveCfg = Debug|Any CPU
		{396D7663-5C1E-4CD1-99FE-907BDE89B81C}.Debug|Any CPU.Build.0 = Debug|Any CPU
		{396D7663-5C1E-4CD1-99FE-907BDE89B81C}.Debug|x64.ActiveCfg = Debug|Any CPU
		{396D7663-5C1E-4CD1-99FE-907BDE89B81C}.Debug|x64.Build.0 = Debug|Any CPU
		{396D7663-5C1E-4CD1-99FE-907BDE89B81C}.Debug|x86.ActiveCfg = Debug|Any CPU
		{396D7663-5C1E-4CD1-99FE-907BDE89B81C}.Debug|x86.Build.0 = Debug|Any CPU
		{396D7663-5C1E-4CD1-99FE-907BDE89B81C}.Release|Any CPU.ActiveCfg = Release|Any CPU
		{396D7663-5C1E-4CD1-99FE-907BDE89B81C}.Release|Any CPU.Build.0 = Release|Any CPU
		{396D7663-5C1E-4CD1-99FE-907BDE89B81C}.Release|x64.ActiveCfg = Release|Any CPU
		{396D7663-5C1E-4CD1-99FE-907BDE89B81C}.Release|x64.Build.0 = Release|Any CPU
		{396D7663-5C1E-4CD1-99FE-907BDE89B81C}.Release|x86.ActiveCfg = Release|Any CPU
		{396D7663-5C1E-4CD1-99FE-907BDE89B81C}.Release|x86.Build.0 = Release|Any CPU
		{6BFBD34D-A807-4B08-A6B2-37CF7B8F185C}.Debug|Any CPU.ActiveCfg = Debug|Any CPU
		{6BFBD34D-A807-4B08-A6B2-37CF7B8F185C}.Debug|Any CPU.Build.0 = Debug|Any CPU
		{6BFBD34D-A807-4B08-A6B2-37CF7B8F185C}.Debug|x64.ActiveCfg = Debug|Any CPU
		{6BFBD34D-A807-4B08-A6B2-37CF7B8F185C}.Debug|x64.Build.0 = Debug|Any CPU
		{6BFBD34D-A807-4B08-A6B2-37CF7B8F185C}.Debug|x86.ActiveCfg = Debug|Any CPU
		{6BFBD34D-A807-4B08-A6B2-37CF7B8F185C}.Debug|x86.Build.0 = Debug|Any CPU
		{6BFBD34D-A807-4B08-A6B2-37CF7B8F185C}.Release|Any CPU.ActiveCfg = Release|Any CPU
		{6BFBD34D-A807-4B08-A6B2-37CF7B8F185C}.Release|Any CPU.Build.0 = Release|Any CPU
		{6BFBD34D-A807-4B08-A6B2-37CF7B8F185C}.Release|x64.ActiveCfg = Release|Any CPU
		{6BFBD34D-A807-4B08-A6B2-37CF7B8F185C}.Release|x64.Build.0 = Release|Any CPU
		{6BFBD34D-A807-4B08-A6B2-37CF7B8F185C}.Release|x86.ActiveCfg = Release|Any CPU
		{6BFBD34D-A807-4B08-A6B2-37CF7B8F185C}.Release|x86.Build.0 = Release|Any CPU
		{A6570647-A9E7-4D94-A074-045141998A05}.Debug|Any CPU.ActiveCfg = Debug|Any CPU
		{A6570647-A9E7-4D94-A074-045141998A05}.Debug|Any CPU.Build.0 = Debug|Any CPU
		{A6570647-A9E7-4D94-A074-045141998A05}.Debug|x64.ActiveCfg = Debug|Any CPU
		{A6570647-A9E7-4D94-A074-045141998A05}.Debug|x64.Build.0 = Debug|Any CPU
		{A6570647-A9E7-4D94-A074-045141998A05}.Debug|x86.ActiveCfg = Debug|Any CPU
		{A6570647-A9E7-4D94-A074-045141998A05}.Debug|x86.Build.0 = Debug|Any CPU
		{A6570647-A9E7-4D94-A074-045141998A05}.Release|Any CPU.ActiveCfg = Release|Any CPU
		{A6570647-A9E7-4D94-A074-045141998A05}.Release|Any CPU.Build.0 = Release|Any CPU
		{A6570647-A9E7-4D94-A074-045141998A05}.Release|x64.ActiveCfg = Release|Any CPU
		{A6570647-A9E7-4D94-A074-045141998A05}.Release|x64.Build.0 = Release|Any CPU
		{A6570647-A9E7-4D94-A074-045141998A05}.Release|x86.ActiveCfg = Release|Any CPU
		{A6570647-A9E7-4D94-A074-045141998A05}.Release|x86.Build.0 = Release|Any CPU
		{B0414A49-4B78-41EA-8D41-6F85EC4AD0C3}.Debug|Any CPU.ActiveCfg = Debug|Any CPU
		{B0414A49-4B78-41EA-8D41-6F85EC4AD0C3}.Debug|Any CPU.Build.0 = Debug|Any CPU
		{B0414A49-4B78-41EA-8D41-6F85EC4AD0C3}.Debug|x64.ActiveCfg = Debug|Any CPU
		{B0414A49-4B78-41EA-8D41-6F85EC4AD0C3}.Debug|x64.Build.0 = Debug|Any CPU
		{B0414A49-4B78-41EA-8D41-6F85EC4AD0C3}.Debug|x86.ActiveCfg = Debug|Any CPU
		{B0414A49-4B78-41EA-8D41-6F85EC4AD0C3}.Debug|x86.Build.0 = Debug|Any CPU
		{B0414A49-4B78-41EA-8D41-6F85EC4AD0C3}.Release|Any CPU.ActiveCfg = Release|Any CPU
		{B0414A49-4B78-41EA-8D41-6F85EC4AD0C3}.Release|Any CPU.Build.0 = Release|Any CPU
		{B0414A49-4B78-41EA-8D41-6F85EC4AD0C3}.Release|x64.ActiveCfg = Release|Any CPU
		{B0414A49-4B78-41EA-8D41-6F85EC4AD0C3}.Release|x64.Build.0 = Release|Any CPU
		{B0414A49-4B78-41EA-8D41-6F85EC4AD0C3}.Release|x86.ActiveCfg = Release|Any CPU
		{B0414A49-4B78-41EA-8D41-6F85EC4AD0C3}.Release|x86.Build.0 = Release|Any CPU
		{54FC231C-AF59-489A-AD69-E6C1A5360443}.Debug|Any CPU.ActiveCfg = Debug|Any CPU
		{54FC231C-AF59-489A-AD69-E6C1A5360443}.Debug|Any CPU.Build.0 = Debug|Any CPU
		{54FC231C-AF59-489A-AD69-E6C1A5360443}.Debug|x64.ActiveCfg = Debug|Any CPU
		{54FC231C-AF59-489A-AD69-E6C1A5360443}.Debug|x64.Build.0 = Debug|Any CPU
		{54FC231C-AF59-489A-AD69-E6C1A5360443}.Debug|x86.ActiveCfg = Debug|Any CPU
		{54FC231C-AF59-489A-AD69-E6C1A5360443}.Debug|x86.Build.0 = Debug|Any CPU
		{54FC231C-AF59-489A-AD69-E6C1A5360443}.Release|Any CPU.ActiveCfg = Release|Any CPU
		{54FC231C-AF59-489A-AD69-E6C1A5360443}.Release|Any CPU.Build.0 = Release|Any CPU
		{54FC231C-AF59-489A-AD69-E6C1A5360443}.Release|x64.ActiveCfg = Release|Any CPU
		{54FC231C-AF59-489A-AD69-E6C1A5360443}.Release|x64.Build.0 = Release|Any CPU
		{54FC231C-AF59-489A-AD69-E6C1A5360443}.Release|x86.ActiveCfg = Release|Any CPU
		{54FC231C-AF59-489A-AD69-E6C1A5360443}.Release|x86.Build.0 = Release|Any CPU
		{85193F09-BF97-44CA-B4FD-3B13E2E0B161}.Debug|Any CPU.ActiveCfg = Debug|Any CPU
		{85193F09-BF97-44CA-B4FD-3B13E2E0B161}.Debug|Any CPU.Build.0 = Debug|Any CPU
		{85193F09-BF97-44CA-B4FD-3B13E2E0B161}.Debug|x64.ActiveCfg = Debug|Any CPU
		{85193F09-BF97-44CA-B4FD-3B13E2E0B161}.Debug|x64.Build.0 = Debug|Any CPU
		{85193F09-BF97-44CA-B4FD-3B13E2E0B161}.Debug|x86.ActiveCfg = Debug|Any CPU
		{85193F09-BF97-44CA-B4FD-3B13E2E0B161}.Debug|x86.Build.0 = Debug|Any CPU
		{85193F09-BF97-44CA-B4FD-3B13E2E0B161}.Release|Any CPU.ActiveCfg = Release|Any CPU
		{85193F09-BF97-44CA-B4FD-3B13E2E0B161}.Release|Any CPU.Build.0 = Release|Any CPU
		{85193F09-BF97-44CA-B4FD-3B13E2E0B161}.Release|x64.ActiveCfg = Release|Any CPU
		{85193F09-BF97-44CA-B4FD-3B13E2E0B161}.Release|x64.Build.0 = Release|Any CPU
		{85193F09-BF97-44CA-B4FD-3B13E2E0B161}.Release|x86.ActiveCfg = Release|Any CPU
		{85193F09-BF97-44CA-B4FD-3B13E2E0B161}.Release|x86.Build.0 = Release|Any CPU
		{95EE2F43-2349-41C6-84C3-01F540105D01}.Debug|Any CPU.ActiveCfg = Debug|Any CPU
		{95EE2F43-2349-41C6-84C3-01F540105D01}.Debug|Any CPU.Build.0 = Debug|Any CPU
		{95EE2F43-2349-41C6-84C3-01F540105D01}.Debug|x64.ActiveCfg = Debug|Any CPU
		{95EE2F43-2349-41C6-84C3-01F540105D01}.Debug|x64.Build.0 = Debug|Any CPU
		{95EE2F43-2349-41C6-84C3-01F540105D01}.Debug|x86.ActiveCfg = Debug|Any CPU
		{95EE2F43-2349-41C6-84C3-01F540105D01}.Debug|x86.Build.0 = Debug|Any CPU
		{95EE2F43-2349-41C6-84C3-01F540105D01}.Release|Any CPU.ActiveCfg = Release|Any CPU
		{95EE2F43-2349-41C6-84C3-01F540105D01}.Release|Any CPU.Build.0 = Release|Any CPU
		{95EE2F43-2349-41C6-84C3-01F540105D01}.Release|x64.ActiveCfg = Release|Any CPU
		{95EE2F43-2349-41C6-84C3-01F540105D01}.Release|x64.Build.0 = Release|Any CPU
		{95EE2F43-2349-41C6-84C3-01F540105D01}.Release|x86.ActiveCfg = Release|Any CPU
		{95EE2F43-2349-41C6-84C3-01F540105D01}.Release|x86.Build.0 = Release|Any CPU
		{E36D9D13-8FCE-4DDC-8E9C-0979AB3FA322}.Debug|Any CPU.ActiveCfg = Debug|Any CPU
		{E36D9D13-8FCE-4DDC-8E9C-0979AB3FA322}.Debug|Any CPU.Build.0 = Debug|Any CPU
		{E36D9D13-8FCE-4DDC-8E9C-0979AB3FA322}.Debug|x64.ActiveCfg = Debug|Any CPU
		{E36D9D13-8FCE-4DDC-8E9C-0979AB3FA322}.Debug|x64.Build.0 = Debug|Any CPU
		{E36D9D13-8FCE-4DDC-8E9C-0979AB3FA322}.Debug|x86.ActiveCfg = Debug|Any CPU
		{E36D9D13-8FCE-4DDC-8E9C-0979AB3FA322}.Debug|x86.Build.0 = Debug|Any CPU
		{E36D9D13-8FCE-4DDC-8E9C-0979AB3FA322}.Release|Any CPU.ActiveCfg = Release|Any CPU
		{E36D9D13-8FCE-4DDC-8E9C-0979AB3FA322}.Release|Any CPU.Build.0 = Release|Any CPU
		{E36D9D13-8FCE-4DDC-8E9C-0979AB3FA322}.Release|x64.ActiveCfg = Release|Any CPU
		{E36D9D13-8FCE-4DDC-8E9C-0979AB3FA322}.Release|x64.Build.0 = Release|Any CPU
		{E36D9D13-8FCE-4DDC-8E9C-0979AB3FA322}.Release|x86.ActiveCfg = Release|Any CPU
		{E36D9D13-8FCE-4DDC-8E9C-0979AB3FA322}.Release|x86.Build.0 = Release|Any CPU
		{35642684-0D54-487D-9BB6-180CAB2B75AA}.Debug|Any CPU.ActiveCfg = Debug|Any CPU
		{35642684-0D54-487D-9BB6-180CAB2B75AA}.Debug|Any CPU.Build.0 = Debug|Any CPU
		{35642684-0D54-487D-9BB6-180CAB2B75AA}.Debug|x64.ActiveCfg = Debug|Any CPU
		{35642684-0D54-487D-9BB6-180CAB2B75AA}.Debug|x64.Build.0 = Debug|Any CPU
		{35642684-0D54-487D-9BB6-180CAB2B75AA}.Debug|x86.ActiveCfg = Debug|Any CPU
		{35642684-0D54-487D-9BB6-180CAB2B75AA}.Debug|x86.Build.0 = Debug|Any CPU
		{35642684-0D54-487D-9BB6-180CAB2B75AA}.Release|Any CPU.ActiveCfg = Release|Any CPU
		{35642684-0D54-487D-9BB6-180CAB2B75AA}.Release|Any CPU.Build.0 = Release|Any CPU
		{35642684-0D54-487D-9BB6-180CAB2B75AA}.Release|x64.ActiveCfg = Release|Any CPU
		{35642684-0D54-487D-9BB6-180CAB2B75AA}.Release|x64.Build.0 = Release|Any CPU
		{35642684-0D54-487D-9BB6-180CAB2B75AA}.Release|x86.ActiveCfg = Release|Any CPU
		{35642684-0D54-487D-9BB6-180CAB2B75AA}.Release|x86.Build.0 = Release|Any CPU
		{A0B59F5D-FE10-4850-A57C-0D45245F4494}.Debug|Any CPU.ActiveCfg = Debug|Any CPU
		{A0B59F5D-FE10-4850-A57C-0D45245F4494}.Debug|Any CPU.Build.0 = Debug|Any CPU
		{A0B59F5D-FE10-4850-A57C-0D45245F4494}.Debug|x64.ActiveCfg = Debug|Any CPU
		{A0B59F5D-FE10-4850-A57C-0D45245F4494}.Debug|x64.Build.0 = Debug|Any CPU
		{A0B59F5D-FE10-4850-A57C-0D45245F4494}.Debug|x86.ActiveCfg = Debug|Any CPU
		{A0B59F5D-FE10-4850-A57C-0D45245F4494}.Debug|x86.Build.0 = Debug|Any CPU
		{A0B59F5D-FE10-4850-A57C-0D45245F4494}.Release|Any CPU.ActiveCfg = Release|Any CPU
		{A0B59F5D-FE10-4850-A57C-0D45245F4494}.Release|Any CPU.Build.0 = Release|Any CPU
		{A0B59F5D-FE10-4850-A57C-0D45245F4494}.Release|x64.ActiveCfg = Release|Any CPU
		{A0B59F5D-FE10-4850-A57C-0D45245F4494}.Release|x64.Build.0 = Release|Any CPU
		{A0B59F5D-FE10-4850-A57C-0D45245F4494}.Release|x86.ActiveCfg = Release|Any CPU
		{A0B59F5D-FE10-4850-A57C-0D45245F4494}.Release|x86.Build.0 = Release|Any CPU
		{EE71982A-C0B8-47F4-BCA1-2C6289608FD4}.Debug|Any CPU.ActiveCfg = Debug|Any CPU
		{EE71982A-C0B8-47F4-BCA1-2C6289608FD4}.Debug|Any CPU.Build.0 = Debug|Any CPU
		{EE71982A-C0B8-47F4-BCA1-2C6289608FD4}.Debug|x64.ActiveCfg = Debug|Any CPU
		{EE71982A-C0B8-47F4-BCA1-2C6289608FD4}.Debug|x64.Build.0 = Debug|Any CPU
		{EE71982A-C0B8-47F4-BCA1-2C6289608FD4}.Debug|x86.ActiveCfg = Debug|Any CPU
		{EE71982A-C0B8-47F4-BCA1-2C6289608FD4}.Debug|x86.Build.0 = Debug|Any CPU
		{EE71982A-C0B8-47F4-BCA1-2C6289608FD4}.Release|Any CPU.ActiveCfg = Release|Any CPU
		{EE71982A-C0B8-47F4-BCA1-2C6289608FD4}.Release|Any CPU.Build.0 = Release|Any CPU
		{EE71982A-C0B8-47F4-BCA1-2C6289608FD4}.Release|x64.ActiveCfg = Release|Any CPU
		{EE71982A-C0B8-47F4-BCA1-2C6289608FD4}.Release|x64.Build.0 = Release|Any CPU
		{EE71982A-C0B8-47F4-BCA1-2C6289608FD4}.Release|x86.ActiveCfg = Release|Any CPU
		{EE71982A-C0B8-47F4-BCA1-2C6289608FD4}.Release|x86.Build.0 = Release|Any CPU
		{9C6A7125-6D81-4B8F-8F64-7C5EF4E62877}.Debug|Any CPU.ActiveCfg = Debug|Any CPU
		{9C6A7125-6D81-4B8F-8F64-7C5EF4E62877}.Debug|Any CPU.Build.0 = Debug|Any CPU
		{9C6A7125-6D81-4B8F-8F64-7C5EF4E62877}.Debug|x64.ActiveCfg = Debug|Any CPU
		{9C6A7125-6D81-4B8F-8F64-7C5EF4E62877}.Debug|x64.Build.0 = Debug|Any CPU
		{9C6A7125-6D81-4B8F-8F64-7C5EF4E62877}.Debug|x86.ActiveCfg = Debug|Any CPU
		{9C6A7125-6D81-4B8F-8F64-7C5EF4E62877}.Debug|x86.Build.0 = Debug|Any CPU
		{9C6A7125-6D81-4B8F-8F64-7C5EF4E62877}.Release|Any CPU.ActiveCfg = Release|Any CPU
		{9C6A7125-6D81-4B8F-8F64-7C5EF4E62877}.Release|Any CPU.Build.0 = Release|Any CPU
		{9C6A7125-6D81-4B8F-8F64-7C5EF4E62877}.Release|x64.ActiveCfg = Release|Any CPU
		{9C6A7125-6D81-4B8F-8F64-7C5EF4E62877}.Release|x64.Build.0 = Release|Any CPU
		{9C6A7125-6D81-4B8F-8F64-7C5EF4E62877}.Release|x86.ActiveCfg = Release|Any CPU
		{9C6A7125-6D81-4B8F-8F64-7C5EF4E62877}.Release|x86.Build.0 = Release|Any CPU
		{28E1F462-8A99-4B25-9ABF-CF0C2DB0100E}.Debug|Any CPU.ActiveCfg = Debug|Any CPU
		{28E1F462-8A99-4B25-9ABF-CF0C2DB0100E}.Debug|Any CPU.Build.0 = Debug|Any CPU
		{28E1F462-8A99-4B25-9ABF-CF0C2DB0100E}.Debug|x64.ActiveCfg = Debug|Any CPU
		{28E1F462-8A99-4B25-9ABF-CF0C2DB0100E}.Debug|x64.Build.0 = Debug|Any CPU
		{28E1F462-8A99-4B25-9ABF-CF0C2DB0100E}.Debug|x86.ActiveCfg = Debug|Any CPU
		{28E1F462-8A99-4B25-9ABF-CF0C2DB0100E}.Debug|x86.Build.0 = Debug|Any CPU
		{28E1F462-8A99-4B25-9ABF-CF0C2DB0100E}.Release|Any CPU.ActiveCfg = Release|Any CPU
		{28E1F462-8A99-4B25-9ABF-CF0C2DB0100E}.Release|Any CPU.Build.0 = Release|Any CPU
		{28E1F462-8A99-4B25-9ABF-CF0C2DB0100E}.Release|x64.ActiveCfg = Release|Any CPU
		{28E1F462-8A99-4B25-9ABF-CF0C2DB0100E}.Release|x64.Build.0 = Release|Any CPU
		{28E1F462-8A99-4B25-9ABF-CF0C2DB0100E}.Release|x86.ActiveCfg = Release|Any CPU
		{28E1F462-8A99-4B25-9ABF-CF0C2DB0100E}.Release|x86.Build.0 = Release|Any CPU
		{ED47E405-21AC-457A-823F-EF6C30D1AF50}.Debug|Any CPU.ActiveCfg = Debug|Any CPU
		{ED47E405-21AC-457A-823F-EF6C30D1AF50}.Debug|Any CPU.Build.0 = Debug|Any CPU
		{ED47E405-21AC-457A-823F-EF6C30D1AF50}.Debug|x64.ActiveCfg = Debug|Any CPU
		{ED47E405-21AC-457A-823F-EF6C30D1AF50}.Debug|x64.Build.0 = Debug|Any CPU
		{ED47E405-21AC-457A-823F-EF6C30D1AF50}.Debug|x86.ActiveCfg = Debug|Any CPU
		{ED47E405-21AC-457A-823F-EF6C30D1AF50}.Debug|x86.Build.0 = Debug|Any CPU
		{ED47E405-21AC-457A-823F-EF6C30D1AF50}.Release|Any CPU.ActiveCfg = Release|Any CPU
		{ED47E405-21AC-457A-823F-EF6C30D1AF50}.Release|Any CPU.Build.0 = Release|Any CPU
		{ED47E405-21AC-457A-823F-EF6C30D1AF50}.Release|x64.ActiveCfg = Release|Any CPU
		{ED47E405-21AC-457A-823F-EF6C30D1AF50}.Release|x64.Build.0 = Release|Any CPU
		{ED47E405-21AC-457A-823F-EF6C30D1AF50}.Release|x86.ActiveCfg = Release|Any CPU
		{ED47E405-21AC-457A-823F-EF6C30D1AF50}.Release|x86.Build.0 = Release|Any CPU
		{52231ED7-8838-464F-A9B0-5774C28660E2}.Debug|Any CPU.ActiveCfg = Debug|Any CPU
		{52231ED7-8838-464F-A9B0-5774C28660E2}.Debug|Any CPU.Build.0 = Debug|Any CPU
		{52231ED7-8838-464F-A9B0-5774C28660E2}.Debug|x64.ActiveCfg = Debug|Any CPU
		{52231ED7-8838-464F-A9B0-5774C28660E2}.Debug|x64.Build.0 = Debug|Any CPU
		{52231ED7-8838-464F-A9B0-5774C28660E2}.Debug|x86.ActiveCfg = Debug|Any CPU
		{52231ED7-8838-464F-A9B0-5774C28660E2}.Debug|x86.Build.0 = Debug|Any CPU
		{52231ED7-8838-464F-A9B0-5774C28660E2}.Release|Any CPU.ActiveCfg = Release|Any CPU
		{52231ED7-8838-464F-A9B0-5774C28660E2}.Release|Any CPU.Build.0 = Release|Any CPU
		{52231ED7-8838-464F-A9B0-5774C28660E2}.Release|x64.ActiveCfg = Release|Any CPU
		{52231ED7-8838-464F-A9B0-5774C28660E2}.Release|x64.Build.0 = Release|Any CPU
		{52231ED7-8838-464F-A9B0-5774C28660E2}.Release|x86.ActiveCfg = Release|Any CPU
		{52231ED7-8838-464F-A9B0-5774C28660E2}.Release|x86.Build.0 = Release|Any CPU
		{589D67C9-D00D-4AB7-A2B6-9E5E25203C01}.Debug|Any CPU.ActiveCfg = Debug|Any CPU
		{589D67C9-D00D-4AB7-A2B6-9E5E25203C01}.Debug|Any CPU.Build.0 = Debug|Any CPU
		{589D67C9-D00D-4AB7-A2B6-9E5E25203C01}.Debug|x64.ActiveCfg = Debug|Any CPU
		{589D67C9-D00D-4AB7-A2B6-9E5E25203C01}.Debug|x64.Build.0 = Debug|Any CPU
		{589D67C9-D00D-4AB7-A2B6-9E5E25203C01}.Debug|x86.ActiveCfg = Debug|Any CPU
		{589D67C9-D00D-4AB7-A2B6-9E5E25203C01}.Debug|x86.Build.0 = Debug|Any CPU
		{589D67C9-D00D-4AB7-A2B6-9E5E25203C01}.Release|Any CPU.ActiveCfg = Release|Any CPU
		{589D67C9-D00D-4AB7-A2B6-9E5E25203C01}.Release|Any CPU.Build.0 = Release|Any CPU
		{589D67C9-D00D-4AB7-A2B6-9E5E25203C01}.Release|x64.ActiveCfg = Release|Any CPU
		{589D67C9-D00D-4AB7-A2B6-9E5E25203C01}.Release|x64.Build.0 = Release|Any CPU
		{589D67C9-D00D-4AB7-A2B6-9E5E25203C01}.Release|x86.ActiveCfg = Release|Any CPU
		{589D67C9-D00D-4AB7-A2B6-9E5E25203C01}.Release|x86.Build.0 = Release|Any CPU
		{7D80321D-A4C6-47E9-A56D-EAF752C6DBE7}.Debug|Any CPU.ActiveCfg = Debug|Any CPU
		{7D80321D-A4C6-47E9-A56D-EAF752C6DBE7}.Debug|Any CPU.Build.0 = Debug|Any CPU
		{7D80321D-A4C6-47E9-A56D-EAF752C6DBE7}.Debug|x64.ActiveCfg = Debug|Any CPU
		{7D80321D-A4C6-47E9-A56D-EAF752C6DBE7}.Debug|x64.Build.0 = Debug|Any CPU
		{7D80321D-A4C6-47E9-A56D-EAF752C6DBE7}.Debug|x86.ActiveCfg = Debug|Any CPU
		{7D80321D-A4C6-47E9-A56D-EAF752C6DBE7}.Debug|x86.Build.0 = Debug|Any CPU
		{7D80321D-A4C6-47E9-A56D-EAF752C6DBE7}.Release|Any CPU.ActiveCfg = Release|Any CPU
		{7D80321D-A4C6-47E9-A56D-EAF752C6DBE7}.Release|Any CPU.Build.0 = Release|Any CPU
		{7D80321D-A4C6-47E9-A56D-EAF752C6DBE7}.Release|x64.ActiveCfg = Release|Any CPU
		{7D80321D-A4C6-47E9-A56D-EAF752C6DBE7}.Release|x64.Build.0 = Release|Any CPU
		{7D80321D-A4C6-47E9-A56D-EAF752C6DBE7}.Release|x86.ActiveCfg = Release|Any CPU
		{7D80321D-A4C6-47E9-A56D-EAF752C6DBE7}.Release|x86.Build.0 = Release|Any CPU
		{AC6D24B1-C25D-4DFC-93FA-FE66207979FD}.Debug|Any CPU.ActiveCfg = Debug|Any CPU
		{AC6D24B1-C25D-4DFC-93FA-FE66207979FD}.Debug|Any CPU.Build.0 = Debug|Any CPU
		{AC6D24B1-C25D-4DFC-93FA-FE66207979FD}.Debug|x64.ActiveCfg = Debug|Any CPU
		{AC6D24B1-C25D-4DFC-93FA-FE66207979FD}.Debug|x64.Build.0 = Debug|Any CPU
		{AC6D24B1-C25D-4DFC-93FA-FE66207979FD}.Debug|x86.ActiveCfg = Debug|Any CPU
		{AC6D24B1-C25D-4DFC-93FA-FE66207979FD}.Debug|x86.Build.0 = Debug|Any CPU
		{AC6D24B1-C25D-4DFC-93FA-FE66207979FD}.Release|Any CPU.ActiveCfg = Release|Any CPU
		{AC6D24B1-C25D-4DFC-93FA-FE66207979FD}.Release|Any CPU.Build.0 = Release|Any CPU
		{AC6D24B1-C25D-4DFC-93FA-FE66207979FD}.Release|x64.ActiveCfg = Release|Any CPU
		{AC6D24B1-C25D-4DFC-93FA-FE66207979FD}.Release|x64.Build.0 = Release|Any CPU
		{AC6D24B1-C25D-4DFC-93FA-FE66207979FD}.Release|x86.ActiveCfg = Release|Any CPU
		{AC6D24B1-C25D-4DFC-93FA-FE66207979FD}.Release|x86.Build.0 = Release|Any CPU
		{D2AE799B-B8E6-4978-9D53-1628E0A9D4AA}.Debug|Any CPU.ActiveCfg = Debug|Any CPU
		{D2AE799B-B8E6-4978-9D53-1628E0A9D4AA}.Debug|Any CPU.Build.0 = Debug|Any CPU
		{D2AE799B-B8E6-4978-9D53-1628E0A9D4AA}.Debug|x64.ActiveCfg = Debug|Any CPU
		{D2AE799B-B8E6-4978-9D53-1628E0A9D4AA}.Debug|x64.Build.0 = Debug|Any CPU
		{D2AE799B-B8E6-4978-9D53-1628E0A9D4AA}.Debug|x86.ActiveCfg = Debug|Any CPU
		{D2AE799B-B8E6-4978-9D53-1628E0A9D4AA}.Debug|x86.Build.0 = Debug|Any CPU
		{D2AE799B-B8E6-4978-9D53-1628E0A9D4AA}.Release|Any CPU.ActiveCfg = Release|Any CPU
		{D2AE799B-B8E6-4978-9D53-1628E0A9D4AA}.Release|Any CPU.Build.0 = Release|Any CPU
		{D2AE799B-B8E6-4978-9D53-1628E0A9D4AA}.Release|x64.ActiveCfg = Release|Any CPU
		{D2AE799B-B8E6-4978-9D53-1628E0A9D4AA}.Release|x64.Build.0 = Release|Any CPU
		{D2AE799B-B8E6-4978-9D53-1628E0A9D4AA}.Release|x86.ActiveCfg = Release|Any CPU
		{D2AE799B-B8E6-4978-9D53-1628E0A9D4AA}.Release|x86.Build.0 = Release|Any CPU
		{49B74FDB-3EE4-93EF-1548-BD18F5C0E08C}.Debug|Any CPU.ActiveCfg = Debug|Any CPU
		{49B74FDB-3EE4-93EF-1548-BD18F5C0E08C}.Debug|Any CPU.Build.0 = Debug|Any CPU
		{49B74FDB-3EE4-93EF-1548-BD18F5C0E08C}.Debug|x64.ActiveCfg = Debug|Any CPU
		{49B74FDB-3EE4-93EF-1548-BD18F5C0E08C}.Debug|x64.Build.0 = Debug|Any CPU
		{49B74FDB-3EE4-93EF-1548-BD18F5C0E08C}.Debug|x86.ActiveCfg = Debug|Any CPU
		{49B74FDB-3EE4-93EF-1548-BD18F5C0E08C}.Debug|x86.Build.0 = Debug|Any CPU
		{49B74FDB-3EE4-93EF-1548-BD18F5C0E08C}.Release|Any CPU.ActiveCfg = Release|Any CPU
		{49B74FDB-3EE4-93EF-1548-BD18F5C0E08C}.Release|Any CPU.Build.0 = Release|Any CPU
		{49B74FDB-3EE4-93EF-1548-BD18F5C0E08C}.Release|x64.ActiveCfg = Release|Any CPU
		{49B74FDB-3EE4-93EF-1548-BD18F5C0E08C}.Release|x64.Build.0 = Release|Any CPU
		{49B74FDB-3EE4-93EF-1548-BD18F5C0E08C}.Release|x86.ActiveCfg = Release|Any CPU
		{49B74FDB-3EE4-93EF-1548-BD18F5C0E08C}.Release|x86.Build.0 = Release|Any CPU
		{09429D81-C1D7-D716-C40B-12649D436214}.Debug|Any CPU.ActiveCfg = Debug|Any CPU
		{09429D81-C1D7-D716-C40B-12649D436214}.Debug|Any CPU.Build.0 = Debug|Any CPU
		{09429D81-C1D7-D716-C40B-12649D436214}.Debug|x64.ActiveCfg = Debug|Any CPU
		{09429D81-C1D7-D716-C40B-12649D436214}.Debug|x64.Build.0 = Debug|Any CPU
		{09429D81-C1D7-D716-C40B-12649D436214}.Debug|x86.ActiveCfg = Debug|Any CPU
		{09429D81-C1D7-D716-C40B-12649D436214}.Debug|x86.Build.0 = Debug|Any CPU
		{09429D81-C1D7-D716-C40B-12649D436214}.Release|Any CPU.ActiveCfg = Release|Any CPU
		{09429D81-C1D7-D716-C40B-12649D436214}.Release|Any CPU.Build.0 = Release|Any CPU
		{09429D81-C1D7-D716-C40B-12649D436214}.Release|x64.ActiveCfg = Release|Any CPU
		{09429D81-C1D7-D716-C40B-12649D436214}.Release|x64.Build.0 = Release|Any CPU
		{09429D81-C1D7-D716-C40B-12649D436214}.Release|x86.ActiveCfg = Release|Any CPU
		{09429D81-C1D7-D716-C40B-12649D436214}.Release|x86.Build.0 = Release|Any CPU
		{1653A9DE-96FC-E39C-3184-07D84FFD557E}.Debug|Any CPU.ActiveCfg = Debug|Any CPU
		{1653A9DE-96FC-E39C-3184-07D84FFD557E}.Debug|Any CPU.Build.0 = Debug|Any CPU
		{1653A9DE-96FC-E39C-3184-07D84FFD557E}.Debug|x64.ActiveCfg = Debug|Any CPU
		{1653A9DE-96FC-E39C-3184-07D84FFD557E}.Debug|x64.Build.0 = Debug|Any CPU
		{1653A9DE-96FC-E39C-3184-07D84FFD557E}.Debug|x86.ActiveCfg = Debug|Any CPU
		{1653A9DE-96FC-E39C-3184-07D84FFD557E}.Debug|x86.Build.0 = Debug|Any CPU
		{1653A9DE-96FC-E39C-3184-07D84FFD557E}.Release|Any CPU.ActiveCfg = Release|Any CPU
		{1653A9DE-96FC-E39C-3184-07D84FFD557E}.Release|Any CPU.Build.0 = Release|Any CPU
		{1653A9DE-96FC-E39C-3184-07D84FFD557E}.Release|x64.ActiveCfg = Release|Any CPU
		{1653A9DE-96FC-E39C-3184-07D84FFD557E}.Release|x64.Build.0 = Release|Any CPU
		{1653A9DE-96FC-E39C-3184-07D84FFD557E}.Release|x86.ActiveCfg = Release|Any CPU
		{1653A9DE-96FC-E39C-3184-07D84FFD557E}.Release|x86.Build.0 = Release|Any CPU
		{644C1706-D3F3-9A8F-BD4D-CDCDFF8AE579}.Debug|Any CPU.ActiveCfg = Debug|Any CPU
		{644C1706-D3F3-9A8F-BD4D-CDCDFF8AE579}.Debug|Any CPU.Build.0 = Debug|Any CPU
		{644C1706-D3F3-9A8F-BD4D-CDCDFF8AE579}.Debug|x64.ActiveCfg = Debug|Any CPU
		{644C1706-D3F3-9A8F-BD4D-CDCDFF8AE579}.Debug|x64.Build.0 = Debug|Any CPU
		{644C1706-D3F3-9A8F-BD4D-CDCDFF8AE579}.Debug|x86.ActiveCfg = Debug|Any CPU
		{644C1706-D3F3-9A8F-BD4D-CDCDFF8AE579}.Debug|x86.Build.0 = Debug|Any CPU
		{644C1706-D3F3-9A8F-BD4D-CDCDFF8AE579}.Release|Any CPU.ActiveCfg = Release|Any CPU
		{644C1706-D3F3-9A8F-BD4D-CDCDFF8AE579}.Release|Any CPU.Build.0 = Release|Any CPU
		{644C1706-D3F3-9A8F-BD4D-CDCDFF8AE579}.Release|x64.ActiveCfg = Release|Any CPU
		{644C1706-D3F3-9A8F-BD4D-CDCDFF8AE579}.Release|x64.Build.0 = Release|Any CPU
		{644C1706-D3F3-9A8F-BD4D-CDCDFF8AE579}.Release|x86.ActiveCfg = Release|Any CPU
		{644C1706-D3F3-9A8F-BD4D-CDCDFF8AE579}.Release|x86.Build.0 = Release|Any CPU
		{DCD299BF-7B3D-B32C-630F-349BEBA7FDD6}.Debug|Any CPU.ActiveCfg = Debug|Any CPU
		{DCD299BF-7B3D-B32C-630F-349BEBA7FDD6}.Debug|Any CPU.Build.0 = Debug|Any CPU
		{DCD299BF-7B3D-B32C-630F-349BEBA7FDD6}.Debug|x64.ActiveCfg = Debug|Any CPU
		{DCD299BF-7B3D-B32C-630F-349BEBA7FDD6}.Debug|x64.Build.0 = Debug|Any CPU
		{DCD299BF-7B3D-B32C-630F-349BEBA7FDD6}.Debug|x86.ActiveCfg = Debug|Any CPU
		{DCD299BF-7B3D-B32C-630F-349BEBA7FDD6}.Debug|x86.Build.0 = Debug|Any CPU
		{DCD299BF-7B3D-B32C-630F-349BEBA7FDD6}.Release|Any CPU.ActiveCfg = Release|Any CPU
		{DCD299BF-7B3D-B32C-630F-349BEBA7FDD6}.Release|Any CPU.Build.0 = Release|Any CPU
		{DCD299BF-7B3D-B32C-630F-349BEBA7FDD6}.Release|x64.ActiveCfg = Release|Any CPU
		{DCD299BF-7B3D-B32C-630F-349BEBA7FDD6}.Release|x64.Build.0 = Release|Any CPU
		{DCD299BF-7B3D-B32C-630F-349BEBA7FDD6}.Release|x86.ActiveCfg = Release|Any CPU
		{DCD299BF-7B3D-B32C-630F-349BEBA7FDD6}.Release|x86.Build.0 = Release|Any CPU
		{C5AAB95E-0151-2DD9-DE15-E844204DB4C6}.Debug|Any CPU.ActiveCfg = Debug|Any CPU
		{C5AAB95E-0151-2DD9-DE15-E844204DB4C6}.Debug|Any CPU.Build.0 = Debug|Any CPU
		{C5AAB95E-0151-2DD9-DE15-E844204DB4C6}.Debug|x64.ActiveCfg = Debug|Any CPU
		{C5AAB95E-0151-2DD9-DE15-E844204DB4C6}.Debug|x64.Build.0 = Debug|Any CPU
		{C5AAB95E-0151-2DD9-DE15-E844204DB4C6}.Debug|x86.ActiveCfg = Debug|Any CPU
		{C5AAB95E-0151-2DD9-DE15-E844204DB4C6}.Debug|x86.Build.0 = Debug|Any CPU
		{C5AAB95E-0151-2DD9-DE15-E844204DB4C6}.Release|Any CPU.ActiveCfg = Release|Any CPU
		{C5AAB95E-0151-2DD9-DE15-E844204DB4C6}.Release|Any CPU.Build.0 = Release|Any CPU
		{C5AAB95E-0151-2DD9-DE15-E844204DB4C6}.Release|x64.ActiveCfg = Release|Any CPU
		{C5AAB95E-0151-2DD9-DE15-E844204DB4C6}.Release|x64.Build.0 = Release|Any CPU
		{C5AAB95E-0151-2DD9-DE15-E844204DB4C6}.Release|x86.ActiveCfg = Release|Any CPU
		{C5AAB95E-0151-2DD9-DE15-E844204DB4C6}.Release|x86.Build.0 = Release|Any CPU
		{00E10829-6F88-9A1D-333F-6BB8F6C8942D}.Debug|Any CPU.ActiveCfg = Debug|Any CPU
		{00E10829-6F88-9A1D-333F-6BB8F6C8942D}.Debug|Any CPU.Build.0 = Debug|Any CPU
		{00E10829-6F88-9A1D-333F-6BB8F6C8942D}.Debug|x64.ActiveCfg = Debug|Any CPU
		{00E10829-6F88-9A1D-333F-6BB8F6C8942D}.Debug|x64.Build.0 = Debug|Any CPU
		{00E10829-6F88-9A1D-333F-6BB8F6C8942D}.Debug|x86.ActiveCfg = Debug|Any CPU
		{00E10829-6F88-9A1D-333F-6BB8F6C8942D}.Debug|x86.Build.0 = Debug|Any CPU
		{00E10829-6F88-9A1D-333F-6BB8F6C8942D}.Release|Any CPU.ActiveCfg = Release|Any CPU
		{00E10829-6F88-9A1D-333F-6BB8F6C8942D}.Release|Any CPU.Build.0 = Release|Any CPU
		{00E10829-6F88-9A1D-333F-6BB8F6C8942D}.Release|x64.ActiveCfg = Release|Any CPU
		{00E10829-6F88-9A1D-333F-6BB8F6C8942D}.Release|x64.Build.0 = Release|Any CPU
		{00E10829-6F88-9A1D-333F-6BB8F6C8942D}.Release|x86.ActiveCfg = Release|Any CPU
		{00E10829-6F88-9A1D-333F-6BB8F6C8942D}.Release|x86.Build.0 = Release|Any CPU
		{4DDBFDEC-6BAA-20E6-C831-3EC06157B0FE}.Debug|Any CPU.ActiveCfg = Debug|Any CPU
		{4DDBFDEC-6BAA-20E6-C831-3EC06157B0FE}.Debug|Any CPU.Build.0 = Debug|Any CPU
		{4DDBFDEC-6BAA-20E6-C831-3EC06157B0FE}.Debug|x64.ActiveCfg = Debug|Any CPU
		{4DDBFDEC-6BAA-20E6-C831-3EC06157B0FE}.Debug|x64.Build.0 = Debug|Any CPU
		{4DDBFDEC-6BAA-20E6-C831-3EC06157B0FE}.Debug|x86.ActiveCfg = Debug|Any CPU
		{4DDBFDEC-6BAA-20E6-C831-3EC06157B0FE}.Debug|x86.Build.0 = Debug|Any CPU
		{4DDBFDEC-6BAA-20E6-C831-3EC06157B0FE}.Release|Any CPU.ActiveCfg = Release|Any CPU
		{4DDBFDEC-6BAA-20E6-C831-3EC06157B0FE}.Release|Any CPU.Build.0 = Release|Any CPU
		{4DDBFDEC-6BAA-20E6-C831-3EC06157B0FE}.Release|x64.ActiveCfg = Release|Any CPU
		{4DDBFDEC-6BAA-20E6-C831-3EC06157B0FE}.Release|x64.Build.0 = Release|Any CPU
		{4DDBFDEC-6BAA-20E6-C831-3EC06157B0FE}.Release|x86.ActiveCfg = Release|Any CPU
		{4DDBFDEC-6BAA-20E6-C831-3EC06157B0FE}.Release|x86.Build.0 = Release|Any CPU
		{5FA132B8-2E84-5125-79E1-3F4509DDE4B1}.Debug|Any CPU.ActiveCfg = Debug|Any CPU
		{5FA132B8-2E84-5125-79E1-3F4509DDE4B1}.Debug|Any CPU.Build.0 = Debug|Any CPU
		{5FA132B8-2E84-5125-79E1-3F4509DDE4B1}.Debug|x64.ActiveCfg = Debug|Any CPU
		{5FA132B8-2E84-5125-79E1-3F4509DDE4B1}.Debug|x64.Build.0 = Debug|Any CPU
		{5FA132B8-2E84-5125-79E1-3F4509DDE4B1}.Debug|x86.ActiveCfg = Debug|Any CPU
		{5FA132B8-2E84-5125-79E1-3F4509DDE4B1}.Debug|x86.Build.0 = Debug|Any CPU
		{5FA132B8-2E84-5125-79E1-3F4509DDE4B1}.Release|Any CPU.ActiveCfg = Release|Any CPU
		{5FA132B8-2E84-5125-79E1-3F4509DDE4B1}.Release|Any CPU.Build.0 = Release|Any CPU
		{5FA132B8-2E84-5125-79E1-3F4509DDE4B1}.Release|x64.ActiveCfg = Release|Any CPU
		{5FA132B8-2E84-5125-79E1-3F4509DDE4B1}.Release|x64.Build.0 = Release|Any CPU
		{5FA132B8-2E84-5125-79E1-3F4509DDE4B1}.Release|x86.ActiveCfg = Release|Any CPU
		{5FA132B8-2E84-5125-79E1-3F4509DDE4B1}.Release|x86.Build.0 = Release|Any CPU
		{CD2E2F48-1ACF-28AE-F9BF-100F0799AF20}.Debug|Any CPU.ActiveCfg = Debug|Any CPU
		{CD2E2F48-1ACF-28AE-F9BF-100F0799AF20}.Debug|Any CPU.Build.0 = Debug|Any CPU
		{CD2E2F48-1ACF-28AE-F9BF-100F0799AF20}.Debug|x64.ActiveCfg = Debug|Any CPU
		{CD2E2F48-1ACF-28AE-F9BF-100F0799AF20}.Debug|x64.Build.0 = Debug|Any CPU
		{CD2E2F48-1ACF-28AE-F9BF-100F0799AF20}.Debug|x86.ActiveCfg = Debug|Any CPU
		{CD2E2F48-1ACF-28AE-F9BF-100F0799AF20}.Debug|x86.Build.0 = Debug|Any CPU
		{CD2E2F48-1ACF-28AE-F9BF-100F0799AF20}.Release|Any CPU.ActiveCfg = Release|Any CPU
		{CD2E2F48-1ACF-28AE-F9BF-100F0799AF20}.Release|Any CPU.Build.0 = Release|Any CPU
		{CD2E2F48-1ACF-28AE-F9BF-100F0799AF20}.Release|x64.ActiveCfg = Release|Any CPU
		{CD2E2F48-1ACF-28AE-F9BF-100F0799AF20}.Release|x64.Build.0 = Release|Any CPU
		{CD2E2F48-1ACF-28AE-F9BF-100F0799AF20}.Release|x86.ActiveCfg = Release|Any CPU
		{CD2E2F48-1ACF-28AE-F9BF-100F0799AF20}.Release|x86.Build.0 = Release|Any CPU
		{E3C240C2-51C3-3EB1-4721-C0E327AEEAF0}.Debug|Any CPU.ActiveCfg = Debug|Any CPU
		{E3C240C2-51C3-3EB1-4721-C0E327AEEAF0}.Debug|Any CPU.Build.0 = Debug|Any CPU
		{E3C240C2-51C3-3EB1-4721-C0E327AEEAF0}.Debug|x64.ActiveCfg = Debug|Any CPU
		{E3C240C2-51C3-3EB1-4721-C0E327AEEAF0}.Debug|x64.Build.0 = Debug|Any CPU
		{E3C240C2-51C3-3EB1-4721-C0E327AEEAF0}.Debug|x86.ActiveCfg = Debug|Any CPU
		{E3C240C2-51C3-3EB1-4721-C0E327AEEAF0}.Debug|x86.Build.0 = Debug|Any CPU
		{E3C240C2-51C3-3EB1-4721-C0E327AEEAF0}.Release|Any CPU.ActiveCfg = Release|Any CPU
		{E3C240C2-51C3-3EB1-4721-C0E327AEEAF0}.Release|Any CPU.Build.0 = Release|Any CPU
		{E3C240C2-51C3-3EB1-4721-C0E327AEEAF0}.Release|x64.ActiveCfg = Release|Any CPU
		{E3C240C2-51C3-3EB1-4721-C0E327AEEAF0}.Release|x64.Build.0 = Release|Any CPU
		{E3C240C2-51C3-3EB1-4721-C0E327AEEAF0}.Release|x86.ActiveCfg = Release|Any CPU
		{E3C240C2-51C3-3EB1-4721-C0E327AEEAF0}.Release|x86.Build.0 = Release|Any CPU
		{0E475992-3BEA-EA81-8CCE-44C9C8D0E856}.Debug|Any CPU.ActiveCfg = Debug|Any CPU
		{0E475992-3BEA-EA81-8CCE-44C9C8D0E856}.Debug|Any CPU.Build.0 = Debug|Any CPU
		{0E475992-3BEA-EA81-8CCE-44C9C8D0E856}.Debug|x64.ActiveCfg = Debug|Any CPU
		{0E475992-3BEA-EA81-8CCE-44C9C8D0E856}.Debug|x64.Build.0 = Debug|Any CPU
		{0E475992-3BEA-EA81-8CCE-44C9C8D0E856}.Debug|x86.ActiveCfg = Debug|Any CPU
		{0E475992-3BEA-EA81-8CCE-44C9C8D0E856}.Debug|x86.Build.0 = Debug|Any CPU
		{0E475992-3BEA-EA81-8CCE-44C9C8D0E856}.Release|Any CPU.ActiveCfg = Release|Any CPU
		{0E475992-3BEA-EA81-8CCE-44C9C8D0E856}.Release|Any CPU.Build.0 = Release|Any CPU
		{0E475992-3BEA-EA81-8CCE-44C9C8D0E856}.Release|x64.ActiveCfg = Release|Any CPU
		{0E475992-3BEA-EA81-8CCE-44C9C8D0E856}.Release|x64.Build.0 = Release|Any CPU
		{0E475992-3BEA-EA81-8CCE-44C9C8D0E856}.Release|x86.ActiveCfg = Release|Any CPU
		{0E475992-3BEA-EA81-8CCE-44C9C8D0E856}.Release|x86.Build.0 = Release|Any CPU
		{A93337E6-787A-9375-2BBD-3AB368B23DAD}.Debug|Any CPU.ActiveCfg = Debug|Any CPU
		{A93337E6-787A-9375-2BBD-3AB368B23DAD}.Debug|Any CPU.Build.0 = Debug|Any CPU
		{A93337E6-787A-9375-2BBD-3AB368B23DAD}.Debug|x64.ActiveCfg = Debug|Any CPU
		{A93337E6-787A-9375-2BBD-3AB368B23DAD}.Debug|x64.Build.0 = Debug|Any CPU
		{A93337E6-787A-9375-2BBD-3AB368B23DAD}.Debug|x86.ActiveCfg = Debug|Any CPU
		{A93337E6-787A-9375-2BBD-3AB368B23DAD}.Debug|x86.Build.0 = Debug|Any CPU
		{A93337E6-787A-9375-2BBD-3AB368B23DAD}.Release|Any CPU.ActiveCfg = Release|Any CPU
		{A93337E6-787A-9375-2BBD-3AB368B23DAD}.Release|Any CPU.Build.0 = Release|Any CPU
		{A93337E6-787A-9375-2BBD-3AB368B23DAD}.Release|x64.ActiveCfg = Release|Any CPU
		{A93337E6-787A-9375-2BBD-3AB368B23DAD}.Release|x64.Build.0 = Release|Any CPU
		{A93337E6-787A-9375-2BBD-3AB368B23DAD}.Release|x86.ActiveCfg = Release|Any CPU
		{A93337E6-787A-9375-2BBD-3AB368B23DAD}.Release|x86.Build.0 = Release|Any CPU
		{6D266874-3B42-A5F9-B3D9-04E2848AEBE6}.Debug|Any CPU.ActiveCfg = Debug|Any CPU
		{6D266874-3B42-A5F9-B3D9-04E2848AEBE6}.Debug|Any CPU.Build.0 = Debug|Any CPU
		{6D266874-3B42-A5F9-B3D9-04E2848AEBE6}.Debug|x64.ActiveCfg = Debug|Any CPU
		{6D266874-3B42-A5F9-B3D9-04E2848AEBE6}.Debug|x64.Build.0 = Debug|Any CPU
		{6D266874-3B42-A5F9-B3D9-04E2848AEBE6}.Debug|x86.ActiveCfg = Debug|Any CPU
		{6D266874-3B42-A5F9-B3D9-04E2848AEBE6}.Debug|x86.Build.0 = Debug|Any CPU
		{6D266874-3B42-A5F9-B3D9-04E2848AEBE6}.Release|Any CPU.ActiveCfg = Release|Any CPU
		{6D266874-3B42-A5F9-B3D9-04E2848AEBE6}.Release|Any CPU.Build.0 = Release|Any CPU
		{6D266874-3B42-A5F9-B3D9-04E2848AEBE6}.Release|x64.ActiveCfg = Release|Any CPU
		{6D266874-3B42-A5F9-B3D9-04E2848AEBE6}.Release|x64.Build.0 = Release|Any CPU
		{6D266874-3B42-A5F9-B3D9-04E2848AEBE6}.Release|x86.ActiveCfg = Release|Any CPU
		{6D266874-3B42-A5F9-B3D9-04E2848AEBE6}.Release|x86.Build.0 = Release|Any CPU
		{8EE1E82E-8EF3-27B3-C860-632BCE93E395}.Debug|Any CPU.ActiveCfg = Debug|Any CPU
		{8EE1E82E-8EF3-27B3-C860-632BCE93E395}.Debug|Any CPU.Build.0 = Debug|Any CPU
		{8EE1E82E-8EF3-27B3-C860-632BCE93E395}.Debug|x64.ActiveCfg = Debug|Any CPU
		{8EE1E82E-8EF3-27B3-C860-632BCE93E395}.Debug|x64.Build.0 = Debug|Any CPU
		{8EE1E82E-8EF3-27B3-C860-632BCE93E395}.Debug|x86.ActiveCfg = Debug|Any CPU
		{8EE1E82E-8EF3-27B3-C860-632BCE93E395}.Debug|x86.Build.0 = Debug|Any CPU
		{8EE1E82E-8EF3-27B3-C860-632BCE93E395}.Release|Any CPU.ActiveCfg = Release|Any CPU
		{8EE1E82E-8EF3-27B3-C860-632BCE93E395}.Release|Any CPU.Build.0 = Release|Any CPU
		{8EE1E82E-8EF3-27B3-C860-632BCE93E395}.Release|x64.ActiveCfg = Release|Any CPU
		{8EE1E82E-8EF3-27B3-C860-632BCE93E395}.Release|x64.Build.0 = Release|Any CPU
		{8EE1E82E-8EF3-27B3-C860-632BCE93E395}.Release|x86.ActiveCfg = Release|Any CPU
		{8EE1E82E-8EF3-27B3-C860-632BCE93E395}.Release|x86.Build.0 = Release|Any CPU
		{504C1E33-3798-B2BC-5A40-F8B228C626B8}.Debug|Any CPU.ActiveCfg = Debug|Any CPU
		{504C1E33-3798-B2BC-5A40-F8B228C626B8}.Debug|Any CPU.Build.0 = Debug|Any CPU
		{504C1E33-3798-B2BC-5A40-F8B228C626B8}.Debug|x64.ActiveCfg = Debug|Any CPU
		{504C1E33-3798-B2BC-5A40-F8B228C626B8}.Debug|x64.Build.0 = Debug|Any CPU
		{504C1E33-3798-B2BC-5A40-F8B228C626B8}.Debug|x86.ActiveCfg = Debug|Any CPU
		{504C1E33-3798-B2BC-5A40-F8B228C626B8}.Debug|x86.Build.0 = Debug|Any CPU
		{504C1E33-3798-B2BC-5A40-F8B228C626B8}.Release|Any CPU.ActiveCfg = Release|Any CPU
		{504C1E33-3798-B2BC-5A40-F8B228C626B8}.Release|Any CPU.Build.0 = Release|Any CPU
		{504C1E33-3798-B2BC-5A40-F8B228C626B8}.Release|x64.ActiveCfg = Release|Any CPU
		{504C1E33-3798-B2BC-5A40-F8B228C626B8}.Release|x64.Build.0 = Release|Any CPU
		{504C1E33-3798-B2BC-5A40-F8B228C626B8}.Release|x86.ActiveCfg = Release|Any CPU
		{504C1E33-3798-B2BC-5A40-F8B228C626B8}.Release|x86.Build.0 = Release|Any CPU
	EndGlobalSection
	GlobalSection(SolutionProperties) = preSolution
		HideSolutionNode = FALSE
	EndGlobalSection
	GlobalSection(NestedProjects) = preSolution
		{554AD327-6DBA-4F8F-96F8-81CE7A0C863F} = {CA9AC87F-097E-4F15-8393-4BC07735A5B0}
		{1A94A50E-06DC-43C1-80B5-B662820EC3EB} = {CA9AC87F-097E-4F15-8393-4BC07735A5B0}
		{C956DD76-69C8-4A9C-83EA-D17DF83340FD} = {CA9AC87F-097E-4F15-8393-4BC07735A5B0}
		{42F719ED-8413-4895-B5B4-5AB56079BC66} = {CA9AC87F-097E-4F15-8393-4BC07735A5B0}
		{520659C8-C734-4298-A3DA-B539DB9DFC0B} = {CA9AC87F-097E-4F15-8393-4BC07735A5B0}
		{4164BDF7-F527-4E85-9CE6-E3C2D7426A27} = {CA9AC87F-097E-4F15-8393-4BC07735A5B0}
		{3B5A0094-670D-4BB1-BFDD-61B88A8773DC} = {CA9AC87F-097E-4F15-8393-4BC07735A5B0}
		{70680696-BB1E-4383-BCB2-42C3767171FB} = {CA9AC87F-097E-4F15-8393-4BC07735A5B0}
		{B260FF0D-EA6D-4853-9967-DD7C999D6A5D} = {CA9AC87F-097E-4F15-8393-4BC07735A5B0}
		{DEB92AEC-D759-9AFC-509F-0D05F29DF220} = {CA253913-39DE-BFD0-C9A3-4B7EC6FBDF17}
		{14E3BB87-EA68-462A-A01F-F5B111790849} = {DEB92AEC-D759-9AFC-509F-0D05F29DF220}
		{7C728062-1523-8369-9F85-A3D56A2EEA6B} = {CA253913-39DE-BFD0-C9A3-4B7EC6FBDF17}
		{8CF39C8D-F09F-44E7-AA01-5AF91E0A7ED8} = {7C728062-1523-8369-9F85-A3D56A2EEA6B}
		{001FB424-64ED-44FF-9F17-80909C1394CA} = {7C728062-1523-8369-9F85-A3D56A2EEA6B}
		{E174B3B0-92DB-4972-96A2-6C319B2BC7ED} = {7C728062-1523-8369-9F85-A3D56A2EEA6B}
		{5C647282-7FD6-4E3F-8B15-D7083EB6669D} = {7C728062-1523-8369-9F85-A3D56A2EEA6B}
		{D4D7439B-3C10-47C6-9A8F-0306246DF173} = {7C728062-1523-8369-9F85-A3D56A2EEA6B}
		{4B13F8DC-F3FB-43CF-8E36-EE373D0A331B} = {7C728062-1523-8369-9F85-A3D56A2EEA6B}
		{C9F569C6-5586-FF09-8A25-E11B5DB139A7} = {CA253913-39DE-BFD0-C9A3-4B7EC6FBDF17}
		{396D7663-5C1E-4CD1-99FE-907BDE89B81C} = {C9F569C6-5586-FF09-8A25-E11B5DB139A7}
		{6BFBD34D-A807-4B08-A6B2-37CF7B8F185C} = {C9F569C6-5586-FF09-8A25-E11B5DB139A7}
		{A6570647-A9E7-4D94-A074-045141998A05} = {C9F569C6-5586-FF09-8A25-E11B5DB139A7}
		{B0414A49-4B78-41EA-8D41-6F85EC4AD0C3} = {C9F569C6-5586-FF09-8A25-E11B5DB139A7}
		{54FC231C-AF59-489A-AD69-E6C1A5360443} = {C9F569C6-5586-FF09-8A25-E11B5DB139A7}
		{85193F09-BF97-44CA-B4FD-3B13E2E0B161} = {C9F569C6-5586-FF09-8A25-E11B5DB139A7}
		{95EE2F43-2349-41C6-84C3-01F540105D01} = {C9F569C6-5586-FF09-8A25-E11B5DB139A7}
		{3D4A57F3-DECC-0220-00BB-52D409603F0B} = {CA253913-39DE-BFD0-C9A3-4B7EC6FBDF17}
		{E36D9D13-8FCE-4DDC-8E9C-0979AB3FA322} = {3D4A57F3-DECC-0220-00BB-52D409603F0B}
		{35642684-0D54-487D-9BB6-180CAB2B75AA} = {3D4A57F3-DECC-0220-00BB-52D409603F0B}
		{A0B59F5D-FE10-4850-A57C-0D45245F4494} = {3D4A57F3-DECC-0220-00BB-52D409603F0B}
		{EE71982A-C0B8-47F4-BCA1-2C6289608FD4} = {3D4A57F3-DECC-0220-00BB-52D409603F0B}
		{9C6A7125-6D81-4B8F-8F64-7C5EF4E62877} = {3D4A57F3-DECC-0220-00BB-52D409603F0B}
		{28E1F462-8A99-4B25-9ABF-CF0C2DB0100E} = {3D4A57F3-DECC-0220-00BB-52D409603F0B}
		{3139CAC8-1E43-37B5-3007-1BC13D97B002} = {CA253913-39DE-BFD0-C9A3-4B7EC6FBDF17}
		{ED47E405-21AC-457A-823F-EF6C30D1AF50} = {3139CAC8-1E43-37B5-3007-1BC13D97B002}
		{52231ED7-8838-464F-A9B0-5774C28660E2} = {3139CAC8-1E43-37B5-3007-1BC13D97B002}
		{589D67C9-D00D-4AB7-A2B6-9E5E25203C01} = {3139CAC8-1E43-37B5-3007-1BC13D97B002}
		{7D80321D-A4C6-47E9-A56D-EAF752C6DBE7} = {3139CAC8-1E43-37B5-3007-1BC13D97B002}
		{AC6D24B1-C25D-4DFC-93FA-FE66207979FD} = {3139CAC8-1E43-37B5-3007-1BC13D97B002}
		{D2AE799B-B8E6-4978-9D53-1628E0A9D4AA} = {3139CAC8-1E43-37B5-3007-1BC13D97B002}
		{736E7DD6-3E68-4BFD-9397-60320C61BEAE} = {CA253913-39DE-BFD0-C9A3-4B7EC6FBDF17}
		{49B74FDB-3EE4-93EF-1548-BD18F5C0E08C} = {736E7DD6-3E68-4BFD-9397-60320C61BEAE}
		{09429D81-C1D7-D716-C40B-12649D436214} = {DEB92AEC-D759-9AFC-509F-0D05F29DF220}
		{1653A9DE-96FC-E39C-3184-07D84FFD557E} = {DEB92AEC-D759-9AFC-509F-0D05F29DF220}
		{644C1706-D3F3-9A8F-BD4D-CDCDFF8AE579} = {7C728062-1523-8369-9F85-A3D56A2EEA6B}
		{DCD299BF-7B3D-B32C-630F-349BEBA7FDD6} = {7C728062-1523-8369-9F85-A3D56A2EEA6B}
		{C5AAB95E-0151-2DD9-DE15-E844204DB4C6} = {7C728062-1523-8369-9F85-A3D56A2EEA6B}
		{00E10829-6F88-9A1D-333F-6BB8F6C8942D} = {C9F569C6-5586-FF09-8A25-E11B5DB139A7}
		{4DDBFDEC-6BAA-20E6-C831-3EC06157B0FE} = {C9F569C6-5586-FF09-8A25-E11B5DB139A7}
		{5FA132B8-2E84-5125-79E1-3F4509DDE4B1} = {C9F569C6-5586-FF09-8A25-E11B5DB139A7}
		{CD2E2F48-1ACF-28AE-F9BF-100F0799AF20} = {3D4A57F3-DECC-0220-00BB-52D409603F0B}
		{E3C240C2-51C3-3EB1-4721-C0E327AEEAF0} = {3D4A57F3-DECC-0220-00BB-52D409603F0B}
		{0E475992-3BEA-EA81-8CCE-44C9C8D0E856} = {3D4A57F3-DECC-0220-00BB-52D409603F0B}
		{A93337E6-787A-9375-2BBD-3AB368B23DAD} = {3139CAC8-1E43-37B5-3007-1BC13D97B002}
		{6D266874-3B42-A5F9-B3D9-04E2848AEBE6} = {3139CAC8-1E43-37B5-3007-1BC13D97B002}
		{8EE1E82E-8EF3-27B3-C860-632BCE93E395} = {3139CAC8-1E43-37B5-3007-1BC13D97B002}
		{EEC4CD9C-4414-49F0-9EA4-8CAA1B21CDC1} = {CA253913-39DE-BFD0-C9A3-4B7EC6FBDF17}
		{504C1E33-3798-B2BC-5A40-F8B228C626B8} = {EEC4CD9C-4414-49F0-9EA4-8CAA1B21CDC1}
	EndGlobalSection
	GlobalSection(ExtensibilityGlobals) = postSolution
		SolutionGuid = {28315BFD-90E7-4E14-A2EA-F3D23AF4126F}
	EndGlobalSection
EndGlobal
